<?xml version="1.0" encoding="utf-8"?>
<Project ToolsVersion="4.0" xmlns="http://schemas.microsoft.com/developer/msbuild/2003">
  <ItemGroup>
    <Filter Include="Source Files">
      <UniqueIdentifier>{fd498e16-aeb7-4b89-a38d-7e8090005103}</UniqueIdentifier>
      <Extensions>cpp;c;cxx;rc;def;r;odl;idl;hpj;bat</Extensions>
    </Filter>
    <Filter Include="Header Files">
      <UniqueIdentifier>{b280c7e0-8839-46bf-9210-d94ee061ff00}</UniqueIdentifier>
      <Extensions>h;hpp;hxx;hm;inl</Extensions>
    </Filter>
    <Filter Include="Resource Files">
      <UniqueIdentifier>{71061a83-750e-402f-8656-385c628f9e09}</UniqueIdentifier>
      <Extensions>ico;cur;bmp;dlg;rc2;rct;bin;rgs;gif;jpg;jpeg;jpe</Extensions>
    </Filter>
  </ItemGroup>
  <ItemGroup>
    <ClCompile Include="fsLangMgr.cpp">
      <Filter>Source Files</Filter>
    </ClCompile>
    <ClCompile Include="InjDll.cpp">
      <Filter>Source Files</Filter>
    </ClCompile>
    <ClCompile Include="StdAfx.cpp">
      <Filter>Source Files</Filter>
    </ClCompile>
    <ClCompile Include="vmsComSupport.cpp">
      <Filter>Source Files</Filter>
    </ClCompile>
    <ClCompile Include="vmsFile.cpp">
      <Filter>Source Files</Filter>
    </ClCompile>
    <ClCompile Include="vmsNewMailWnd.cpp">
      <Filter>Source Files</Filter>
    </ClCompile>
    <ClCompile Include="vmsOeWindows.cpp">
      <Filter>Source Files</Filter>
    </ClCompile>
    <ClCompile Include="vmsOleAccHelper.cpp">
      <Filter>Source Files</Filter>
    </ClCompile>
  </ItemGroup>
  <ItemGroup>
    <ResourceCompile Include="injdll.rc">
      <Filter>Source Files</Filter>
    </ResourceCompile>
  </ItemGroup>
  <ItemGroup>
    <ClInclude Include="StdAfx.h">
      <Filter>Header Files</Filter>
    </ClInclude>
    <ClInclude Include="vmsComSupport.h">
      <Filter>Header Files</Filter>
    </ClInclude>
    <ClInclude Include="vmsNewMailWnd.h">
      <Filter>Header Files</Filter>
    </ClInclude>
    <ClInclude Include="vmsOeWindows.h">
      <Filter>Header Files</Filter>
    </ClInclude>
    <ClInclude Include="vmsOleAccHelper.h">
      <Filter>Header Files</Filter>
    </ClInclude>
  </ItemGroup>
  <ItemGroup>
    <CustomBuild Include="ReadMe.txt" />
  </ItemGroup>
</Project>