<?xml version="1.0" encoding="utf-8"?>
<Project ToolsVersion="4.0" xmlns="http://schemas.microsoft.com/developer/msbuild/2003">
  <ItemGroup>
    <Filter Include="Source Files">
      <UniqueIdentifier>{71168927-0c37-4a57-9478-02ed540e291a}</UniqueIdentifier>
      <Extensions>cpp;c;cxx;rc;def;r;odl;idl;hpj;bat</Extensions>
    </Filter>
    <Filter Include="Header Files">
      <UniqueIdentifier>{58aa8960-0b81-426a-a11e-4c3645cc668f}</UniqueIdentifier>
      <Extensions>h;hpp;hxx;hm;inl</Extensions>
    </Filter>
    <Filter Include="Resource Files">
      <UniqueIdentifier>{f2117ef8-4b64-4e32-bd0c-960afdb8d353}</UniqueIdentifier>
      <Extensions>ico;cur;bmp;dlg;rc2;rct;bin;rgs;gif;jpg;jpeg;jpe</Extensions>
    </Filter>
  </ItemGroup>
  <ItemGroup>
    <ResourceCompile Include="Component.rc">
      <Filter>Source Files</Filter>
    </ResourceCompile>
  </ItemGroup>
  <ItemGroup>
    <ClCompile Include="componentModule.cpp">
      <Filter>Source Files</Filter>
    </ClCompile>
    <ClCompile Include="FDMFfCacheMonitor.cpp">
      <Filter>Source Files</Filter>
    </ClCompile>
    <ClCompile Include="FDMFirefoxExtension.cpp">
      <Filter>Source Files</Filter>
    </ClCompile>
    <ClCompile Include="FDMForFirefox.cpp">
      <Filter>Source Files</Filter>
    </ClCompile>
    <ClCompile Include="FDMUrl.cpp">
      <Filter>Source Files</Filter>
    </ClCompile>
    <ClCompile Include="FDMUrlListReceiver.cpp">
      <Filter>Source Files</Filter>
    </ClCompile>
    <ClCompile Include="FDMUrlReceiver.cpp">
      <Filter>Source Files</Filter>
    </ClCompile>
    <ClCompile Include="fsLangMgr.cpp">
      <Filter>Source Files</Filter>
    </ClCompile>
    <ClCompile Include="vmsFdmTranslations.cpp">
      <Filter>Source Files</Filter>
    </ClCompile>
    <ClCompile Include="vmsFile.cpp">
      <Filter>Source Files</Filter>
    </ClCompile>
    <ClCompile Include="vmsFileUtil.cpp">
      <Filter>Source Files</Filter>
    </ClCompile>
    <ClCompile Include="vmsFirefoxExtensionInstaller.cpp">
      <Filter>Source Files</Filter>
    </ClCompile>
    <ClCompile Include="vmsFirefoxUtil.cpp">
      <Filter>Source Files</Filter>
    </ClCompile>
    <ClCompile Include="vmsFlvSniffDll.cpp">
      <Filter>Source Files</Filter>
    </ClCompile>
    <ClCompile Include="vmsFlvSniffDllLoader.cpp">
      <Filter>Source Files</Filter>
    </ClCompile>
    <ClCompile Include="vmsWaitDlg.cpp">
      <Filter>Source Files</Filter>
    </ClCompile>
    <ClCompile Include="vmsHttpRedirectList.cpp">
      <Filter>Source Files</Filter>
    </ClCompile>
    <ClCompile Include="vmsBinaryFileVersionInfo.cpp">
      <Filter>Source Files</Filter>
    </ClCompile>
    <ClCompile Include="vmsAppVersion.cpp">
      <Filter>Source Files</Filter>
    </ClCompile>
    <ClCompile Include="vmsBrowserActivityMonitor.cpp">
      <Filter>Source Files</Filter>
    </ClCompile>
  </ItemGroup>
  <ItemGroup>
    <ClInclude Include="FDMFfCacheMonitor.h">
      <Filter>Header Files</Filter>
    </ClInclude>
    <ClInclude Include="FDMFirefoxExtension.h">
      <Filter>Header Files</Filter>
    </ClInclude>
    <ClInclude Include="FDMForFirefox.h">
      <Filter>Header Files</Filter>
    </ClInclude>
    <ClInclude Include="FDMUrl.h">
      <Filter>Header Files</Filter>
    </ClInclude>
    <ClInclude Include="FDMUrlListReceiver.h">
      <Filter>Header Files</Filter>
    </ClInclude>
    <ClInclude Include="FDMUrlReceiver.h">
      <Filter>Header Files</Filter>
    </ClInclude>
    <ClInclude Include="fsLangMgr.h">
      <Filter>Header Files</Filter>
    </ClInclude>
    <ClInclude Include="vmsFdmTranslations.h">
      <Filter>Header Files</Filter>
    </ClInclude>
    <ClInclude Include="vmsFileUtil.h">
      <Filter>Header Files</Filter>
    </ClInclude>
    <ClInclude Include="vmsFirefoxExtensionInstaller.h">
      <Filter>Header Files</Filter>
    </ClInclude>
    <ClInclude Include="vmsFirefoxUtil.h">
      <Filter>Header Files</Filter>
    </ClInclude>
    <ClInclude Include="vmsFlvSniffDll.h">
      <Filter>Header Files</Filter>
    </ClInclude>
    <ClInclude Include="vmsFlvSniffDllLoader.h">
      <Filter>Header Files</Filter>
    </ClInclude>
    <ClInclude Include="vmsWaitDlg.h">
      <Filter>Header Files</Filter>
    </ClInclude>
    <ClInclude Include="xrfix.h">
      <Filter>Header Files</Filter>
    </ClInclude>
    <ClInclude Include="vmsHttpRedirectList.h">
      <Filter>Header Files</Filter>
    </ClInclude>
    <ClInclude Include="vmsBrowserActivityMonitor.h">
      <Filter>Header Files</Filter>
    </ClInclude>
  </ItemGroup>
  <ItemGroup>
    <CustomBuild Include="fdm.ico">
      <Filter>Resource Files</Filter>
    </CustomBuild>
  </ItemGroup>
</Project>