
Microsoft Visual Studio Solution File, Format Version 11.00
# Visual Studio 2010
Project("{8BC9CEB8-8B4A-11D0-8D11-00A0C91BC942}") = "Hash", "Hash.vcxproj", "{BA297E18-35FD-1F24-067A-53406F578036}"
EndProject
Global
	GlobalSection(SolutionConfigurationPlatforms) = preSolution
		Debug|Win32 = Debug|Win32
		Release|Win32 = Release|Win32
		Template|Win32 = Template|Win32
	EndGlobalSection
	GlobalSection(ProjectConfigurationPlatforms) = postSolution
		{BA297E18-35FD-1F24-067A-53406F578036}.Debug|Win32.ActiveCfg = Debug|Win32
		{BA297E18-35FD-1F24-067A-53406F578036}.Debug|Win32.Build.0 = Debug|Win32
		{BA297E18-35FD-1F24-067A-53406F578036}.Release|Win32.ActiveCfg = Release|Win32
		{BA297E18-35FD-1F24-067A-53406F578036}.Release|Win32.Build.0 = Release|Win32
		{BA297E18-35FD-1F24-067A-53406F578036}.Template|Win32.ActiveCfg = Template|Win32
		{BA297E18-35FD-1F24-067A-53406F578036}.Template|Win32.Build.0 = Template|Win32
	EndGlobalSection
	GlobalSection(SolutionProperties) = preSolution
		HideSolutionNode = FALSE
	EndGlobalSection
EndGlobal
