<?xml version="1.0" encoding="utf-8"?>
<Project ToolsVersion="4.0" xmlns="http://schemas.microsoft.com/developer/msbuild/2003">
  <ItemGroup>
    <Filter Include="Source Files">
      <UniqueIdentifier>{d7bb7896-cd7f-457c-840a-4252cf92aeab}</UniqueIdentifier>
      <Extensions>cpp;c;cxx;rc;def;r;odl;idl;hpj;bat</Extensions>
    </Filter>
    <Filter Include="Header Files">
      <UniqueIdentifier>{c2af9454-2ed1-4612-a35b-2dbf40316b8b}</UniqueIdentifier>
      <Extensions>h;hpp;hxx;hm;inl</Extensions>
    </Filter>
    <Filter Include="Resource Files">
      <UniqueIdentifier>{b5f544f8-1195-4361-8ca0-701e93b49ac6}</UniqueIdentifier>
      <Extensions>ico;cur;bmp;dlg;rc2;rct;bin;rgs;gif;jpg;jpeg;jpe</Extensions>
    </Filter>
  </ItemGroup>
  <ItemGroup>
    <ClCompile Include="Dlg_Banner.cpp">
      <Filter>Source Files</Filter>
    </ClCompile>
    <ClCompile Include="Dlg_Banners.cpp">
      <Filter>Source Files</Filter>
    </ClCompile>
    <ClCompile Include="Dlg_Button.cpp">
      <Filter>Source Files</Filter>
    </ClCompile>
    <ClCompile Include="Dlg_Customizer.cpp">
      <Filter>Source Files</Filter>
    </ClCompile>
    <ClCompile Include="Dlg_Download.cpp">
      <Filter>Source Files</Filter>
    </ClCompile>
    <ClCompile Include="Dlg_ListOfDownloads.cpp">
      <Filter>Source Files</Filter>
    </ClCompile>
    <ClCompile Include="FDMCustomized.cpp">
      <Filter>Source Files</Filter>
    </ClCompile>
    <ClCompile Include="FDMCustomizedDlg.cpp">
      <Filter>Source Files</Filter>
    </ClCompile>
    <ClCompile Include="StdAfx.cpp">
      <Filter>Source Files</Filter>
    </ClCompile>
    <ClCompile Include="vmsFDMCustomized.cpp">
      <Filter>Source Files</Filter>
    </ClCompile>
    <ClCompile Include="vmsFDMISSGenerator.cpp">
      <Filter>Source Files</Filter>
    </ClCompile>
    <ClCompile Include="vmsImage.cpp">
      <Filter>Source Files</Filter>
    </ClCompile>
  </ItemGroup>
  <ItemGroup>
    <ResourceCompile Include="FDMCustomized.rc">
      <Filter>Source Files</Filter>
    </ResourceCompile>
  </ItemGroup>
  <ItemGroup>
    <ClInclude Include="Dlg_Banner.h">
      <Filter>Header Files</Filter>
    </ClInclude>
    <ClInclude Include="Dlg_Banners.h">
      <Filter>Header Files</Filter>
    </ClInclude>
    <ClInclude Include="Dlg_Button.h">
      <Filter>Header Files</Filter>
    </ClInclude>
    <ClInclude Include="Dlg_Customizer.h">
      <Filter>Header Files</Filter>
    </ClInclude>
    <ClInclude Include="Dlg_Download.h">
      <Filter>Header Files</Filter>
    </ClInclude>
    <ClInclude Include="Dlg_ListOfDownloads.h">
      <Filter>Header Files</Filter>
    </ClInclude>
    <ClInclude Include="FDMCustomized.h">
      <Filter>Header Files</Filter>
    </ClInclude>
    <ClInclude Include="FDMCustomizedDlg.h">
      <Filter>Header Files</Filter>
    </ClInclude>
    <ClInclude Include="Resource.h">
      <Filter>Header Files</Filter>
    </ClInclude>
    <ClInclude Include="StdAfx.h">
      <Filter>Header Files</Filter>
    </ClInclude>
    <ClInclude Include="vmsFDMCustomized.h">
      <Filter>Header Files</Filter>
    </ClInclude>
    <ClInclude Include="vmsFDMISSGenerator.h">
      <Filter>Header Files</Filter>
    </ClInclude>
    <ClInclude Include="vmsImage.h">
      <Filter>Header Files</Filter>
    </ClInclude>
  </ItemGroup>
  <ItemGroup>
    <CustomBuild Include="res\FDMCustomized.ico">
      <Filter>Resource Files</Filter>
    </CustomBuild>
    <CustomBuild Include="res\FDMCustomized.rc2">
      <Filter>Resource Files</Filter>
    </CustomBuild>
  </ItemGroup>
</Project>