
Microsoft Visual Studio Solution File, Format Version 11.00
# Visual Studio 2010
Project("{8BC9CEB8-8B4A-11D0-8D11-00A0C91BC942}") = "FDM", "FDM.vcxproj", "{4400BBA4-A4C9-2F5E-7955-79EAE26873CC}"
	ProjectSection(ProjectDependencies) = postProject
		{85E21817-4641-4B32-A3C2-635470006333} = {85E21817-4641-4B32-A3C2-635470006333}
		{8D00E067-E699-EDFD-6DD8-122A119D2BE8} = {8D00E067-E699-EDFD-6DD8-122A119D2BE8}
		{4C9BF98D-9333-0578-D3C6-B5952F6BE625} = {4C9BF98D-9333-0578-D3C6-B5952F6BE625}
		{E9E9D750-337B-8B88-FD94-E49081AF55A2} = {E9E9D750-337B-8B88-FD94-E49081AF55A2}
		{22B2EAB7-5F6C-09D6-22AA-B5261F84D431} = {22B2EAB7-5F6C-09D6-22AA-B5261F84D431}
		{9BE05AD6-047A-40A1-4E15-306A1968D7D9} = {9BE05AD6-047A-40A1-4E15-306A1968D7D9}
	EndProjectSection
EndProject
Project("{8BC9CEB8-8B4A-11D0-8D11-00A0C91BC942}") = "PartMediaPreview", "PartMediaPreview\PartMediaPreview.vcxproj", "{8D00E067-E699-EDFD-6DD8-122A119D2BE8}"
EndProject
Project("{8BC9CEB8-8B4A-11D0-8D11-00A0C91BC942}") = "FDMCustomized_lib", "FDMCustomized\FDMCustomized_lib\FDMCustomized_lib.vcxproj", "{4C9BF98D-9333-0578-D3C6-B5952F6BE625}"
EndProject
Project("{8BC9CEB8-8B4A-11D0-8D11-00A0C91BC942}") = "Hash", "Hash\Hash.vcxproj", "{9BE05AD6-047A-40A1-4E15-306A1968D7D9}"
EndProject
Project("{8BC9CEB8-8B4A-11D0-8D11-00A0C91BC942}") = "cURL_lib", "InetFile\cURL_lib\cURL_lib.vcxproj", "{E9E9D750-337B-8B88-FD94-E49081AF55A2}"
EndProject
Project("{8BC9CEB8-8B4A-11D0-8D11-00A0C91BC942}") = "Updater", "Updater\Updater.vcxproj", "{681AEF80-E8CB-4211-FB5C-08DFCEF38E5B}"
EndProject
Project("{8BC9CEB8-8B4A-11D0-8D11-00A0C91BC942}") = "etasks", "etasks\etasks.vcxproj", "{817B2B04-9733-221F-6C0A-F09FE7CAB876}"
EndProject
Project("{8BC9CEB8-8B4A-11D0-8D11-00A0C91BC942}") = "FDMCustIEBtn", "FDMCustomized\FDMCustIEBtn\FDMCustIEBtn.vcxproj", "{194D2433-1F7E-6BD4-02EE-2275913C0922}"
EndProject
Project("{8BC9CEB8-8B4A-11D0-8D11-00A0C91BC942}") = "fdminno", "InnoSetup\fdminno\fdminno.vcxproj", "{46CE50CF-C571-A9CE-0909-31FB0A3DB6CF}"
EndProject
Project("{8BC9CEB8-8B4A-11D0-8D11-00A0C91BC942}") = "Web Interface", "Web Interface\Web Interface.vcxproj", "{DCA89847-833E-8733-1D55-752F6D983464}"
EndProject
Project("{8BC9CEB8-8B4A-11D0-8D11-00A0C91BC942}") = "iefdmdm", "iefdm\iefdmdm\iefdmdm.vcxproj", "{FBA5624D-5CC5-DA22-3EB5-312060DC1489}"
EndProject
Project("{8BC9CEB8-8B4A-11D0-8D11-00A0C91BC942}") = "OpNetCatcher", "OpNetCatcher\OpNetCatcher.vcxproj", "{F1DE6172-FA91-EF89-04D3-3A0BA498C818}"
EndProject
Project("{8BC9CEB8-8B4A-11D0-8D11-00A0C91BC942}") = "FdmIeBho", "iefdm\FdmIeBho\FdmIeBho.vcxproj", "{D9CC9160-D8A8-C890-2FA6-A5BA87C9FC9F}"
EndProject
Project("{8BC9CEB8-8B4A-11D0-8D11-00A0C91BC942}") = "libtorrent", "Bittorrent\libtorrent\libtorrent.vcxproj", "{24190CA9-490E-4D8F-93D7-55DFC80E2688}"
EndProject
Project("{8BC9CEB8-8B4A-11D0-8D11-00A0C91BC942}") = "fdmbtsupp", "Bittorrent\fdmbtsupp\fdmbtsupp.vcxproj", "{99ECAF97-19FC-45D1-B48D-8F482C3B9E50}"
EndProject
Project("{8BC9CEB8-8B4A-11D0-8D11-00A0C91BC942}") = "Component", "Firefox\XPCOM Component\Component.vcxproj", "{93680E5B-7C48-D6AC-E9DC-9FDF76184856}"
EndProject
Project("{8BC9CEB8-8B4A-11D0-8D11-00A0C91BC942}") = "vistafx", "vistafx\vistafx.vcxproj", "{C9AF4A8C-6F43-B40C-C597-855B63B3A8B4}"
EndProject
Project("{8BC9CEB8-8B4A-11D0-8D11-00A0C91BC942}") = "UrlMonSpy", "iefdm\UrlMonSpy\UrlMonSpy.vcxproj", "{DCC54B62-2206-4D78-9799-65BB2CD41B3B}"
EndProject
Project("{8BC9CEB8-8B4A-11D0-8D11-00A0C91BC942}") = "InetFile", "InetFile\InetFile.vcxproj", "{22B2EAB7-5F6C-09D6-22AA-B5261F84D431}"
EndProject
Project("{8BC9CEB8-8B4A-11D0-8D11-00A0C91BC942}") = "AppWinSockSniffDll", "AppWinSockSniffDll\AppWinSockSniffDll.vcxproj", "{ACC9D2D1-D9E6-343D-26B7-A46CA5344B2C}"
EndProject
Project("{8BC9CEB8-8B4A-11D0-8D11-00A0C91BC942}") = "msdl", "msdl\msdl.vcxproj", "{8097D2C4-7012-4148-BDAE-D117E5FB5301}"
EndProject
Project("{8BC9CEB8-8B4A-11D0-8D11-00A0C91BC942}") = "zlib", "zlib\zlib.vcxproj", "{85E21817-4641-4B32-A3C2-635470006333}"
EndProject
Project("{8BC9CEB8-8B4A-11D0-8D11-00A0C91BC942}") = "ChromeNativeHost", "Chrome\ChromeNativeHost.vcxproj", "{45DF9AE7-97B7-4CD4-BC5B-D2EE743F2ED9}"
EndProject
Global
	GlobalSection(SolutionConfigurationPlatforms) = preSolution
		Debug_noCURL|Win32 = Debug_noCURL|Win32
		Debug_noCURL|x64 = Debug_noCURL|x64
		Debug|Win32 = Debug|Win32
		Debug|x64 = Debug|x64
		Release_noCURL|Win32 = Release_noCURL|Win32
		Release_noCURL|x64 = Release_noCURL|x64
		Release_nossl|Win32 = Release_nossl|Win32
		Release_nossl|x64 = Release_nossl|x64
		Release_v90|Win32 = Release_v90|Win32
		Release_v90|x64 = Release_v90|x64
		Release|Win32 = Release|Win32
		Release|x64 = Release|x64
		Release-MT|Win32 = Release-MT|Win32
		Release-MT|x64 = Release-MT|x64
		Release-MT-dbg|Win32 = Release-MT-dbg|Win32
		Release-MT-dbg|x64 = Release-MT-dbg|x64
		Template|Win32 = Template|Win32
		Template|x64 = Template|x64
	EndGlobalSection
	GlobalSection(ProjectConfigurationPlatforms) = postSolution
		{4400BBA4-A4C9-2F5E-7955-79EAE26873CC}.Debug_noCURL|Win32.ActiveCfg = Debug|Win32
		{4400BBA4-A4C9-2F5E-7955-79EAE26873CC}.Debug_noCURL|Win32.Build.0 = Debug|Win32
		{4400BBA4-A4C9-2F5E-7955-79EAE26873CC}.Debug_noCURL|x64.ActiveCfg = Debug|Win32
		{4400BBA4-A4C9-2F5E-7955-79EAE26873CC}.Debug|Win32.ActiveCfg = Debug|Win32
		{4400BBA4-A4C9-2F5E-7955-79EAE26873CC}.Debug|Win32.Build.0 = Debug|Win32
		{4400BBA4-A4C9-2F5E-7955-79EAE26873CC}.Debug|x64.ActiveCfg = Debug|Win32
		{4400BBA4-A4C9-2F5E-7955-79EAE26873CC}.Release_noCURL|Win32.ActiveCfg = Release|Win32
		{4400BBA4-A4C9-2F5E-7955-79EAE26873CC}.Release_noCURL|Win32.Build.0 = Release|Win32
		{4400BBA4-A4C9-2F5E-7955-79EAE26873CC}.Release_noCURL|x64.ActiveCfg = Release_v90|Win32
		{4400BBA4-A4C9-2F5E-7955-79EAE26873CC}.Release_nossl|Win32.ActiveCfg = Release|Win32
		{4400BBA4-A4C9-2F5E-7955-79EAE26873CC}.Release_nossl|Win32.Build.0 = Release|Win32
		{4400BBA4-A4C9-2F5E-7955-79EAE26873CC}.Release_nossl|x64.ActiveCfg = Release_v90|Win32
		{4400BBA4-A4C9-2F5E-7955-79EAE26873CC}.Release_v90|Win32.ActiveCfg = Release_v90|Win32
		{4400BBA4-A4C9-2F5E-7955-79EAE26873CC}.Release_v90|Win32.Build.0 = Release_v90|Win32
		{4400BBA4-A4C9-2F5E-7955-79EAE26873CC}.Release_v90|x64.ActiveCfg = Release_v90|Win32
		{4400BBA4-A4C9-2F5E-7955-79EAE26873CC}.Release|Win32.ActiveCfg = Release|Win32
		{4400BBA4-A4C9-2F5E-7955-79EAE26873CC}.Release|Win32.Build.0 = Release|Win32
		{4400BBA4-A4C9-2F5E-7955-79EAE26873CC}.Release|x64.ActiveCfg = Release|Win32
		{4400BBA4-A4C9-2F5E-7955-79EAE26873CC}.Release-MT|Win32.ActiveCfg = Release|Win32
		{4400BBA4-A4C9-2F5E-7955-79EAE26873CC}.Release-MT|Win32.Build.0 = Release|Win32
		{4400BBA4-A4C9-2F5E-7955-79EAE26873CC}.Release-MT|x64.ActiveCfg = Release|Win32
		{4400BBA4-A4C9-2F5E-7955-79EAE26873CC}.Release-MT-dbg|Win32.ActiveCfg = Release|Win32
		{4400BBA4-A4C9-2F5E-7955-79EAE26873CC}.Release-MT-dbg|Win32.Build.0 = Release|Win32
		{4400BBA4-A4C9-2F5E-7955-79EAE26873CC}.Release-MT-dbg|x64.ActiveCfg = Release|Win32
		{4400BBA4-A4C9-2F5E-7955-79EAE26873CC}.Template|Win32.ActiveCfg = Release|Win32
		{4400BBA4-A4C9-2F5E-7955-79EAE26873CC}.Template|Win32.Build.0 = Release|Win32
		{4400BBA4-A4C9-2F5E-7955-79EAE26873CC}.Template|x64.ActiveCfg = Release|Win32
		{8D00E067-E699-EDFD-6DD8-122A119D2BE8}.Debug_noCURL|Win32.ActiveCfg = Debug|Win32
		{8D00E067-E699-EDFD-6DD8-122A119D2BE8}.Debug_noCURL|Win32.Build.0 = Debug|Win32
		{8D00E067-E699-EDFD-6DD8-122A119D2BE8}.Debug_noCURL|x64.ActiveCfg = Debug|Win32
		{8D00E067-E699-EDFD-6DD8-122A119D2BE8}.Debug|Win32.ActiveCfg = Debug|Win32
		{8D00E067-E699-EDFD-6DD8-122A119D2BE8}.Debug|Win32.Build.0 = Debug|Win32
		{8D00E067-E699-EDFD-6DD8-122A119D2BE8}.Debug|x64.ActiveCfg = Debug|Win32
		{8D00E067-E699-EDFD-6DD8-122A119D2BE8}.Release_noCURL|Win32.ActiveCfg = Release|Win32
		{8D00E067-E699-EDFD-6DD8-122A119D2BE8}.Release_noCURL|Win32.Build.0 = Release|Win32
		{8D00E067-E699-EDFD-6DD8-122A119D2BE8}.Release_noCURL|x64.ActiveCfg = Release_v90|Win32
		{8D00E067-E699-EDFD-6DD8-122A119D2BE8}.Release_nossl|Win32.ActiveCfg = Release|Win32
		{8D00E067-E699-EDFD-6DD8-122A119D2BE8}.Release_nossl|Win32.Build.0 = Release|Win32
		{8D00E067-E699-EDFD-6DD8-122A119D2BE8}.Release_nossl|x64.ActiveCfg = Release_v90|Win32
		{8D00E067-E699-EDFD-6DD8-122A119D2BE8}.Release_v90|Win32.ActiveCfg = Release_v90|Win32
		{8D00E067-E699-EDFD-6DD8-122A119D2BE8}.Release_v90|Win32.Build.0 = Release_v90|Win32
		{8D00E067-E699-EDFD-6DD8-122A119D2BE8}.Release_v90|x64.ActiveCfg = Release_v90|Win32
		{8D00E067-E699-EDFD-6DD8-122A119D2BE8}.Release|Win32.ActiveCfg = Release|Win32
		{8D00E067-E699-EDFD-6DD8-122A119D2BE8}.Release|Win32.Build.0 = Release|Win32
		{8D00E067-E699-EDFD-6DD8-122A119D2BE8}.Release|x64.ActiveCfg = Release|Win32
		{8D00E067-E699-EDFD-6DD8-122A119D2BE8}.Release-MT|Win32.ActiveCfg = Release|Win32
		{8D00E067-E699-EDFD-6DD8-122A119D2BE8}.Release-MT|Win32.Build.0 = Release|Win32
		{8D00E067-E699-EDFD-6DD8-122A119D2BE8}.Release-MT|x64.ActiveCfg = Release|Win32
		{8D00E067-E699-EDFD-6DD8-122A119D2BE8}.Release-MT-dbg|Win32.ActiveCfg = Release|Win32
		{8D00E067-E699-EDFD-6DD8-122A119D2BE8}.Release-MT-dbg|Win32.Build.0 = Release|Win32
		{8D00E067-E699-EDFD-6DD8-122A119D2BE8}.Release-MT-dbg|x64.ActiveCfg = Release|Win32
		{8D00E067-E699-EDFD-6DD8-122A119D2BE8}.Template|Win32.ActiveCfg = Release|Win32
		{8D00E067-E699-EDFD-6DD8-122A119D2BE8}.Template|Win32.Build.0 = Release|Win32
		{8D00E067-E699-EDFD-6DD8-122A119D2BE8}.Template|x64.ActiveCfg = Release|Win32
		{4C9BF98D-9333-0578-D3C6-B5952F6BE625}.Debug_noCURL|Win32.ActiveCfg = Debug|Win32
		{4C9BF98D-9333-0578-D3C6-B5952F6BE625}.Debug_noCURL|Win32.Build.0 = Debug|Win32
		{4C9BF98D-9333-0578-D3C6-B5952F6BE625}.Debug_noCURL|x64.ActiveCfg = Debug|Win32
		{4C9BF98D-9333-0578-D3C6-B5952F6BE625}.Debug|Win32.ActiveCfg = Debug|Win32
		{4C9BF98D-9333-0578-D3C6-B5952F6BE625}.Debug|Win32.Build.0 = Debug|Win32
		{4C9BF98D-9333-0578-D3C6-B5952F6BE625}.Debug|x64.ActiveCfg = Debug|Win32
		{4C9BF98D-9333-0578-D3C6-B5952F6BE625}.Release_noCURL|Win32.ActiveCfg = Release|Win32
		{4C9BF98D-9333-0578-D3C6-B5952F6BE625}.Release_noCURL|Win32.Build.0 = Release|Win32
		{4C9BF98D-9333-0578-D3C6-B5952F6BE625}.Release_noCURL|x64.ActiveCfg = Release_v90|Win32
		{4C9BF98D-9333-0578-D3C6-B5952F6BE625}.Release_nossl|Win32.ActiveCfg = Release|Win32
		{4C9BF98D-9333-0578-D3C6-B5952F6BE625}.Release_nossl|Win32.Build.0 = Release|Win32
		{4C9BF98D-9333-0578-D3C6-B5952F6BE625}.Release_nossl|x64.ActiveCfg = Release_v90|Win32
		{4C9BF98D-9333-0578-D3C6-B5952F6BE625}.Release_v90|Win32.ActiveCfg = Release_v90|Win32
		{4C9BF98D-9333-0578-D3C6-B5952F6BE625}.Release_v90|Win32.Build.0 = Release_v90|Win32
		{4C9BF98D-9333-0578-D3C6-B5952F6BE625}.Release_v90|x64.ActiveCfg = Release_v90|Win32
		{4C9BF98D-9333-0578-D3C6-B5952F6BE625}.Release|Win32.ActiveCfg = Release|Win32
		{4C9BF98D-9333-0578-D3C6-B5952F6BE625}.Release|Win32.Build.0 = Release|Win32
		{4C9BF98D-9333-0578-D3C6-B5952F6BE625}.Release|x64.ActiveCfg = Release|Win32
		{4C9BF98D-9333-0578-D3C6-B5952F6BE625}.Release-MT|Win32.ActiveCfg = Release|Win32
		{4C9BF98D-9333-0578-D3C6-B5952F6BE625}.Release-MT|Win32.Build.0 = Release|Win32
		{4C9BF98D-9333-0578-D3C6-B5952F6BE625}.Release-MT|x64.ActiveCfg = Release|Win32
		{4C9BF98D-9333-0578-D3C6-B5952F6BE625}.Release-MT-dbg|Win32.ActiveCfg = Release|Win32
		{4C9BF98D-9333-0578-D3C6-B5952F6BE625}.Release-MT-dbg|Win32.Build.0 = Release|Win32
		{4C9BF98D-9333-0578-D3C6-B5952F6BE625}.Release-MT-dbg|x64.ActiveCfg = Release|Win32
		{4C9BF98D-9333-0578-D3C6-B5952F6BE625}.Template|Win32.ActiveCfg = Template|Win32
		{4C9BF98D-9333-0578-D3C6-B5952F6BE625}.Template|Win32.Build.0 = Template|Win32
		{4C9BF98D-9333-0578-D3C6-B5952F6BE625}.Template|x64.ActiveCfg = Template|Win32
		{9BE05AD6-047A-40A1-4E15-306A1968D7D9}.Debug_noCURL|Win32.ActiveCfg = Debug|Win32
		{9BE05AD6-047A-40A1-4E15-306A1968D7D9}.Debug_noCURL|Win32.Build.0 = Debug|Win32
		{9BE05AD6-047A-40A1-4E15-306A1968D7D9}.Debug_noCURL|x64.ActiveCfg = Debug|Win32
		{9BE05AD6-047A-40A1-4E15-306A1968D7D9}.Debug|Win32.ActiveCfg = Debug|Win32
		{9BE05AD6-047A-40A1-4E15-306A1968D7D9}.Debug|Win32.Build.0 = Debug|Win32
		{9BE05AD6-047A-40A1-4E15-306A1968D7D9}.Debug|x64.ActiveCfg = Debug|Win32
		{9BE05AD6-047A-40A1-4E15-306A1968D7D9}.Release_noCURL|Win32.ActiveCfg = Release|Win32
		{9BE05AD6-047A-40A1-4E15-306A1968D7D9}.Release_noCURL|Win32.Build.0 = Release|Win32
		{9BE05AD6-047A-40A1-4E15-306A1968D7D9}.Release_noCURL|x64.ActiveCfg = Release_v90|Win32
		{9BE05AD6-047A-40A1-4E15-306A1968D7D9}.Release_nossl|Win32.ActiveCfg = Release|Win32
		{9BE05AD6-047A-40A1-4E15-306A1968D7D9}.Release_nossl|Win32.Build.0 = Release|Win32
		{9BE05AD6-047A-40A1-4E15-306A1968D7D9}.Release_nossl|x64.ActiveCfg = Release_v90|Win32
		{9BE05AD6-047A-40A1-4E15-306A1968D7D9}.Release_v90|Win32.ActiveCfg = Release_v90|Win32
		{9BE05AD6-047A-40A1-4E15-306A1968D7D9}.Release_v90|Win32.Build.0 = Release_v90|Win32
		{9BE05AD6-047A-40A1-4E15-306A1968D7D9}.Release_v90|x64.ActiveCfg = Release_v90|Win32
		{9BE05AD6-047A-40A1-4E15-306A1968D7D9}.Release|Win32.ActiveCfg = Release|Win32
		{9BE05AD6-047A-40A1-4E15-306A1968D7D9}.Release|Win32.Build.0 = Release|Win32
		{9BE05AD6-047A-40A1-4E15-306A1968D7D9}.Release|x64.ActiveCfg = Release|Win32
		{9BE05AD6-047A-40A1-4E15-306A1968D7D9}.Release-MT|Win32.ActiveCfg = Release|Win32
		{9BE05AD6-047A-40A1-4E15-306A1968D7D9}.Release-MT|Win32.Build.0 = Release|Win32
		{9BE05AD6-047A-40A1-4E15-306A1968D7D9}.Release-MT|x64.ActiveCfg = Release|Win32
		{9BE05AD6-047A-40A1-4E15-306A1968D7D9}.Release-MT-dbg|Win32.ActiveCfg = Release|Win32
		{9BE05AD6-047A-40A1-4E15-306A1968D7D9}.Release-MT-dbg|Win32.Build.0 = Release|Win32
		{9BE05AD6-047A-40A1-4E15-306A1968D7D9}.Release-MT-dbg|x64.ActiveCfg = Release|Win32
		{9BE05AD6-047A-40A1-4E15-306A1968D7D9}.Template|Win32.ActiveCfg = Template|Win32
		{9BE05AD6-047A-40A1-4E15-306A1968D7D9}.Template|Win32.Build.0 = Template|Win32
		{9BE05AD6-047A-40A1-4E15-306A1968D7D9}.Template|x64.ActiveCfg = Template|Win32
		{E9E9D750-337B-8B88-FD94-E49081AF55A2}.Debug_noCURL|Win32.ActiveCfg = Debug|Win32
		{E9E9D750-337B-8B88-FD94-E49081AF55A2}.Debug_noCURL|Win32.Build.0 = Debug|Win32
		{E9E9D750-337B-8B88-FD94-E49081AF55A2}.Debug_noCURL|x64.ActiveCfg = Debug|Win32
		{E9E9D750-337B-8B88-FD94-E49081AF55A2}.Debug|Win32.ActiveCfg = Debug|Win32
		{E9E9D750-337B-8B88-FD94-E49081AF55A2}.Debug|Win32.Build.0 = Debug|Win32
		{E9E9D750-337B-8B88-FD94-E49081AF55A2}.Debug|x64.ActiveCfg = Debug|Win32
		{E9E9D750-337B-8B88-FD94-E49081AF55A2}.Release_noCURL|Win32.ActiveCfg = Release_nossl|Win32
		{E9E9D750-337B-8B88-FD94-E49081AF55A2}.Release_noCURL|Win32.Build.0 = Release_nossl|Win32
		{E9E9D750-337B-8B88-FD94-E49081AF55A2}.Release_noCURL|x64.ActiveCfg = Release_nossl|Win32
		{E9E9D750-337B-8B88-FD94-E49081AF55A2}.Release_nossl|Win32.ActiveCfg = Release_nossl|Win32
		{E9E9D750-337B-8B88-FD94-E49081AF55A2}.Release_nossl|Win32.Build.0 = Release_nossl|Win32
		{E9E9D750-337B-8B88-FD94-E49081AF55A2}.Release_nossl|x64.ActiveCfg = Release_nossl|Win32
		{E9E9D750-337B-8B88-FD94-E49081AF55A2}.Release_v90|Win32.ActiveCfg = Release_v90|Win32
		{E9E9D750-337B-8B88-FD94-E49081AF55A2}.Release_v90|Win32.Build.0 = Release_v90|Win32
		{E9E9D750-337B-8B88-FD94-E49081AF55A2}.Release_v90|x64.ActiveCfg = Release_v90|Win32
		{E9E9D750-337B-8B88-FD94-E49081AF55A2}.Release|Win32.ActiveCfg = Release|Win32
		{E9E9D750-337B-8B88-FD94-E49081AF55A2}.Release|Win32.Build.0 = Release|Win32
		{E9E9D750-337B-8B88-FD94-E49081AF55A2}.Release|x64.ActiveCfg = Release|Win32
		{E9E9D750-337B-8B88-FD94-E49081AF55A2}.Release-MT|Win32.ActiveCfg = Release|Win32
		{E9E9D750-337B-8B88-FD94-E49081AF55A2}.Release-MT|Win32.Build.0 = Release|Win32
		{E9E9D750-337B-8B88-FD94-E49081AF55A2}.Release-MT|x64.ActiveCfg = Release|Win32
		{E9E9D750-337B-8B88-FD94-E49081AF55A2}.Release-MT-dbg|Win32.ActiveCfg = Release|Win32
		{E9E9D750-337B-8B88-FD94-E49081AF55A2}.Release-MT-dbg|Win32.Build.0 = Release|Win32
		{E9E9D750-337B-8B88-FD94-E49081AF55A2}.Release-MT-dbg|x64.ActiveCfg = Release|Win32
		{E9E9D750-337B-8B88-FD94-E49081AF55A2}.Template|Win32.ActiveCfg = Template|Win32
		{E9E9D750-337B-8B88-FD94-E49081AF55A2}.Template|Win32.Build.0 = Template|Win32
		{E9E9D750-337B-8B88-FD94-E49081AF55A2}.Template|x64.ActiveCfg = Template|Win32
		{681AEF80-E8CB-4211-FB5C-08DFCEF38E5B}.Debug_noCURL|Win32.ActiveCfg = Debug|Win32
		{681AEF80-E8CB-4211-FB5C-08DFCEF38E5B}.Debug_noCURL|Win32.Build.0 = Debug|Win32
		{681AEF80-E8CB-4211-FB5C-08DFCEF38E5B}.Debug_noCURL|x64.ActiveCfg = Debug|Win32
		{681AEF80-E8CB-4211-FB5C-08DFCEF38E5B}.Debug|Win32.ActiveCfg = Debug|Win32
		{681AEF80-E8CB-4211-FB5C-08DFCEF38E5B}.Debug|Win32.Build.0 = Debug|Win32
		{681AEF80-E8CB-4211-FB5C-08DFCEF38E5B}.Debug|x64.ActiveCfg = Debug|Win32
		{681AEF80-E8CB-4211-FB5C-08DFCEF38E5B}.Release_noCURL|Win32.ActiveCfg = Release|Win32
		{681AEF80-E8CB-4211-FB5C-08DFCEF38E5B}.Release_noCURL|Win32.Build.0 = Release|Win32
		{681AEF80-E8CB-4211-FB5C-08DFCEF38E5B}.Release_noCURL|x64.ActiveCfg = Release_v90|Win32
		{681AEF80-E8CB-4211-FB5C-08DFCEF38E5B}.Release_nossl|Win32.ActiveCfg = Release|Win32
		{681AEF80-E8CB-4211-FB5C-08DFCEF38E5B}.Release_nossl|Win32.Build.0 = Release|Win32
		{681AEF80-E8CB-4211-FB5C-08DFCEF38E5B}.Release_nossl|x64.ActiveCfg = Release_v90|Win32
		{681AEF80-E8CB-4211-FB5C-08DFCEF38E5B}.Release_v90|Win32.ActiveCfg = Release_v90|Win32
		{681AEF80-E8CB-4211-FB5C-08DFCEF38E5B}.Release_v90|Win32.Build.0 = Release_v90|Win32
		{681AEF80-E8CB-4211-FB5C-08DFCEF38E5B}.Release_v90|x64.ActiveCfg = Release_v90|Win32
		{681AEF80-E8CB-4211-FB5C-08DFCEF38E5B}.Release|Win32.ActiveCfg = Release|Win32
		{681AEF80-E8CB-4211-FB5C-08DFCEF38E5B}.Release|Win32.Build.0 = Release|Win32
		{681AEF80-E8CB-4211-FB5C-08DFCEF38E5B}.Release|x64.ActiveCfg = Release|Win32
		{681AEF80-E8CB-4211-FB5C-08DFCEF38E5B}.Release-MT|Win32.ActiveCfg = Release|Win32
		{681AEF80-E8CB-4211-FB5C-08DFCEF38E5B}.Release-MT|Win32.Build.0 = Release|Win32
		{681AEF80-E8CB-4211-FB5C-08DFCEF38E5B}.Release-MT|x64.ActiveCfg = Release|Win32
		{681AEF80-E8CB-4211-FB5C-08DFCEF38E5B}.Release-MT-dbg|Win32.ActiveCfg = Release|Win32
		{681AEF80-E8CB-4211-FB5C-08DFCEF38E5B}.Release-MT-dbg|Win32.Build.0 = Release|Win32
		{681AEF80-E8CB-4211-FB5C-08DFCEF38E5B}.Release-MT-dbg|x64.ActiveCfg = Release|Win32
		{681AEF80-E8CB-4211-FB5C-08DFCEF38E5B}.Template|Win32.ActiveCfg = Release|Win32
		{681AEF80-E8CB-4211-FB5C-08DFCEF38E5B}.Template|Win32.Build.0 = Release|Win32
		{681AEF80-E8CB-4211-FB5C-08DFCEF38E5B}.Template|x64.ActiveCfg = Release|Win32
		{817B2B04-9733-221F-6C0A-F09FE7CAB876}.Debug_noCURL|Win32.ActiveCfg = Debug|Win32
		{817B2B04-9733-221F-6C0A-F09FE7CAB876}.Debug_noCURL|Win32.Build.0 = Debug|Win32
		{817B2B04-9733-221F-6C0A-F09FE7CAB876}.Debug_noCURL|x64.ActiveCfg = Debug|Win32
		{817B2B04-9733-221F-6C0A-F09FE7CAB876}.Debug|Win32.ActiveCfg = Debug|Win32
		{817B2B04-9733-221F-6C0A-F09FE7CAB876}.Debug|Win32.Build.0 = Debug|Win32
		{817B2B04-9733-221F-6C0A-F09FE7CAB876}.Debug|x64.ActiveCfg = Debug|Win32
		{817B2B04-9733-221F-6C0A-F09FE7CAB876}.Release_noCURL|Win32.ActiveCfg = Release|Win32
		{817B2B04-9733-221F-6C0A-F09FE7CAB876}.Release_noCURL|Win32.Build.0 = Release|Win32
		{817B2B04-9733-221F-6C0A-F09FE7CAB876}.Release_noCURL|x64.ActiveCfg = Release_v90|Win32
		{817B2B04-9733-221F-6C0A-F09FE7CAB876}.Release_nossl|Win32.ActiveCfg = Release|Win32
		{817B2B04-9733-221F-6C0A-F09FE7CAB876}.Release_nossl|Win32.Build.0 = Release|Win32
		{817B2B04-9733-221F-6C0A-F09FE7CAB876}.Release_nossl|x64.ActiveCfg = Release_v90|Win32
		{817B2B04-9733-221F-6C0A-F09FE7CAB876}.Release_v90|Win32.ActiveCfg = Release_v90|Win32
		{817B2B04-9733-221F-6C0A-F09FE7CAB876}.Release_v90|Win32.Build.0 = Release_v90|Win32
		{817B2B04-9733-221F-6C0A-F09FE7CAB876}.Release_v90|x64.ActiveCfg = Release_v90|Win32
		{817B2B04-9733-221F-6C0A-F09FE7CAB876}.Release|Win32.ActiveCfg = Release|Win32
		{817B2B04-9733-221F-6C0A-F09FE7CAB876}.Release|Win32.Build.0 = Release|Win32
		{817B2B04-9733-221F-6C0A-F09FE7CAB876}.Release|x64.ActiveCfg = Release|Win32
		{817B2B04-9733-221F-6C0A-F09FE7CAB876}.Release-MT|Win32.ActiveCfg = Release|Win32
		{817B2B04-9733-221F-6C0A-F09FE7CAB876}.Release-MT|Win32.Build.0 = Release|Win32
		{817B2B04-9733-221F-6C0A-F09FE7CAB876}.Release-MT|x64.ActiveCfg = Release|Win32
		{817B2B04-9733-221F-6C0A-F09FE7CAB876}.Release-MT-dbg|Win32.ActiveCfg = Release|Win32
		{817B2B04-9733-221F-6C0A-F09FE7CAB876}.Release-MT-dbg|Win32.Build.0 = Release|Win32
		{817B2B04-9733-221F-6C0A-F09FE7CAB876}.Release-MT-dbg|x64.ActiveCfg = Release|Win32
		{817B2B04-9733-221F-6C0A-F09FE7CAB876}.Template|Win32.ActiveCfg = Release|Win32
		{817B2B04-9733-221F-6C0A-F09FE7CAB876}.Template|Win32.Build.0 = Release|Win32
		{817B2B04-9733-221F-6C0A-F09FE7CAB876}.Template|x64.ActiveCfg = Release|Win32
		{194D2433-1F7E-6BD4-02EE-2275913C0922}.Debug_noCURL|Win32.ActiveCfg = Debug|Win32
		{194D2433-1F7E-6BD4-02EE-2275913C0922}.Debug_noCURL|Win32.Build.0 = Debug|Win32
		{194D2433-1F7E-6BD4-02EE-2275913C0922}.Debug_noCURL|x64.ActiveCfg = Debug|Win32
		{194D2433-1F7E-6BD4-02EE-2275913C0922}.Debug|Win32.ActiveCfg = Debug|Win32
		{194D2433-1F7E-6BD4-02EE-2275913C0922}.Debug|Win32.Build.0 = Debug|Win32
		{194D2433-1F7E-6BD4-02EE-2275913C0922}.Debug|x64.ActiveCfg = Debug|Win32
		{194D2433-1F7E-6BD4-02EE-2275913C0922}.Release_noCURL|Win32.ActiveCfg = Release|Win32
		{194D2433-1F7E-6BD4-02EE-2275913C0922}.Release_noCURL|Win32.Build.0 = Release|Win32
		{194D2433-1F7E-6BD4-02EE-2275913C0922}.Release_noCURL|x64.ActiveCfg = Release_v90|Win32
		{194D2433-1F7E-6BD4-02EE-2275913C0922}.Release_nossl|Win32.ActiveCfg = Release|Win32
		{194D2433-1F7E-6BD4-02EE-2275913C0922}.Release_nossl|Win32.Build.0 = Release|Win32
		{194D2433-1F7E-6BD4-02EE-2275913C0922}.Release_nossl|x64.ActiveCfg = Release_v90|Win32
		{194D2433-1F7E-6BD4-02EE-2275913C0922}.Release_v90|Win32.ActiveCfg = Release_v90|Win32
		{194D2433-1F7E-6BD4-02EE-2275913C0922}.Release_v90|Win32.Build.0 = Release_v90|Win32
		{194D2433-1F7E-6BD4-02EE-2275913C0922}.Release_v90|x64.ActiveCfg = Release_v90|Win32
		{194D2433-1F7E-6BD4-02EE-2275913C0922}.Release|Win32.ActiveCfg = Release|Win32
		{194D2433-1F7E-6BD4-02EE-2275913C0922}.Release|Win32.Build.0 = Release|Win32
		{194D2433-1F7E-6BD4-02EE-2275913C0922}.Release|x64.ActiveCfg = Release|Win32
		{194D2433-1F7E-6BD4-02EE-2275913C0922}.Release-MT|Win32.ActiveCfg = Release|Win32
		{194D2433-1F7E-6BD4-02EE-2275913C0922}.Release-MT|Win32.Build.0 = Release|Win32
		{194D2433-1F7E-6BD4-02EE-2275913C0922}.Release-MT|x64.ActiveCfg = Release|Win32
		{194D2433-1F7E-6BD4-02EE-2275913C0922}.Release-MT-dbg|Win32.ActiveCfg = Release|Win32
		{194D2433-1F7E-6BD4-02EE-2275913C0922}.Release-MT-dbg|Win32.Build.0 = Release|Win32
		{194D2433-1F7E-6BD4-02EE-2275913C0922}.Release-MT-dbg|x64.ActiveCfg = Release|Win32
		{194D2433-1F7E-6BD4-02EE-2275913C0922}.Template|Win32.ActiveCfg = Template|Win32
		{194D2433-1F7E-6BD4-02EE-2275913C0922}.Template|Win32.Build.0 = Template|Win32
		{194D2433-1F7E-6BD4-02EE-2275913C0922}.Template|x64.ActiveCfg = Template|Win32
		{46CE50CF-C571-A9CE-0909-31FB0A3DB6CF}.Debug_noCURL|Win32.ActiveCfg = Debug|Win32
		{46CE50CF-C571-A9CE-0909-31FB0A3DB6CF}.Debug_noCURL|Win32.Build.0 = Debug|Win32
		{46CE50CF-C571-A9CE-0909-31FB0A3DB6CF}.Debug_noCURL|x64.ActiveCfg = Debug|Win32
		{46CE50CF-C571-A9CE-0909-31FB0A3DB6CF}.Debug|Win32.ActiveCfg = Debug|Win32
		{46CE50CF-C571-A9CE-0909-31FB0A3DB6CF}.Debug|Win32.Build.0 = Debug|Win32
		{46CE50CF-C571-A9CE-0909-31FB0A3DB6CF}.Debug|x64.ActiveCfg = Debug|Win32
		{46CE50CF-C571-A9CE-0909-31FB0A3DB6CF}.Release_noCURL|Win32.ActiveCfg = Release|Win32
		{46CE50CF-C571-A9CE-0909-31FB0A3DB6CF}.Release_noCURL|Win32.Build.0 = Release|Win32
		{46CE50CF-C571-A9CE-0909-31FB0A3DB6CF}.Release_noCURL|x64.ActiveCfg = Release_v90|Win32
		{46CE50CF-C571-A9CE-0909-31FB0A3DB6CF}.Release_nossl|Win32.ActiveCfg = Release|Win32
		{46CE50CF-C571-A9CE-0909-31FB0A3DB6CF}.Release_nossl|Win32.Build.0 = Release|Win32
		{46CE50CF-C571-A9CE-0909-31FB0A3DB6CF}.Release_nossl|x64.ActiveCfg = Release_v90|Win32
		{46CE50CF-C571-A9CE-0909-31FB0A3DB6CF}.Release_v90|Win32.ActiveCfg = Release_v90|Win32
		{46CE50CF-C571-A9CE-0909-31FB0A3DB6CF}.Release_v90|Win32.Build.0 = Release_v90|Win32
		{46CE50CF-C571-A9CE-0909-31FB0A3DB6CF}.Release_v90|x64.ActiveCfg = Release_v90|Win32
		{46CE50CF-C571-A9CE-0909-31FB0A3DB6CF}.Release|Win32.ActiveCfg = Release|Win32
		{46CE50CF-C571-A9CE-0909-31FB0A3DB6CF}.Release|Win32.Build.0 = Release|Win32
		{46CE50CF-C571-A9CE-0909-31FB0A3DB6CF}.Release|x64.ActiveCfg = Release|Win32
		{46CE50CF-C571-A9CE-0909-31FB0A3DB6CF}.Release-MT|Win32.ActiveCfg = Release|Win32
		{46CE50CF-C571-A9CE-0909-31FB0A3DB6CF}.Release-MT|Win32.Build.0 = Release|Win32
		{46CE50CF-C571-A9CE-0909-31FB0A3DB6CF}.Release-MT|x64.ActiveCfg = Release|Win32
		{46CE50CF-C571-A9CE-0909-31FB0A3DB6CF}.Release-MT-dbg|Win32.ActiveCfg = Release|Win32
		{46CE50CF-C571-A9CE-0909-31FB0A3DB6CF}.Release-MT-dbg|Win32.Build.0 = Release|Win32
		{46CE50CF-C571-A9CE-0909-31FB0A3DB6CF}.Release-MT-dbg|x64.ActiveCfg = Release|Win32
		{46CE50CF-C571-A9CE-0909-31FB0A3DB6CF}.Template|Win32.ActiveCfg = Release|Win32
		{46CE50CF-C571-A9CE-0909-31FB0A3DB6CF}.Template|Win32.Build.0 = Release|Win32
		{46CE50CF-C571-A9CE-0909-31FB0A3DB6CF}.Template|x64.ActiveCfg = Release|Win32
		{DCA89847-833E-8733-1D55-752F6D983464}.Debug_noCURL|Win32.ActiveCfg = Debug|Win32
		{DCA89847-833E-8733-1D55-752F6D983464}.Debug_noCURL|Win32.Build.0 = Debug|Win32
		{DCA89847-833E-8733-1D55-752F6D983464}.Debug_noCURL|x64.ActiveCfg = Debug|Win32
		{DCA89847-833E-8733-1D55-752F6D983464}.Debug|Win32.ActiveCfg = Debug|Win32
		{DCA89847-833E-8733-1D55-752F6D983464}.Debug|Win32.Build.0 = Debug|Win32
		{DCA89847-833E-8733-1D55-752F6D983464}.Debug|x64.ActiveCfg = Debug|Win32
		{DCA89847-833E-8733-1D55-752F6D983464}.Release_noCURL|Win32.ActiveCfg = Release|Win32
		{DCA89847-833E-8733-1D55-752F6D983464}.Release_noCURL|Win32.Build.0 = Release|Win32
		{DCA89847-833E-8733-1D55-752F6D983464}.Release_noCURL|x64.ActiveCfg = Release_v90|Win32
		{DCA89847-833E-8733-1D55-752F6D983464}.Release_nossl|Win32.ActiveCfg = Release|Win32
		{DCA89847-833E-8733-1D55-752F6D983464}.Release_nossl|Win32.Build.0 = Release|Win32
		{DCA89847-833E-8733-1D55-752F6D983464}.Release_nossl|x64.ActiveCfg = Release_v90|Win32
		{DCA89847-833E-8733-1D55-752F6D983464}.Release_v90|Win32.ActiveCfg = Release_v90|Win32
		{DCA89847-833E-8733-1D55-752F6D983464}.Release_v90|Win32.Build.0 = Release_v90|Win32
		{DCA89847-833E-8733-1D55-752F6D983464}.Release_v90|x64.ActiveCfg = Release_v90|Win32
		{DCA89847-833E-8733-1D55-752F6D983464}.Release|Win32.ActiveCfg = Release|Win32
		{DCA89847-833E-8733-1D55-752F6D983464}.Release|Win32.Build.0 = Release|Win32
		{DCA89847-833E-8733-1D55-752F6D983464}.Release|x64.ActiveCfg = Release|Win32
		{DCA89847-833E-8733-1D55-752F6D983464}.Release-MT|Win32.ActiveCfg = Release|Win32
		{DCA89847-833E-8733-1D55-752F6D983464}.Release-MT|Win32.Build.0 = Release|Win32
		{DCA89847-833E-8733-1D55-752F6D983464}.Release-MT|x64.ActiveCfg = Release|Win32
		{DCA89847-833E-8733-1D55-752F6D983464}.Release-MT-dbg|Win32.ActiveCfg = Release|Win32
		{DCA89847-833E-8733-1D55-752F6D983464}.Release-MT-dbg|Win32.Build.0 = Release|Win32
		{DCA89847-833E-8733-1D55-752F6D983464}.Release-MT-dbg|x64.ActiveCfg = Release|Win32
		{DCA89847-833E-8733-1D55-752F6D983464}.Template|Win32.ActiveCfg = Template|Win32
		{DCA89847-833E-8733-1D55-752F6D983464}.Template|Win32.Build.0 = Template|Win32
		{DCA89847-833E-8733-1D55-752F6D983464}.Template|x64.ActiveCfg = Template|Win32
		{FBA5624D-5CC5-DA22-3EB5-312060DC1489}.Debug_noCURL|Win32.ActiveCfg = Debug|Win32
		{FBA5624D-5CC5-DA22-3EB5-312060DC1489}.Debug_noCURL|Win32.Build.0 = Debug|Win32
		{FBA5624D-5CC5-DA22-3EB5-312060DC1489}.Debug_noCURL|x64.ActiveCfg = Debug|Win32
		{FBA5624D-5CC5-DA22-3EB5-312060DC1489}.Debug|Win32.ActiveCfg = Debug|Win32
		{FBA5624D-5CC5-DA22-3EB5-312060DC1489}.Debug|Win32.Build.0 = Debug|Win32
		{FBA5624D-5CC5-DA22-3EB5-312060DC1489}.Debug|x64.ActiveCfg = Debug|Win32
		{FBA5624D-5CC5-DA22-3EB5-312060DC1489}.Release_noCURL|Win32.ActiveCfg = Release|Win32
		{FBA5624D-5CC5-DA22-3EB5-312060DC1489}.Release_noCURL|Win32.Build.0 = Release|Win32
		{FBA5624D-5CC5-DA22-3EB5-312060DC1489}.Release_noCURL|x64.ActiveCfg = Release_v90|Win32
		{FBA5624D-5CC5-DA22-3EB5-312060DC1489}.Release_nossl|Win32.ActiveCfg = Release|Win32
		{FBA5624D-5CC5-DA22-3EB5-312060DC1489}.Release_nossl|Win32.Build.0 = Release|Win32
		{FBA5624D-5CC5-DA22-3EB5-312060DC1489}.Release_nossl|x64.ActiveCfg = Release_v90|Win32
		{FBA5624D-5CC5-DA22-3EB5-312060DC1489}.Release_v90|Win32.ActiveCfg = Release_v90|Win32
		{FBA5624D-5CC5-DA22-3EB5-312060DC1489}.Release_v90|Win32.Build.0 = Release_v90|Win32
		{FBA5624D-5CC5-DA22-3EB5-312060DC1489}.Release_v90|x64.ActiveCfg = Release_v90|Win32
		{FBA5624D-5CC5-DA22-3EB5-312060DC1489}.Release|Win32.ActiveCfg = Release|Win32
		{FBA5624D-5CC5-DA22-3EB5-312060DC1489}.Release|Win32.Build.0 = Release|Win32
		{FBA5624D-5CC5-DA22-3EB5-312060DC1489}.Release|x64.ActiveCfg = Release|Win32
		{FBA5624D-5CC5-DA22-3EB5-312060DC1489}.Release-MT|Win32.ActiveCfg = Release|Win32
		{FBA5624D-5CC5-DA22-3EB5-312060DC1489}.Release-MT|Win32.Build.0 = Release|Win32
		{FBA5624D-5CC5-DA22-3EB5-312060DC1489}.Release-MT|x64.ActiveCfg = Release|Win32
		{FBA5624D-5CC5-DA22-3EB5-312060DC1489}.Release-MT-dbg|Win32.ActiveCfg = Release|Win32
		{FBA5624D-5CC5-DA22-3EB5-312060DC1489}.Release-MT-dbg|Win32.Build.0 = Release|Win32
		{FBA5624D-5CC5-DA22-3EB5-312060DC1489}.Release-MT-dbg|x64.ActiveCfg = Release|Win32
		{FBA5624D-5CC5-DA22-3EB5-312060DC1489}.Template|Win32.ActiveCfg = Template|Win32
		{FBA5624D-5CC5-DA22-3EB5-312060DC1489}.Template|Win32.Build.0 = Template|Win32
		{FBA5624D-5CC5-DA22-3EB5-312060DC1489}.Template|x64.ActiveCfg = Template|Win32
		{F1DE6172-FA91-EF89-04D3-3A0BA498C818}.Debug_noCURL|Win32.ActiveCfg = Debug|Win32
		{F1DE6172-FA91-EF89-04D3-3A0BA498C818}.Debug_noCURL|Win32.Build.0 = Debug|Win32
		{F1DE6172-FA91-EF89-04D3-3A0BA498C818}.Debug_noCURL|x64.ActiveCfg = Debug|Win32
		{F1DE6172-FA91-EF89-04D3-3A0BA498C818}.Debug|Win32.ActiveCfg = Debug|Win32
		{F1DE6172-FA91-EF89-04D3-3A0BA498C818}.Debug|Win32.Build.0 = Debug|Win32
		{F1DE6172-FA91-EF89-04D3-3A0BA498C818}.Debug|x64.ActiveCfg = Debug|Win32
		{F1DE6172-FA91-EF89-04D3-3A0BA498C818}.Release_noCURL|Win32.ActiveCfg = Release|Win32
		{F1DE6172-FA91-EF89-04D3-3A0BA498C818}.Release_noCURL|Win32.Build.0 = Release|Win32
		{F1DE6172-FA91-EF89-04D3-3A0BA498C818}.Release_noCURL|x64.ActiveCfg = Release_v90|Win32
		{F1DE6172-FA91-EF89-04D3-3A0BA498C818}.Release_nossl|Win32.ActiveCfg = Release|Win32
		{F1DE6172-FA91-EF89-04D3-3A0BA498C818}.Release_nossl|Win32.Build.0 = Release|Win32
		{F1DE6172-FA91-EF89-04D3-3A0BA498C818}.Release_nossl|x64.ActiveCfg = Release_v90|Win32
		{F1DE6172-FA91-EF89-04D3-3A0BA498C818}.Release_v90|Win32.ActiveCfg = Release_v90|Win32
		{F1DE6172-FA91-EF89-04D3-3A0BA498C818}.Release_v90|Win32.Build.0 = Release_v90|Win32
		{F1DE6172-FA91-EF89-04D3-3A0BA498C818}.Release_v90|x64.ActiveCfg = Release_v90|Win32
		{F1DE6172-FA91-EF89-04D3-3A0BA498C818}.Release|Win32.ActiveCfg = Release|Win32
		{F1DE6172-FA91-EF89-04D3-3A0BA498C818}.Release|Win32.Build.0 = Release|Win32
		{F1DE6172-FA91-EF89-04D3-3A0BA498C818}.Release|x64.ActiveCfg = Release|Win32
		{F1DE6172-FA91-EF89-04D3-3A0BA498C818}.Release-MT|Win32.ActiveCfg = Release|Win32
		{F1DE6172-FA91-EF89-04D3-3A0BA498C818}.Release-MT|Win32.Build.0 = Release|Win32
		{F1DE6172-FA91-EF89-04D3-3A0BA498C818}.Release-MT|x64.ActiveCfg = Release|Win32
		{F1DE6172-FA91-EF89-04D3-3A0BA498C818}.Release-MT-dbg|Win32.ActiveCfg = Release|Win32
		{F1DE6172-FA91-EF89-04D3-3A0BA498C818}.Release-MT-dbg|Win32.Build.0 = Release|Win32
		{F1DE6172-FA91-EF89-04D3-3A0BA498C818}.Release-MT-dbg|x64.ActiveCfg = Release|Win32
		{F1DE6172-FA91-EF89-04D3-3A0BA498C818}.Template|Win32.ActiveCfg = Release|Win32
		{F1DE6172-FA91-EF89-04D3-3A0BA498C818}.Template|Win32.Build.0 = Release|Win32
		{F1DE6172-FA91-EF89-04D3-3A0BA498C818}.Template|x64.ActiveCfg = Release|Win32
		{D9CC9160-D8A8-C890-2FA6-A5BA87C9FC9F}.Debug_noCURL|Win32.ActiveCfg = Debug|Win32
		{D9CC9160-D8A8-C890-2FA6-A5BA87C9FC9F}.Debug_noCURL|Win32.Build.0 = Debug|Win32
		{D9CC9160-D8A8-C890-2FA6-A5BA87C9FC9F}.Debug_noCURL|x64.ActiveCfg = Debug|Win32
		{D9CC9160-D8A8-C890-2FA6-A5BA87C9FC9F}.Debug|Win32.ActiveCfg = Debug|Win32
		{D9CC9160-D8A8-C890-2FA6-A5BA87C9FC9F}.Debug|Win32.Build.0 = Debug|Win32
		{D9CC9160-D8A8-C890-2FA6-A5BA87C9FC9F}.Debug|x64.ActiveCfg = Debug|Win32
		{D9CC9160-D8A8-C890-2FA6-A5BA87C9FC9F}.Release_noCURL|Win32.ActiveCfg = Release|Win32
		{D9CC9160-D8A8-C890-2FA6-A5BA87C9FC9F}.Release_noCURL|Win32.Build.0 = Release|Win32
		{D9CC9160-D8A8-C890-2FA6-A5BA87C9FC9F}.Release_noCURL|x64.ActiveCfg = Release_v90|Win32
		{D9CC9160-D8A8-C890-2FA6-A5BA87C9FC9F}.Release_nossl|Win32.ActiveCfg = Release|Win32
		{D9CC9160-D8A8-C890-2FA6-A5BA87C9FC9F}.Release_nossl|Win32.Build.0 = Release|Win32
		{D9CC9160-D8A8-C890-2FA6-A5BA87C9FC9F}.Release_nossl|x64.ActiveCfg = Release_v90|Win32
		{D9CC9160-D8A8-C890-2FA6-A5BA87C9FC9F}.Release_v90|Win32.ActiveCfg = Release_v90|Win32
		{D9CC9160-D8A8-C890-2FA6-A5BA87C9FC9F}.Release_v90|Win32.Build.0 = Release_v90|Win32
		{D9CC9160-D8A8-C890-2FA6-A5BA87C9FC9F}.Release_v90|x64.ActiveCfg = Release_v90|Win32
		{D9CC9160-D8A8-C890-2FA6-A5BA87C9FC9F}.Release|Win32.ActiveCfg = Release|Win32
		{D9CC9160-D8A8-C890-2FA6-A5BA87C9FC9F}.Release|Win32.Build.0 = Release|Win32
		{D9CC9160-D8A8-C890-2FA6-A5BA87C9FC9F}.Release|x64.ActiveCfg = Release|Win32
		{D9CC9160-D8A8-C890-2FA6-A5BA87C9FC9F}.Release-MT|Win32.ActiveCfg = Release|Win32
		{D9CC9160-D8A8-C890-2FA6-A5BA87C9FC9F}.Release-MT|Win32.Build.0 = Release|Win32
		{D9CC9160-D8A8-C890-2FA6-A5BA87C9FC9F}.Release-MT|x64.ActiveCfg = Release|Win32
		{D9CC9160-D8A8-C890-2FA6-A5BA87C9FC9F}.Release-MT-dbg|Win32.ActiveCfg = Release|Win32
		{D9CC9160-D8A8-C890-2FA6-A5BA87C9FC9F}.Release-MT-dbg|Win32.Build.0 = Release|Win32
		{D9CC9160-D8A8-C890-2FA6-A5BA87C9FC9F}.Release-MT-dbg|x64.ActiveCfg = Release|Win32
		{D9CC9160-D8A8-C890-2FA6-A5BA87C9FC9F}.Template|Win32.ActiveCfg = Release|Win32
		{D9CC9160-D8A8-C890-2FA6-A5BA87C9FC9F}.Template|Win32.Build.0 = Release|Win32
		{D9CC9160-D8A8-C890-2FA6-A5BA87C9FC9F}.Template|x64.ActiveCfg = Release|Win32
		{24190CA9-490E-4D8F-93D7-55DFC80E2688}.Debug_noCURL|Win32.ActiveCfg = Debug|Win32
		{24190CA9-490E-4D8F-93D7-55DFC80E2688}.Debug_noCURL|Win32.Build.0 = Debug|Win32
		{24190CA9-490E-4D8F-93D7-55DFC80E2688}.Debug_noCURL|x64.ActiveCfg = Debug|Win32
		{24190CA9-490E-4D8F-93D7-55DFC80E2688}.Debug|Win32.ActiveCfg = Debug|Win32
		{24190CA9-490E-4D8F-93D7-55DFC80E2688}.Debug|Win32.Build.0 = Debug|Win32
		{24190CA9-490E-4D8F-93D7-55DFC80E2688}.Debug|x64.ActiveCfg = Debug|Win32
		{24190CA9-490E-4D8F-93D7-55DFC80E2688}.Release_noCURL|Win32.ActiveCfg = Release|Win32
		{24190CA9-490E-4D8F-93D7-55DFC80E2688}.Release_noCURL|Win32.Build.0 = Release|Win32
		{24190CA9-490E-4D8F-93D7-55DFC80E2688}.Release_noCURL|x64.ActiveCfg = Release_v90|Win32
		{24190CA9-490E-4D8F-93D7-55DFC80E2688}.Release_nossl|Win32.ActiveCfg = Release|Win32
		{24190CA9-490E-4D8F-93D7-55DFC80E2688}.Release_nossl|Win32.Build.0 = Release|Win32
		{24190CA9-490E-4D8F-93D7-55DFC80E2688}.Release_nossl|x64.ActiveCfg = Release_v90|Win32
		{24190CA9-490E-4D8F-93D7-55DFC80E2688}.Release_v90|Win32.ActiveCfg = Release_v90|Win32
		{24190CA9-490E-4D8F-93D7-55DFC80E2688}.Release_v90|x64.ActiveCfg = Release_v90|Win32
		{24190CA9-490E-4D8F-93D7-55DFC80E2688}.Release|Win32.ActiveCfg = Release|Win32
		{24190CA9-490E-4D8F-93D7-55DFC80E2688}.Release|Win32.Build.0 = Release|Win32
		{24190CA9-490E-4D8F-93D7-55DFC80E2688}.Release|x64.ActiveCfg = Release|Win32
		{24190CA9-490E-4D8F-93D7-55DFC80E2688}.Release-MT|Win32.ActiveCfg = Release-MT|Win32
		{24190CA9-490E-4D8F-93D7-55DFC80E2688}.Release-MT|Win32.Build.0 = Release-MT|Win32
		{24190CA9-490E-4D8F-93D7-55DFC80E2688}.Release-MT|x64.ActiveCfg = Release-MT|Win32
		{24190CA9-490E-4D8F-93D7-55DFC80E2688}.Release-MT-dbg|Win32.ActiveCfg = Release-MT-dbg|Win32
		{24190CA9-490E-4D8F-93D7-55DFC80E2688}.Release-MT-dbg|Win32.Build.0 = Release-MT-dbg|Win32
		{24190CA9-490E-4D8F-93D7-55DFC80E2688}.Release-MT-dbg|x64.ActiveCfg = Release-MT-dbg|Win32
		{24190CA9-490E-4D8F-93D7-55DFC80E2688}.Template|Win32.ActiveCfg = Release|Win32
		{24190CA9-490E-4D8F-93D7-55DFC80E2688}.Template|Win32.Build.0 = Release|Win32
		{24190CA9-490E-4D8F-93D7-55DFC80E2688}.Template|x64.ActiveCfg = Release|Win32
		{99ECAF97-19FC-45D1-B48D-8F482C3B9E50}.Debug_noCURL|Win32.ActiveCfg = Debug|Win32
		{99ECAF97-19FC-45D1-B48D-8F482C3B9E50}.Debug_noCURL|Win32.Build.0 = Debug|Win32
		{99ECAF97-19FC-45D1-B48D-8F482C3B9E50}.Debug_noCURL|x64.ActiveCfg = Debug|Win32
		{99ECAF97-19FC-45D1-B48D-8F482C3B9E50}.Debug|Win32.ActiveCfg = Debug|Win32
		{99ECAF97-19FC-45D1-B48D-8F482C3B9E50}.Debug|Win32.Build.0 = Debug|Win32
		{99ECAF97-19FC-45D1-B48D-8F482C3B9E50}.Debug|x64.ActiveCfg = Debug|Win32
		{99ECAF97-19FC-45D1-B48D-8F482C3B9E50}.Release_noCURL|Win32.ActiveCfg = Release|Win32
		{99ECAF97-19FC-45D1-B48D-8F482C3B9E50}.Release_noCURL|Win32.Build.0 = Release|Win32
		{99ECAF97-19FC-45D1-B48D-8F482C3B9E50}.Release_noCURL|x64.ActiveCfg = Release_v90|Win32
		{99ECAF97-19FC-45D1-B48D-8F482C3B9E50}.Release_nossl|Win32.ActiveCfg = Release|Win32
		{99ECAF97-19FC-45D1-B48D-8F482C3B9E50}.Release_nossl|Win32.Build.0 = Release|Win32
		{99ECAF97-19FC-45D1-B48D-8F482C3B9E50}.Release_nossl|x64.ActiveCfg = Release_v90|Win32
		{99ECAF97-19FC-45D1-B48D-8F482C3B9E50}.Release_v90|Win32.ActiveCfg = Release_v90|Win32
		{99ECAF97-19FC-45D1-B48D-8F482C3B9E50}.Release_v90|Win32.Build.0 = Release_v90|Win32
		{99ECAF97-19FC-45D1-B48D-8F482C3B9E50}.Release_v90|x64.ActiveCfg = Release_v90|Win32
		{99ECAF97-19FC-45D1-B48D-8F482C3B9E50}.Release|Win32.ActiveCfg = Release|Win32
		{99ECAF97-19FC-45D1-B48D-8F482C3B9E50}.Release|Win32.Build.0 = Release|Win32
		{99ECAF97-19FC-45D1-B48D-8F482C3B9E50}.Release|x64.ActiveCfg = Release|Win32
		{99ECAF97-19FC-45D1-B48D-8F482C3B9E50}.Release-MT|Win32.ActiveCfg = Release|Win32
		{99ECAF97-19FC-45D1-B48D-8F482C3B9E50}.Release-MT|Win32.Build.0 = Release|Win32
		{99ECAF97-19FC-45D1-B48D-8F482C3B9E50}.Release-MT|x64.ActiveCfg = Release|Win32
		{99ECAF97-19FC-45D1-B48D-8F482C3B9E50}.Release-MT-dbg|Win32.ActiveCfg = Release|Win32
		{99ECAF97-19FC-45D1-B48D-8F482C3B9E50}.Release-MT-dbg|Win32.Build.0 = Release|Win32
		{99ECAF97-19FC-45D1-B48D-8F482C3B9E50}.Release-MT-dbg|x64.ActiveCfg = Release|Win32
		{99ECAF97-19FC-45D1-B48D-8F482C3B9E50}.Template|Win32.ActiveCfg = Release|Win32
		{99ECAF97-19FC-45D1-B48D-8F482C3B9E50}.Template|Win32.Build.0 = Release|Win32
		{99ECAF97-19FC-45D1-B48D-8F482C3B9E50}.Template|x64.ActiveCfg = Release|Win32
		{93680E5B-7C48-D6AC-E9DC-9FDF76184856}.Debug_noCURL|Win32.ActiveCfg = Debug|Win32
		{93680E5B-7C48-D6AC-E9DC-9FDF76184856}.Debug_noCURL|Win32.Build.0 = Debug|Win32
		{93680E5B-7C48-D6AC-E9DC-9FDF76184856}.Debug_noCURL|x64.ActiveCfg = Debug|Win32
		{93680E5B-7C48-D6AC-E9DC-9FDF76184856}.Debug|Win32.ActiveCfg = Debug|Win32
		{93680E5B-7C48-D6AC-E9DC-9FDF76184856}.Debug|Win32.Build.0 = Debug|Win32
		{93680E5B-7C48-D6AC-E9DC-9FDF76184856}.Debug|x64.ActiveCfg = Debug|Win32
		{93680E5B-7C48-D6AC-E9DC-9FDF76184856}.Release_noCURL|Win32.ActiveCfg = Release|Win32
		{93680E5B-7C48-D6AC-E9DC-9FDF76184856}.Release_noCURL|Win32.Build.0 = Release|Win32
		{93680E5B-7C48-D6AC-E9DC-9FDF76184856}.Release_noCURL|x64.ActiveCfg = Release_v90|Win32
		{93680E5B-7C48-D6AC-E9DC-9FDF76184856}.Release_nossl|Win32.ActiveCfg = Debug|Win32
		{93680E5B-7C48-D6AC-E9DC-9FDF76184856}.Release_nossl|Win32.Build.0 = Debug|Win32
		{93680E5B-7C48-D6AC-E9DC-9FDF76184856}.Release_nossl|x64.ActiveCfg = Release_v90|Win32
		{93680E5B-7C48-D6AC-E9DC-9FDF76184856}.Release_v90|Win32.ActiveCfg = Release_v90|Win32
		{93680E5B-7C48-D6AC-E9DC-9FDF76184856}.Release_v90|Win32.Build.0 = Release_v90|Win32
		{93680E5B-7C48-D6AC-E9DC-9FDF76184856}.Release_v90|x64.ActiveCfg = Release_v90|Win32
		{93680E5B-7C48-D6AC-E9DC-9FDF76184856}.Release|Win32.ActiveCfg = ReleaseXUL22|Win32
		{93680E5B-7C48-D6AC-E9DC-9FDF76184856}.Release|Win32.Build.0 = ReleaseXUL22|Win32
		{93680E5B-7C48-D6AC-E9DC-9FDF76184856}.Release|x64.ActiveCfg = Release|Win32
		{93680E5B-7C48-D6AC-E9DC-9FDF76184856}.Release-MT|Win32.ActiveCfg = Release|Win32
		{93680E5B-7C48-D6AC-E9DC-9FDF76184856}.Release-MT|Win32.Build.0 = Release|Win32
		{93680E5B-7C48-D6AC-E9DC-9FDF76184856}.Release-MT|x64.ActiveCfg = Release|Win32
		{93680E5B-7C48-D6AC-E9DC-9FDF76184856}.Release-MT-dbg|Win32.ActiveCfg = Release|Win32
		{93680E5B-7C48-D6AC-E9DC-9FDF76184856}.Release-MT-dbg|Win32.Build.0 = Release|Win32
		{93680E5B-7C48-D6AC-E9DC-9FDF76184856}.Release-MT-dbg|x64.ActiveCfg = Release|Win32
		{93680E5B-7C48-D6AC-E9DC-9FDF76184856}.Template|Win32.ActiveCfg = Release|Win32
		{93680E5B-7C48-D6AC-E9DC-9FDF76184856}.Template|Win32.Build.0 = Release|Win32
		{93680E5B-7C48-D6AC-E9DC-9FDF76184856}.Template|x64.ActiveCfg = Release|Win32
		{C9AF4A8C-6F43-B40C-C597-855B63B3A8B4}.Debug_noCURL|Win32.ActiveCfg = Debug|Win32
		{C9AF4A8C-6F43-B40C-C597-855B63B3A8B4}.Debug_noCURL|Win32.Build.0 = Debug|Win32
		{C9AF4A8C-6F43-B40C-C597-855B63B3A8B4}.Debug_noCURL|x64.ActiveCfg = Debug|Win32
		{C9AF4A8C-6F43-B40C-C597-855B63B3A8B4}.Debug|Win32.ActiveCfg = Debug|Win32
		{C9AF4A8C-6F43-B40C-C597-855B63B3A8B4}.Debug|Win32.Build.0 = Debug|Win32
		{C9AF4A8C-6F43-B40C-C597-855B63B3A8B4}.Debug|x64.ActiveCfg = Debug|Win32
		{C9AF4A8C-6F43-B40C-C597-855B63B3A8B4}.Release_noCURL|Win32.ActiveCfg = Release|Win32
		{C9AF4A8C-6F43-B40C-C597-855B63B3A8B4}.Release_noCURL|Win32.Build.0 = Release|Win32
		{C9AF4A8C-6F43-B40C-C597-855B63B3A8B4}.Release_noCURL|x64.ActiveCfg = Release_v90|Win32
		{C9AF4A8C-6F43-B40C-C597-855B63B3A8B4}.Release_nossl|Win32.ActiveCfg = Release|Win32
		{C9AF4A8C-6F43-B40C-C597-855B63B3A8B4}.Release_nossl|Win32.Build.0 = Release|Win32
		{C9AF4A8C-6F43-B40C-C597-855B63B3A8B4}.Release_nossl|x64.ActiveCfg = Release_v90|Win32
		{C9AF4A8C-6F43-B40C-C597-855B63B3A8B4}.Release_v90|Win32.ActiveCfg = Release_v90|Win32
		{C9AF4A8C-6F43-B40C-C597-855B63B3A8B4}.Release_v90|Win32.Build.0 = Release_v90|Win32
		{C9AF4A8C-6F43-B40C-C597-855B63B3A8B4}.Release_v90|x64.ActiveCfg = Release_v90|Win32
		{C9AF4A8C-6F43-B40C-C597-855B63B3A8B4}.Release|Win32.ActiveCfg = Release|Win32
		{C9AF4A8C-6F43-B40C-C597-855B63B3A8B4}.Release|Win32.Build.0 = Release|Win32
		{C9AF4A8C-6F43-B40C-C597-855B63B3A8B4}.Release|x64.ActiveCfg = Release|Win32
		{C9AF4A8C-6F43-B40C-C597-855B63B3A8B4}.Release-MT|Win32.ActiveCfg = Release|Win32
		{C9AF4A8C-6F43-B40C-C597-855B63B3A8B4}.Release-MT|Win32.Build.0 = Release|Win32
		{C9AF4A8C-6F43-B40C-C597-855B63B3A8B4}.Release-MT|x64.ActiveCfg = Release|Win32
		{C9AF4A8C-6F43-B40C-C597-855B63B3A8B4}.Release-MT-dbg|Win32.ActiveCfg = Release|Win32
		{C9AF4A8C-6F43-B40C-C597-855B63B3A8B4}.Release-MT-dbg|Win32.Build.0 = Release|Win32
		{C9AF4A8C-6F43-B40C-C597-855B63B3A8B4}.Release-MT-dbg|x64.ActiveCfg = Release|Win32
		{C9AF4A8C-6F43-B40C-C597-855B63B3A8B4}.Template|Win32.ActiveCfg = Release|Win32
		{C9AF4A8C-6F43-B40C-C597-855B63B3A8B4}.Template|Win32.Build.0 = Release|Win32
		{C9AF4A8C-6F43-B40C-C597-855B63B3A8B4}.Template|x64.ActiveCfg = Release|Win32
		{DCC54B62-2206-4D78-9799-65BB2CD41B3B}.Debug_noCURL|Win32.ActiveCfg = Debug|Win32
		{DCC54B62-2206-4D78-9799-65BB2CD41B3B}.Debug_noCURL|Win32.Build.0 = Debug|Win32
		{DCC54B62-2206-4D78-9799-65BB2CD41B3B}.Debug_noCURL|x64.ActiveCfg = Debug|Win32
		{DCC54B62-2206-4D78-9799-65BB2CD41B3B}.Debug|Win32.ActiveCfg = Debug|Win32
		{DCC54B62-2206-4D78-9799-65BB2CD41B3B}.Debug|Win32.Build.0 = Debug|Win32
		{DCC54B62-2206-4D78-9799-65BB2CD41B3B}.Debug|x64.ActiveCfg = Debug|Win32
		{DCC54B62-2206-4D78-9799-65BB2CD41B3B}.Release_noCURL|Win32.ActiveCfg = Release|Win32
		{DCC54B62-2206-4D78-9799-65BB2CD41B3B}.Release_noCURL|Win32.Build.0 = Release|Win32
		{DCC54B62-2206-4D78-9799-65BB2CD41B3B}.Release_noCURL|x64.ActiveCfg = Release_v90|Win32
		{DCC54B62-2206-4D78-9799-65BB2CD41B3B}.Release_nossl|Win32.ActiveCfg = Release|Win32
		{DCC54B62-2206-4D78-9799-65BB2CD41B3B}.Release_nossl|Win32.Build.0 = Release|Win32
		{DCC54B62-2206-4D78-9799-65BB2CD41B3B}.Release_nossl|x64.ActiveCfg = Release_v90|Win32
		{DCC54B62-2206-4D78-9799-65BB2CD41B3B}.Release_v90|Win32.ActiveCfg = Release_v90|Win32
		{DCC54B62-2206-4D78-9799-65BB2CD41B3B}.Release_v90|Win32.Build.0 = Release_v90|Win32
		{DCC54B62-2206-4D78-9799-65BB2CD41B3B}.Release_v90|x64.ActiveCfg = Release_v90|Win32
		{DCC54B62-2206-4D78-9799-65BB2CD41B3B}.Release|Win32.ActiveCfg = Release|Win32
		{DCC54B62-2206-4D78-9799-65BB2CD41B3B}.Release|Win32.Build.0 = Release|Win32
		{DCC54B62-2206-4D78-9799-65BB2CD41B3B}.Release|x64.ActiveCfg = Release|Win32
		{DCC54B62-2206-4D78-9799-65BB2CD41B3B}.Release-MT|Win32.ActiveCfg = Release|Win32
		{DCC54B62-2206-4D78-9799-65BB2CD41B3B}.Release-MT|Win32.Build.0 = Release|Win32
		{DCC54B62-2206-4D78-9799-65BB2CD41B3B}.Release-MT|x64.ActiveCfg = Release|Win32
		{DCC54B62-2206-4D78-9799-65BB2CD41B3B}.Release-MT-dbg|Win32.ActiveCfg = Release|Win32
		{DCC54B62-2206-4D78-9799-65BB2CD41B3B}.Release-MT-dbg|Win32.Build.0 = Release|Win32
		{DCC54B62-2206-4D78-9799-65BB2CD41B3B}.Release-MT-dbg|x64.ActiveCfg = Release|Win32
		{DCC54B62-2206-4D78-9799-65BB2CD41B3B}.Template|Win32.ActiveCfg = Release|Win32
		{DCC54B62-2206-4D78-9799-65BB2CD41B3B}.Template|Win32.Build.0 = Release|Win32
		{DCC54B62-2206-4D78-9799-65BB2CD41B3B}.Template|x64.ActiveCfg = Release|Win32
		{22B2EAB7-5F6C-09D6-22AA-B5261F84D431}.Debug_noCURL|Win32.ActiveCfg = Debug_noCURL|Win32
		{22B2EAB7-5F6C-09D6-22AA-B5261F84D431}.Debug_noCURL|Win32.Build.0 = Debug_noCURL|Win32
		{22B2EAB7-5F6C-09D6-22AA-B5261F84D431}.Debug_noCURL|x64.ActiveCfg = Debug_noCURL|Win32
		{22B2EAB7-5F6C-09D6-22AA-B5261F84D431}.Debug|Win32.ActiveCfg = Debug|Win32
		{22B2EAB7-5F6C-09D6-22AA-B5261F84D431}.Debug|Win32.Build.0 = Debug|Win32
		{22B2EAB7-5F6C-09D6-22AA-B5261F84D431}.Debug|x64.ActiveCfg = Debug|Win32
		{22B2EAB7-5F6C-09D6-22AA-B5261F84D431}.Release_noCURL|Win32.ActiveCfg = Release_noCURL|Win32
		{22B2EAB7-5F6C-09D6-22AA-B5261F84D431}.Release_noCURL|Win32.Build.0 = Release_noCURL|Win32
		{22B2EAB7-5F6C-09D6-22AA-B5261F84D431}.Release_noCURL|x64.ActiveCfg = Release_noCURL|Win32
		{22B2EAB7-5F6C-09D6-22AA-B5261F84D431}.Release_nossl|Win32.ActiveCfg = Release_noCURL|Win32
		{22B2EAB7-5F6C-09D6-22AA-B5261F84D431}.Release_nossl|Win32.Build.0 = Release_noCURL|Win32
		{22B2EAB7-5F6C-09D6-22AA-B5261F84D431}.Release_nossl|x64.ActiveCfg = Release_noCURL|Win32
		{22B2EAB7-5F6C-09D6-22AA-B5261F84D431}.Release_v90|Win32.ActiveCfg = Release_v90|Win32
		{22B2EAB7-5F6C-09D6-22AA-B5261F84D431}.Release_v90|Win32.Build.0 = Release_v90|Win32
		{22B2EAB7-5F6C-09D6-22AA-B5261F84D431}.Release_v90|x64.ActiveCfg = Release_v90|Win32
		{22B2EAB7-5F6C-09D6-22AA-B5261F84D431}.Release|Win32.ActiveCfg = Release|Win32
		{22B2EAB7-5F6C-09D6-22AA-B5261F84D431}.Release|Win32.Build.0 = Release|Win32
		{22B2EAB7-5F6C-09D6-22AA-B5261F84D431}.Release|x64.ActiveCfg = Release|Win32
		{22B2EAB7-5F6C-09D6-22AA-B5261F84D431}.Release-MT|Win32.ActiveCfg = Release|Win32
		{22B2EAB7-5F6C-09D6-22AA-B5261F84D431}.Release-MT|Win32.Build.0 = Release|Win32
		{22B2EAB7-5F6C-09D6-22AA-B5261F84D431}.Release-MT|x64.ActiveCfg = Release|Win32
		{22B2EAB7-5F6C-09D6-22AA-B5261F84D431}.Release-MT-dbg|Win32.ActiveCfg = Release|Win32
		{22B2EAB7-5F6C-09D6-22AA-B5261F84D431}.Release-MT-dbg|Win32.Build.0 = Release|Win32
		{22B2EAB7-5F6C-09D6-22AA-B5261F84D431}.Release-MT-dbg|x64.ActiveCfg = Release|Win32
		{22B2EAB7-5F6C-09D6-22AA-B5261F84D431}.Template|Win32.ActiveCfg = Template|Win32
		{22B2EAB7-5F6C-09D6-22AA-B5261F84D431}.Template|Win32.Build.0 = Template|Win32
		{22B2EAB7-5F6C-09D6-22AA-B5261F84D431}.Template|x64.ActiveCfg = Template|Win32
		{ACC9D2D1-D9E6-343D-26B7-A46CA5344B2C}.Debug_noCURL|Win32.ActiveCfg = Debug|Win32
		{ACC9D2D1-D9E6-343D-26B7-A46CA5344B2C}.Debug_noCURL|Win32.Build.0 = Debug|Win32
		{ACC9D2D1-D9E6-343D-26B7-A46CA5344B2C}.Debug_noCURL|x64.ActiveCfg = Debug|Win32
		{ACC9D2D1-D9E6-343D-26B7-A46CA5344B2C}.Debug|Win32.ActiveCfg = Debug|Win32
		{ACC9D2D1-D9E6-343D-26B7-A46CA5344B2C}.Debug|Win32.Build.0 = Debug|Win32
		{ACC9D2D1-D9E6-343D-26B7-A46CA5344B2C}.Debug|x64.ActiveCfg = Debug|Win32
		{ACC9D2D1-D9E6-343D-26B7-A46CA5344B2C}.Release_noCURL|Win32.ActiveCfg = Release|Win32
		{ACC9D2D1-D9E6-343D-26B7-A46CA5344B2C}.Release_noCURL|Win32.Build.0 = Release|Win32
		{ACC9D2D1-D9E6-343D-26B7-A46CA5344B2C}.Release_noCURL|x64.ActiveCfg = Release_v90|Win32
		{ACC9D2D1-D9E6-343D-26B7-A46CA5344B2C}.Release_nossl|Win32.ActiveCfg = Release|Win32
		{ACC9D2D1-D9E6-343D-26B7-A46CA5344B2C}.Release_nossl|Win32.Build.0 = Release|Win32
		{ACC9D2D1-D9E6-343D-26B7-A46CA5344B2C}.Release_nossl|x64.ActiveCfg = Release_v90|Win32
		{ACC9D2D1-D9E6-343D-26B7-A46CA5344B2C}.Release_v90|Win32.ActiveCfg = Release_v90|Win32
		{ACC9D2D1-D9E6-343D-26B7-A46CA5344B2C}.Release_v90|Win32.Build.0 = Release_v90|Win32
		{ACC9D2D1-D9E6-343D-26B7-A46CA5344B2C}.Release_v90|x64.ActiveCfg = Release_v90|Win32
		{ACC9D2D1-D9E6-343D-26B7-A46CA5344B2C}.Release|Win32.ActiveCfg = Release|Win32
		{ACC9D2D1-D9E6-343D-26B7-A46CA5344B2C}.Release|Win32.Build.0 = Release|Win32
		{ACC9D2D1-D9E6-343D-26B7-A46CA5344B2C}.Release|x64.ActiveCfg = Release|Win32
		{ACC9D2D1-D9E6-343D-26B7-A46CA5344B2C}.Release-MT|Win32.ActiveCfg = Release|Win32
		{ACC9D2D1-D9E6-343D-26B7-A46CA5344B2C}.Release-MT|Win32.Build.0 = Release|Win32
		{ACC9D2D1-D9E6-343D-26B7-A46CA5344B2C}.Release-MT|x64.ActiveCfg = Release|Win32
		{ACC9D2D1-D9E6-343D-26B7-A46CA5344B2C}.Release-MT-dbg|Win32.ActiveCfg = Release|Win32
		{ACC9D2D1-D9E6-343D-26B7-A46CA5344B2C}.Release-MT-dbg|Win32.Build.0 = Release|Win32
		{ACC9D2D1-D9E6-343D-26B7-A46CA5344B2C}.Release-MT-dbg|x64.ActiveCfg = Release|Win32
		{ACC9D2D1-D9E6-343D-26B7-A46CA5344B2C}.Template|Win32.ActiveCfg = Release|Win32
		{ACC9D2D1-D9E6-343D-26B7-A46CA5344B2C}.Template|Win32.Build.0 = Release|Win32
		{ACC9D2D1-D9E6-343D-26B7-A46CA5344B2C}.Template|x64.ActiveCfg = Release|Win32
		{8097D2C4-7012-4148-BDAE-D117E5FB5301}.Debug_noCURL|Win32.ActiveCfg = Debug|Win32
		{8097D2C4-7012-4148-BDAE-D117E5FB5301}.Debug_noCURL|Win32.Build.0 = Debug|Win32
		{8097D2C4-7012-4148-BDAE-D117E5FB5301}.Debug_noCURL|x64.ActiveCfg = Debug|Win32
		{8097D2C4-7012-4148-BDAE-D117E5FB5301}.Debug|Win32.ActiveCfg = Debug|Win32
		{8097D2C4-7012-4148-BDAE-D117E5FB5301}.Debug|Win32.Build.0 = Debug|Win32
		{8097D2C4-7012-4148-BDAE-D117E5FB5301}.Debug|x64.ActiveCfg = Debug|Win32
		{8097D2C4-7012-4148-BDAE-D117E5FB5301}.Release_noCURL|Win32.ActiveCfg = Release|Win32
		{8097D2C4-7012-4148-BDAE-D117E5FB5301}.Release_noCURL|Win32.Build.0 = Release|Win32
		{8097D2C4-7012-4148-BDAE-D117E5FB5301}.Release_noCURL|x64.ActiveCfg = Release|Win32
		{8097D2C4-7012-4148-BDAE-D117E5FB5301}.Release_nossl|Win32.ActiveCfg = Release|Win32
		{8097D2C4-7012-4148-BDAE-D117E5FB5301}.Release_nossl|Win32.Build.0 = Release|Win32
		{8097D2C4-7012-4148-BDAE-D117E5FB5301}.Release_nossl|x64.ActiveCfg = Release|Win32
		{8097D2C4-7012-4148-BDAE-D117E5FB5301}.Release_v90|Win32.ActiveCfg = Release|Win32
		{8097D2C4-7012-4148-BDAE-D117E5FB5301}.Release_v90|Win32.Build.0 = Release|Win32
		{8097D2C4-7012-4148-BDAE-D117E5FB5301}.Release_v90|x64.ActiveCfg = Release|Win32
		{8097D2C4-7012-4148-BDAE-D117E5FB5301}.Release|Win32.ActiveCfg = Release|Win32
		{8097D2C4-7012-4148-BDAE-D117E5FB5301}.Release|Win32.Build.0 = Release|Win32
		{8097D2C4-7012-4148-BDAE-D117E5FB5301}.Release|x64.ActiveCfg = Release|Win32
		{8097D2C4-7012-4148-BDAE-D117E5FB5301}.Release-MT|Win32.ActiveCfg = Release|Win32
		{8097D2C4-7012-4148-BDAE-D117E5FB5301}.Release-MT|Win32.Build.0 = Release|Win32
		{8097D2C4-7012-4148-BDAE-D117E5FB5301}.Release-MT|x64.ActiveCfg = Release|Win32
		{8097D2C4-7012-4148-BDAE-D117E5FB5301}.Release-MT-dbg|Win32.ActiveCfg = Release|Win32
		{8097D2C4-7012-4148-BDAE-D117E5FB5301}.Release-MT-dbg|Win32.Build.0 = Release|Win32
		{8097D2C4-7012-4148-BDAE-D117E5FB5301}.Release-MT-dbg|x64.ActiveCfg = Release|Win32
		{8097D2C4-7012-4148-BDAE-D117E5FB5301}.Template|Win32.ActiveCfg = Release|Win32
		{8097D2C4-7012-4148-BDAE-D117E5FB5301}.Template|Win32.Build.0 = Release|Win32
		{8097D2C4-7012-4148-BDAE-D117E5FB5301}.Template|x64.ActiveCfg = Release|Win32
		{85E21817-4641-4B32-A3C2-635470006333}.Debug_noCURL|Win32.ActiveCfg = Debug|x64
		{85E21817-4641-4B32-A3C2-635470006333}.Debug_noCURL|x64.ActiveCfg = Debug|x64
		{85E21817-4641-4B32-A3C2-635470006333}.Debug_noCURL|x64.Build.0 = Debug|x64
		{85E21817-4641-4B32-A3C2-635470006333}.Debug|Win32.ActiveCfg = Debug|Win32
		{85E21817-4641-4B32-A3C2-635470006333}.Debug|Win32.Build.0 = Debug|Win32
		{85E21817-4641-4B32-A3C2-635470006333}.Debug|x64.ActiveCfg = Debug|x64
		{85E21817-4641-4B32-A3C2-635470006333}.Debug|x64.Build.0 = Debug|x64
		{85E21817-4641-4B32-A3C2-635470006333}.Release_noCURL|Win32.ActiveCfg = Release|x64
		{85E21817-4641-4B32-A3C2-635470006333}.Release_noCURL|x64.ActiveCfg = Release|x64
		{85E21817-4641-4B32-A3C2-635470006333}.Release_noCURL|x64.Build.0 = Release|x64
		{85E21817-4641-4B32-A3C2-635470006333}.Release_nossl|Win32.ActiveCfg = Release|x64
		{85E21817-4641-4B32-A3C2-635470006333}.Release_nossl|x64.ActiveCfg = Release|x64
		{85E21817-4641-4B32-A3C2-635470006333}.Release_nossl|x64.Build.0 = Release|x64
		{85E21817-4641-4B32-A3C2-635470006333}.Release_v90|Win32.ActiveCfg = Release|x64
		{85E21817-4641-4B32-A3C2-635470006333}.Release_v90|x64.ActiveCfg = Release|x64
		{85E21817-4641-4B32-A3C2-635470006333}.Release_v90|x64.Build.0 = Release|x64
		{85E21817-4641-4B32-A3C2-635470006333}.Release|Win32.ActiveCfg = Release|Win32
		{85E21817-4641-4B32-A3C2-635470006333}.Release|Win32.Build.0 = Release|Win32
		{85E21817-4641-4B32-A3C2-635470006333}.Release|x64.ActiveCfg = Release|x64
		{85E21817-4641-4B32-A3C2-635470006333}.Release|x64.Build.0 = Release|x64
		{85E21817-4641-4B32-A3C2-635470006333}.Release-MT|Win32.ActiveCfg = Release|x64
		{85E21817-4641-4B32-A3C2-635470006333}.Release-MT|x64.ActiveCfg = Release|x64
		{85E21817-4641-4B32-A3C2-635470006333}.Release-MT|x64.Build.0 = Release|x64
		{85E21817-4641-4B32-A3C2-635470006333}.Release-MT-dbg|Win32.ActiveCfg = Release|x64
		{85E21817-4641-4B32-A3C2-635470006333}.Release-MT-dbg|x64.ActiveCfg = Release|x64
		{85E21817-4641-4B32-A3C2-635470006333}.Release-MT-dbg|x64.Build.0 = Release|x64
		{85E21817-4641-4B32-A3C2-635470006333}.Template|Win32.ActiveCfg = Release|x64
		{85E21817-4641-4B32-A3C2-635470006333}.Template|x64.ActiveCfg = Release|x64
		{85E21817-4641-4B32-A3C2-635470006333}.Template|x64.Build.0 = Release|x64
		{45DF9AE7-97B7-4CD4-BC5B-D2EE743F2ED9}.Debug_noCURL|Win32.ActiveCfg = Debug|Win32
		{45DF9AE7-97B7-4CD4-BC5B-D2EE743F2ED9}.Debug_noCURL|Win32.Build.0 = Debug|Win32
		{45DF9AE7-97B7-4CD4-BC5B-D2EE743F2ED9}.Debug_noCURL|x64.ActiveCfg = Debug|Win32
		{45DF9AE7-97B7-4CD4-BC5B-D2EE743F2ED9}.Debug|Win32.ActiveCfg = Debug|Win32
		{45DF9AE7-97B7-4CD4-BC5B-D2EE743F2ED9}.Debug|Win32.Build.0 = Debug|Win32
		{45DF9AE7-97B7-4CD4-BC5B-D2EE743F2ED9}.Debug|x64.ActiveCfg = Debug|Win32
		{45DF9AE7-97B7-4CD4-BC5B-D2EE743F2ED9}.Release_noCURL|Win32.ActiveCfg = Release|Win32
		{45DF9AE7-97B7-4CD4-BC5B-D2EE743F2ED9}.Release_noCURL|Win32.Build.0 = Release|Win32
		{45DF9AE7-97B7-4CD4-BC5B-D2EE743F2ED9}.Release_noCURL|x64.ActiveCfg = Release|Win32
		{45DF9AE7-97B7-4CD4-BC5B-D2EE743F2ED9}.Release_nossl|Win32.ActiveCfg = Release|Win32
		{45DF9AE7-97B7-4CD4-BC5B-D2EE743F2ED9}.Release_nossl|Win32.Build.0 = Release|Win32
		{45DF9AE7-97B7-4CD4-BC5B-D2EE743F2ED9}.Release_nossl|x64.ActiveCfg = Release|Win32
		{45DF9AE7-97B7-4CD4-BC5B-D2EE743F2ED9}.Release_v90|Win32.ActiveCfg = Release|Win32
		{45DF9AE7-97B7-4CD4-BC5B-D2EE743F2ED9}.Release_v90|Win32.Build.0 = Release|Win32
		{45DF9AE7-97B7-4CD4-BC5B-D2EE743F2ED9}.Release_v90|x64.ActiveCfg = Release|Win32
		{45DF9AE7-97B7-4CD4-BC5B-D2EE743F2ED9}.Release|Win32.ActiveCfg = Release|Win32
		{45DF9AE7-97B7-4CD4-BC5B-D2EE743F2ED9}.Release|Win32.Build.0 = Release|Win32
		{45DF9AE7-97B7-4CD4-BC5B-D2EE743F2ED9}.Release|x64.ActiveCfg = Release|Win32
		{45DF9AE7-97B7-4CD4-BC5B-D2EE743F2ED9}.Release-MT|Win32.ActiveCfg = Release|Win32
		{45DF9AE7-97B7-4CD4-BC5B-D2EE743F2ED9}.Release-MT|Win32.Build.0 = Release|Win32
		{45DF9AE7-97B7-4CD4-BC5B-D2EE743F2ED9}.Release-MT|x64.ActiveCfg = Release|Win32
		{45DF9AE7-97B7-4CD4-BC5B-D2EE743F2ED9}.Release-MT-dbg|Win32.ActiveCfg = Release|Win32
		{45DF9AE7-97B7-4CD4-BC5B-D2EE743F2ED9}.Release-MT-dbg|Win32.Build.0 = Release|Win32
		{45DF9AE7-97B7-4CD4-BC5B-D2EE743F2ED9}.Release-MT-dbg|x64.ActiveCfg = Release|Win32
		{45DF9AE7-97B7-4CD4-BC5B-D2EE743F2ED9}.Template|Win32.ActiveCfg = Release|Win32
		{45DF9AE7-97B7-4CD4-BC5B-D2EE743F2ED9}.Template|Win32.Build.0 = Release|Win32
		{45DF9AE7-97B7-4CD4-BC5B-D2EE743F2ED9}.Template|x64.ActiveCfg = Release|Win32
	EndGlobalSection
	GlobalSection(SolutionProperties) = preSolution
		HideSolutionNode = FALSE
	EndGlobalSection
EndGlobal
