
Microsoft Visual Studio Solution File, Format Version 11.00
# Visual Studio 2010
Project("{8BC9CEB8-8B4A-11D0-8D11-00A0C91BC942}") = "FDM", "FDM.vcxproj", "{8288F773-B19F-3899-B09E-5EEC5BA05D95}"
	ProjectSection(ProjectDependencies) = postProject
		{85E21817-4641-4B32-A3C2-635470006333} = {85E21817-4641-4B32-A3C2-635470006333}
		{E914EC4E-157D-4179-32EE-F43B370C2A1E} = {E914EC4E-157D-4179-32EE-F43B370C2A1E}
		{D93EFF77-6382-61AE-56C7-A102B37FA94C} = {D93EFF77-6382-61AE-56C7-A102B37FA94C}
		{00DAF000-4B1D-2DE1-42ED-E31B70BD1CB9} = {00DAF000-4B1D-2DE1-42ED-E31B70BD1CB9}
		{03DFD2D4-D036-B870-17D5-8653D2AD352F} = {03DFD2D4-D036-B870-17D5-8653D2AD352F}
		{2D35369D-F1F6-CC62-B267-C3BE7F7ECCE4} = {2D35369D-F1F6-CC62-B267-C3BE7F7ECCE4}
	EndProjectSection
EndProject
Project("{8BC9CEB8-8B4A-11D0-8D11-00A0C91BC942}") = "PartMediaPreview", "PartMediaPreview\PartMediaPreview.vcxproj", "{E914EC4E-157D-4179-32EE-F43B370C2A1E}"
EndProject
Project("{8BC9CEB8-8B4A-11D0-8D11-00A0C91BC942}") = "FDMCustomized_lib", "FDMCustomized\FDMCustomized_lib\FDMCustomized_lib.vcxproj", "{D93EFF77-6382-61AE-56C7-A102B37FA94C}"
EndProject
Project("{8BC9CEB8-8B4A-11D0-8D11-00A0C91BC942}") = "Hash", "Hash\Hash.vcxproj", "{2D35369D-F1F6-CC62-B267-C3BE7F7ECCE4}"
EndProject
Project("{8BC9CEB8-8B4A-11D0-8D11-00A0C91BC942}") = "cURL_lib", "InetFile\cURL_lib\cURL_lib.vcxproj", "{00DAF000-4B1D-2DE1-42ED-E31B70BD1CB9}"
EndProject
Project("{8BC9CEB8-8B4A-11D0-8D11-00A0C91BC942}") = "Updater", "Updater\Updater.vcxproj", "{9C3B72DB-02C3-ED5D-305D-0BB995A19D70}"
EndProject
Project("{8BC9CEB8-8B4A-11D0-8D11-00A0C91BC942}") = "etasks", "etasks\etasks.vcxproj", "{44A7EF8E-CEAC-DF2F-6093-BD13F89B119D}"
EndProject
Project("{8BC9CEB8-8B4A-11D0-8D11-00A0C91BC942}") = "FDMCustIEBtn", "FDMCustomized\FDMCustIEBtn\FDMCustIEBtn.vcxproj", "{A12C4E24-180C-16B0-ED2D-0BA1F4DC7EC7}"
EndProject
Project("{8BC9CEB8-8B4A-11D0-8D11-00A0C91BC942}") = "fdminno", "InnoSetup\fdminno\fdminno.vcxproj", "{4A4B3D9D-3BC7-7A9A-AD9C-D0D453E262EB}"
EndProject
Project("{8BC9CEB8-8B4A-11D0-8D11-00A0C91BC942}") = "Web Interface", "Web Interface\Web Interface.vcxproj", "{C38FAC9C-048B-6AE7-96CB-6FEE7F3B114F}"
EndProject
Project("{8BC9CEB8-8B4A-11D0-8D11-00A0C91BC942}") = "iefdmdm", "iefdm\iefdmdm\iefdmdm.vcxproj", "{BC148262-C91F-0097-E4BD-B16BB6E31A5D}"
EndProject
Project("{8BC9CEB8-8B4A-11D0-8D11-00A0C91BC942}") = "OpNetCatcher", "OpNetCatcher\OpNetCatcher.vcxproj", "{870313CC-AF2B-5A00-26FF-D457028BE8EE}"
EndProject
Project("{8BC9CEB8-8B4A-11D0-8D11-00A0C91BC942}") = "FdmIeBho", "iefdm\FdmIeBho\FdmIeBho.vcxproj", "{F93DD362-658E-2954-4596-643CBEA70186}"
EndProject
Project("{8BC9CEB8-8B4A-11D0-8D11-00A0C91BC942}") = "libtorrent", "Bittorrent\libtorrent\libtorrent.vcxproj", "{24190CA9-490E-4D8F-93D7-55DFC80E2688}"
EndProject
Project("{8BC9CEB8-8B4A-11D0-8D11-00A0C91BC942}") = "fdmbtsupp", "Bittorrent\fdmbtsupp\fdmbtsupp.vcxproj", "{99ECAF97-19FC-45D1-B48D-8F482C3B9E50}"
EndProject
Project("{8BC9CEB8-8B4A-11D0-8D11-00A0C91BC942}") = "Component", "Firefox\XPCOM Component\Component.vcxproj", "{CFB2F226-3635-B287-2E85-1C3702640901}"
EndProject
Project("{8BC9CEB8-8B4A-11D0-8D11-00A0C91BC942}") = "vistafx", "vistafx\vistafx.vcxproj", "{614F7955-8609-FB66-9A74-3BE8E3F1CF66}"
EndProject
Project("{8BC9CEB8-8B4A-11D0-8D11-00A0C91BC942}") = "UrlMonSpy", "iefdm\UrlMonSpy\UrlMonSpy.vcxproj", "{DCC54B62-2206-4D78-9799-65BB2CD41B3B}"
EndProject
Project("{8BC9CEB8-8B4A-11D0-8D11-00A0C91BC942}") = "InetFile", "InetFile\InetFile.vcxproj", "{03DFD2D4-D036-B870-17D5-8653D2AD352F}"
EndProject
Project("{8BC9CEB8-8B4A-11D0-8D11-00A0C91BC942}") = "AppWinSockSniffDll", "AppWinSockSniffDll\AppWinSockSniffDll.vcxproj", "{BC94AD01-65D0-CACB-25A8-8A51DA153B41}"
EndProject
Project("{8BC9CEB8-8B4A-11D0-8D11-00A0C91BC942}") = "msdl", "msdl\msdl.vcxproj", "{8097D2C4-7012-4148-BDAE-D117E5FB5301}"
EndProject
Project("{8BC9CEB8-8B4A-11D0-8D11-00A0C91BC942}") = "zlib", "zlib\zlib.vcxproj", "{85E21817-4641-4B32-A3C2-635470006333}"
EndProject
Project("{8BC9CEB8-8B4A-11D0-8D11-00A0C91BC942}") = "ChromeNativeHost", "Chrome\ChromeNativeHost.vcxproj", "{45DF9AE7-97B7-4CD4-BC5B-D2EE743F2ED9}"
EndProject
Global
	GlobalSection(SolutionConfigurationPlatforms) = preSolution
		Debug_noCURL|Win32 = Debug_noCURL|Win32
		Debug_noCURL|x64 = Debug_noCURL|x64
		Debug|Win32 = Debug|Win32
		Debug|x64 = Debug|x64
		Release_noCURL|Win32 = Release_noCURL|Win32
		Release_noCURL|x64 = Release_noCURL|x64
		Release_nossl|Win32 = Release_nossl|Win32
		Release_nossl|x64 = Release_nossl|x64
		Release_v90|Win32 = Release_v90|Win32
		Release_v90|x64 = Release_v90|x64
		Release|Win32 = Release|Win32
		Release|x64 = Release|x64
		Release-MT|Win32 = Release-MT|Win32
		Release-MT|x64 = Release-MT|x64
		Release-MT-dbg|Win32 = Release-MT-dbg|Win32
		Release-MT-dbg|x64 = Release-MT-dbg|x64
		Template|Win32 = Template|Win32
		Template|x64 = Template|x64
	EndGlobalSection
	GlobalSection(ProjectConfigurationPlatforms) = postSolution
		{8288F773-B19F-3899-B09E-5EEC5BA05D95}.Debug_noCURL|Win32.ActiveCfg = Debug|Win32
		{8288F773-B19F-3899-B09E-5EEC5BA05D95}.Debug_noCURL|Win32.Build.0 = Debug|Win32
		{8288F773-B19F-3899-B09E-5EEC5BA05D95}.Debug_noCURL|x64.ActiveCfg = Debug|Win32
		{8288F773-B19F-3899-B09E-5EEC5BA05D95}.Debug|Win32.ActiveCfg = Debug|Win32
		{8288F773-B19F-3899-B09E-5EEC5BA05D95}.Debug|Win32.Build.0 = Debug|Win32
		{8288F773-B19F-3899-B09E-5EEC5BA05D95}.Debug|x64.ActiveCfg = Debug|Win32
		{8288F773-B19F-3899-B09E-5EEC5BA05D95}.Release_noCURL|Win32.ActiveCfg = Release|Win32
		{8288F773-B19F-3899-B09E-5EEC5BA05D95}.Release_noCURL|Win32.Build.0 = Release|Win32
		{8288F773-B19F-3899-B09E-5EEC5BA05D95}.Release_noCURL|x64.ActiveCfg = Release_v90|Win32
		{8288F773-B19F-3899-B09E-5EEC5BA05D95}.Release_nossl|Win32.ActiveCfg = Release|Win32
		{8288F773-B19F-3899-B09E-5EEC5BA05D95}.Release_nossl|Win32.Build.0 = Release|Win32
		{8288F773-B19F-3899-B09E-5EEC5BA05D95}.Release_nossl|x64.ActiveCfg = Release_v90|Win32
		{8288F773-B19F-3899-B09E-5EEC5BA05D95}.Release_v90|Win32.ActiveCfg = Release_v90|Win32
		{8288F773-B19F-3899-B09E-5EEC5BA05D95}.Release_v90|Win32.Build.0 = Release_v90|Win32
		{8288F773-B19F-3899-B09E-5EEC5BA05D95}.Release_v90|x64.ActiveCfg = Release_v90|Win32
		{8288F773-B19F-3899-B09E-5EEC5BA05D95}.Release|Win32.ActiveCfg = Release|Win32
		{8288F773-B19F-3899-B09E-5EEC5BA05D95}.Release|Win32.Build.0 = Release|Win32
		{8288F773-B19F-3899-B09E-5EEC5BA05D95}.Release|x64.ActiveCfg = Release|Win32
		{8288F773-B19F-3899-B09E-5EEC5BA05D95}.Release-MT|Win32.ActiveCfg = Release|Win32
		{8288F773-B19F-3899-B09E-5EEC5BA05D95}.Release-MT|Win32.Build.0 = Release|Win32
		{8288F773-B19F-3899-B09E-5EEC5BA05D95}.Release-MT|x64.ActiveCfg = Release|Win32
		{8288F773-B19F-3899-B09E-5EEC5BA05D95}.Release-MT-dbg|Win32.ActiveCfg = Release|Win32
		{8288F773-B19F-3899-B09E-5EEC5BA05D95}.Release-MT-dbg|Win32.Build.0 = Release|Win32
		{8288F773-B19F-3899-B09E-5EEC5BA05D95}.Release-MT-dbg|x64.ActiveCfg = Release|Win32
		{8288F773-B19F-3899-B09E-5EEC5BA05D95}.Template|Win32.ActiveCfg = Release|Win32
		{8288F773-B19F-3899-B09E-5EEC5BA05D95}.Template|Win32.Build.0 = Release|Win32
		{8288F773-B19F-3899-B09E-5EEC5BA05D95}.Template|x64.ActiveCfg = Release|Win32
		{E914EC4E-157D-4179-32EE-F43B370C2A1E}.Debug_noCURL|Win32.ActiveCfg = Debug|Win32
		{E914EC4E-157D-4179-32EE-F43B370C2A1E}.Debug_noCURL|Win32.Build.0 = Debug|Win32
		{E914EC4E-157D-4179-32EE-F43B370C2A1E}.Debug_noCURL|x64.ActiveCfg = Debug|Win32
		{E914EC4E-157D-4179-32EE-F43B370C2A1E}.Debug|Win32.ActiveCfg = Debug|Win32
		{E914EC4E-157D-4179-32EE-F43B370C2A1E}.Debug|Win32.Build.0 = Debug|Win32
		{E914EC4E-157D-4179-32EE-F43B370C2A1E}.Debug|x64.ActiveCfg = Debug|Win32
		{E914EC4E-157D-4179-32EE-F43B370C2A1E}.Release_noCURL|Win32.ActiveCfg = Release|Win32
		{E914EC4E-157D-4179-32EE-F43B370C2A1E}.Release_noCURL|Win32.Build.0 = Release|Win32
		{E914EC4E-157D-4179-32EE-F43B370C2A1E}.Release_noCURL|x64.ActiveCfg = Release_v90|Win32
		{E914EC4E-157D-4179-32EE-F43B370C2A1E}.Release_nossl|Win32.ActiveCfg = Release|Win32
		{E914EC4E-157D-4179-32EE-F43B370C2A1E}.Release_nossl|Win32.Build.0 = Release|Win32
		{E914EC4E-157D-4179-32EE-F43B370C2A1E}.Release_nossl|x64.ActiveCfg = Release_v90|Win32
		{E914EC4E-157D-4179-32EE-F43B370C2A1E}.Release_v90|Win32.ActiveCfg = Release_v90|Win32
		{E914EC4E-157D-4179-32EE-F43B370C2A1E}.Release_v90|Win32.Build.0 = Release_v90|Win32
		{E914EC4E-157D-4179-32EE-F43B370C2A1E}.Release_v90|x64.ActiveCfg = Release_v90|Win32
		{E914EC4E-157D-4179-32EE-F43B370C2A1E}.Release|Win32.ActiveCfg = Release|Win32
		{E914EC4E-157D-4179-32EE-F43B370C2A1E}.Release|Win32.Build.0 = Release|Win32
		{E914EC4E-157D-4179-32EE-F43B370C2A1E}.Release|x64.ActiveCfg = Release|Win32
		{E914EC4E-157D-4179-32EE-F43B370C2A1E}.Release-MT|Win32.ActiveCfg = Release|Win32
		{E914EC4E-157D-4179-32EE-F43B370C2A1E}.Release-MT|Win32.Build.0 = Release|Win32
		{E914EC4E-157D-4179-32EE-F43B370C2A1E}.Release-MT|x64.ActiveCfg = Release|Win32
		{E914EC4E-157D-4179-32EE-F43B370C2A1E}.Release-MT-dbg|Win32.ActiveCfg = Release|Win32
		{E914EC4E-157D-4179-32EE-F43B370C2A1E}.Release-MT-dbg|Win32.Build.0 = Release|Win32
		{E914EC4E-157D-4179-32EE-F43B370C2A1E}.Release-MT-dbg|x64.ActiveCfg = Release|Win32
		{E914EC4E-157D-4179-32EE-F43B370C2A1E}.Template|Win32.ActiveCfg = Release|Win32
		{E914EC4E-157D-4179-32EE-F43B370C2A1E}.Template|Win32.Build.0 = Release|Win32
		{E914EC4E-157D-4179-32EE-F43B370C2A1E}.Template|x64.ActiveCfg = Release|Win32
		{D93EFF77-6382-61AE-56C7-A102B37FA94C}.Debug_noCURL|Win32.ActiveCfg = Debug|Win32
		{D93EFF77-6382-61AE-56C7-A102B37FA94C}.Debug_noCURL|Win32.Build.0 = Debug|Win32
		{D93EFF77-6382-61AE-56C7-A102B37FA94C}.Debug_noCURL|x64.ActiveCfg = Debug|Win32
		{D93EFF77-6382-61AE-56C7-A102B37FA94C}.Debug|Win32.ActiveCfg = Debug|Win32
		{D93EFF77-6382-61AE-56C7-A102B37FA94C}.Debug|Win32.Build.0 = Debug|Win32
		{D93EFF77-6382-61AE-56C7-A102B37FA94C}.Debug|x64.ActiveCfg = Debug|Win32
		{D93EFF77-6382-61AE-56C7-A102B37FA94C}.Release_noCURL|Win32.ActiveCfg = Release|Win32
		{D93EFF77-6382-61AE-56C7-A102B37FA94C}.Release_noCURL|Win32.Build.0 = Release|Win32
		{D93EFF77-6382-61AE-56C7-A102B37FA94C}.Release_noCURL|x64.ActiveCfg = Release_v90|Win32
		{D93EFF77-6382-61AE-56C7-A102B37FA94C}.Release_nossl|Win32.ActiveCfg = Release|Win32
		{D93EFF77-6382-61AE-56C7-A102B37FA94C}.Release_nossl|Win32.Build.0 = Release|Win32
		{D93EFF77-6382-61AE-56C7-A102B37FA94C}.Release_nossl|x64.ActiveCfg = Release_v90|Win32
		{D93EFF77-6382-61AE-56C7-A102B37FA94C}.Release_v90|Win32.ActiveCfg = Release_v90|Win32
		{D93EFF77-6382-61AE-56C7-A102B37FA94C}.Release_v90|Win32.Build.0 = Release_v90|Win32
		{D93EFF77-6382-61AE-56C7-A102B37FA94C}.Release_v90|x64.ActiveCfg = Release_v90|Win32
		{D93EFF77-6382-61AE-56C7-A102B37FA94C}.Release|Win32.ActiveCfg = Release|Win32
		{D93EFF77-6382-61AE-56C7-A102B37FA94C}.Release|Win32.Build.0 = Release|Win32
		{D93EFF77-6382-61AE-56C7-A102B37FA94C}.Release|x64.ActiveCfg = Release|Win32
		{D93EFF77-6382-61AE-56C7-A102B37FA94C}.Release-MT|Win32.ActiveCfg = Release|Win32
		{D93EFF77-6382-61AE-56C7-A102B37FA94C}.Release-MT|Win32.Build.0 = Release|Win32
		{D93EFF77-6382-61AE-56C7-A102B37FA94C}.Release-MT|x64.ActiveCfg = Release|Win32
		{D93EFF77-6382-61AE-56C7-A102B37FA94C}.Release-MT-dbg|Win32.ActiveCfg = Release|Win32
		{D93EFF77-6382-61AE-56C7-A102B37FA94C}.Release-MT-dbg|Win32.Build.0 = Release|Win32
		{D93EFF77-6382-61AE-56C7-A102B37FA94C}.Release-MT-dbg|x64.ActiveCfg = Release|Win32
		{D93EFF77-6382-61AE-56C7-A102B37FA94C}.Template|Win32.ActiveCfg = Template|Win32
		{D93EFF77-6382-61AE-56C7-A102B37FA94C}.Template|Win32.Build.0 = Template|Win32
		{D93EFF77-6382-61AE-56C7-A102B37FA94C}.Template|x64.ActiveCfg = Template|Win32
		{2D35369D-F1F6-CC62-B267-C3BE7F7ECCE4}.Debug_noCURL|Win32.ActiveCfg = Debug|Win32
		{2D35369D-F1F6-CC62-B267-C3BE7F7ECCE4}.Debug_noCURL|Win32.Build.0 = Debug|Win32
		{2D35369D-F1F6-CC62-B267-C3BE7F7ECCE4}.Debug_noCURL|x64.ActiveCfg = Debug|Win32
		{2D35369D-F1F6-CC62-B267-C3BE7F7ECCE4}.Debug|Win32.ActiveCfg = Debug|Win32
		{2D35369D-F1F6-CC62-B267-C3BE7F7ECCE4}.Debug|Win32.Build.0 = Debug|Win32
		{2D35369D-F1F6-CC62-B267-C3BE7F7ECCE4}.Debug|x64.ActiveCfg = Debug|Win32
		{2D35369D-F1F6-CC62-B267-C3BE7F7ECCE4}.Release_noCURL|Win32.ActiveCfg = Release|Win32
		{2D35369D-F1F6-CC62-B267-C3BE7F7ECCE4}.Release_noCURL|Win32.Build.0 = Release|Win32
		{2D35369D-F1F6-CC62-B267-C3BE7F7ECCE4}.Release_noCURL|x64.ActiveCfg = Release_v90|Win32
		{2D35369D-F1F6-CC62-B267-C3BE7F7ECCE4}.Release_nossl|Win32.ActiveCfg = Release|Win32
		{2D35369D-F1F6-CC62-B267-C3BE7F7ECCE4}.Release_nossl|Win32.Build.0 = Release|Win32
		{2D35369D-F1F6-CC62-B267-C3BE7F7ECCE4}.Release_nossl|x64.ActiveCfg = Release_v90|Win32
		{2D35369D-F1F6-CC62-B267-C3BE7F7ECCE4}.Release_v90|Win32.ActiveCfg = Release_v90|Win32
		{2D35369D-F1F6-CC62-B267-C3BE7F7ECCE4}.Release_v90|Win32.Build.0 = Release_v90|Win32
		{2D35369D-F1F6-CC62-B267-C3BE7F7ECCE4}.Release_v90|x64.ActiveCfg = Release_v90|Win32
		{2D35369D-F1F6-CC62-B267-C3BE7F7ECCE4}.Release|Win32.ActiveCfg = Release|Win32
		{2D35369D-F1F6-CC62-B267-C3BE7F7ECCE4}.Release|Win32.Build.0 = Release|Win32
		{2D35369D-F1F6-CC62-B267-C3BE7F7ECCE4}.Release|x64.ActiveCfg = Release|Win32
		{2D35369D-F1F6-CC62-B267-C3BE7F7ECCE4}.Release-MT|Win32.ActiveCfg = Release|Win32
		{2D35369D-F1F6-CC62-B267-C3BE7F7ECCE4}.Release-MT|Win32.Build.0 = Release|Win32
		{2D35369D-F1F6-CC62-B267-C3BE7F7ECCE4}.Release-MT|x64.ActiveCfg = Release|Win32
		{2D35369D-F1F6-CC62-B267-C3BE7F7ECCE4}.Release-MT-dbg|Win32.ActiveCfg = Release|Win32
		{2D35369D-F1F6-CC62-B267-C3BE7F7ECCE4}.Release-MT-dbg|Win32.Build.0 = Release|Win32
		{2D35369D-F1F6-CC62-B267-C3BE7F7ECCE4}.Release-MT-dbg|x64.ActiveCfg = Release|Win32
		{2D35369D-F1F6-CC62-B267-C3BE7F7ECCE4}.Template|Win32.ActiveCfg = Template|Win32
		{2D35369D-F1F6-CC62-B267-C3BE7F7ECCE4}.Template|Win32.Build.0 = Template|Win32
		{2D35369D-F1F6-CC62-B267-C3BE7F7ECCE4}.Template|x64.ActiveCfg = Template|Win32
		{00DAF000-4B1D-2DE1-42ED-E31B70BD1CB9}.Debug_noCURL|Win32.ActiveCfg = Debug|Win32
		{00DAF000-4B1D-2DE1-42ED-E31B70BD1CB9}.Debug_noCURL|Win32.Build.0 = Debug|Win32
		{00DAF000-4B1D-2DE1-42ED-E31B70BD1CB9}.Debug_noCURL|x64.ActiveCfg = Debug|Win32
		{00DAF000-4B1D-2DE1-42ED-E31B70BD1CB9}.Debug|Win32.ActiveCfg = Debug|Win32
		{00DAF000-4B1D-2DE1-42ED-E31B70BD1CB9}.Debug|Win32.Build.0 = Debug|Win32
		{00DAF000-4B1D-2DE1-42ED-E31B70BD1CB9}.Debug|x64.ActiveCfg = Debug|Win32
		{00DAF000-4B1D-2DE1-42ED-E31B70BD1CB9}.Release_noCURL|Win32.ActiveCfg = Release_nossl|Win32
		{00DAF000-4B1D-2DE1-42ED-E31B70BD1CB9}.Release_noCURL|Win32.Build.0 = Release_nossl|Win32
		{00DAF000-4B1D-2DE1-42ED-E31B70BD1CB9}.Release_noCURL|x64.ActiveCfg = Release_nossl|Win32
		{00DAF000-4B1D-2DE1-42ED-E31B70BD1CB9}.Release_nossl|Win32.ActiveCfg = Release_nossl|Win32
		{00DAF000-4B1D-2DE1-42ED-E31B70BD1CB9}.Release_nossl|Win32.Build.0 = Release_nossl|Win32
		{00DAF000-4B1D-2DE1-42ED-E31B70BD1CB9}.Release_nossl|x64.ActiveCfg = Release_nossl|Win32
		{00DAF000-4B1D-2DE1-42ED-E31B70BD1CB9}.Release_v90|Win32.ActiveCfg = Release_v90|Win32
		{00DAF000-4B1D-2DE1-42ED-E31B70BD1CB9}.Release_v90|Win32.Build.0 = Release_v90|Win32
		{00DAF000-4B1D-2DE1-42ED-E31B70BD1CB9}.Release_v90|x64.ActiveCfg = Release_v90|Win32
		{00DAF000-4B1D-2DE1-42ED-E31B70BD1CB9}.Release|Win32.ActiveCfg = Release|Win32
		{00DAF000-4B1D-2DE1-42ED-E31B70BD1CB9}.Release|Win32.Build.0 = Release|Win32
		{00DAF000-4B1D-2DE1-42ED-E31B70BD1CB9}.Release|x64.ActiveCfg = Release|Win32
		{00DAF000-4B1D-2DE1-42ED-E31B70BD1CB9}.Release-MT|Win32.ActiveCfg = Release|Win32
		{00DAF000-4B1D-2DE1-42ED-E31B70BD1CB9}.Release-MT|Win32.Build.0 = Release|Win32
		{00DAF000-4B1D-2DE1-42ED-E31B70BD1CB9}.Release-MT|x64.ActiveCfg = Release|Win32
		{00DAF000-4B1D-2DE1-42ED-E31B70BD1CB9}.Release-MT-dbg|Win32.ActiveCfg = Release|Win32
		{00DAF000-4B1D-2DE1-42ED-E31B70BD1CB9}.Release-MT-dbg|Win32.Build.0 = Release|Win32
		{00DAF000-4B1D-2DE1-42ED-E31B70BD1CB9}.Release-MT-dbg|x64.ActiveCfg = Release|Win32
		{00DAF000-4B1D-2DE1-42ED-E31B70BD1CB9}.Template|Win32.ActiveCfg = Template|Win32
		{00DAF000-4B1D-2DE1-42ED-E31B70BD1CB9}.Template|Win32.Build.0 = Template|Win32
		{00DAF000-4B1D-2DE1-42ED-E31B70BD1CB9}.Template|x64.ActiveCfg = Template|Win32
		{9C3B72DB-02C3-ED5D-305D-0BB995A19D70}.Debug_noCURL|Win32.ActiveCfg = Debug|Win32
		{9C3B72DB-02C3-ED5D-305D-0BB995A19D70}.Debug_noCURL|Win32.Build.0 = Debug|Win32
		{9C3B72DB-02C3-ED5D-305D-0BB995A19D70}.Debug_noCURL|x64.ActiveCfg = Debug|Win32
		{9C3B72DB-02C3-ED5D-305D-0BB995A19D70}.Debug|Win32.ActiveCfg = Debug|Win32
		{9C3B72DB-02C3-ED5D-305D-0BB995A19D70}.Debug|Win32.Build.0 = Debug|Win32
		{9C3B72DB-02C3-ED5D-305D-0BB995A19D70}.Debug|x64.ActiveCfg = Debug|Win32
		{9C3B72DB-02C3-ED5D-305D-0BB995A19D70}.Release_noCURL|Win32.ActiveCfg = Release|Win32
		{9C3B72DB-02C3-ED5D-305D-0BB995A19D70}.Release_noCURL|Win32.Build.0 = Release|Win32
		{9C3B72DB-02C3-ED5D-305D-0BB995A19D70}.Release_noCURL|x64.ActiveCfg = Release_v90|Win32
		{9C3B72DB-02C3-ED5D-305D-0BB995A19D70}.Release_nossl|Win32.ActiveCfg = Release|Win32
		{9C3B72DB-02C3-ED5D-305D-0BB995A19D70}.Release_nossl|Win32.Build.0 = Release|Win32
		{9C3B72DB-02C3-ED5D-305D-0BB995A19D70}.Release_nossl|x64.ActiveCfg = Release_v90|Win32
		{9C3B72DB-02C3-ED5D-305D-0BB995A19D70}.Release_v90|Win32.ActiveCfg = Release_v90|Win32
		{9C3B72DB-02C3-ED5D-305D-0BB995A19D70}.Release_v90|Win32.Build.0 = Release_v90|Win32
		{9C3B72DB-02C3-ED5D-305D-0BB995A19D70}.Release_v90|x64.ActiveCfg = Release_v90|Win32
		{9C3B72DB-02C3-ED5D-305D-0BB995A19D70}.Release|Win32.ActiveCfg = Release|Win32
		{9C3B72DB-02C3-ED5D-305D-0BB995A19D70}.Release|Win32.Build.0 = Release|Win32
		{9C3B72DB-02C3-ED5D-305D-0BB995A19D70}.Release|x64.ActiveCfg = Release|Win32
		{9C3B72DB-02C3-ED5D-305D-0BB995A19D70}.Release-MT|Win32.ActiveCfg = Release|Win32
		{9C3B72DB-02C3-ED5D-305D-0BB995A19D70}.Release-MT|Win32.Build.0 = Release|Win32
		{9C3B72DB-02C3-ED5D-305D-0BB995A19D70}.Release-MT|x64.ActiveCfg = Release|Win32
		{9C3B72DB-02C3-ED5D-305D-0BB995A19D70}.Release-MT-dbg|Win32.ActiveCfg = Release|Win32
		{9C3B72DB-02C3-ED5D-305D-0BB995A19D70}.Release-MT-dbg|Win32.Build.0 = Release|Win32
		{9C3B72DB-02C3-ED5D-305D-0BB995A19D70}.Release-MT-dbg|x64.ActiveCfg = Release|Win32
		{9C3B72DB-02C3-ED5D-305D-0BB995A19D70}.Template|Win32.ActiveCfg = Release|Win32
		{9C3B72DB-02C3-ED5D-305D-0BB995A19D70}.Template|Win32.Build.0 = Release|Win32
		{9C3B72DB-02C3-ED5D-305D-0BB995A19D70}.Template|x64.ActiveCfg = Release|Win32
		{44A7EF8E-CEAC-DF2F-6093-BD13F89B119D}.Debug_noCURL|Win32.ActiveCfg = Debug|Win32
		{44A7EF8E-CEAC-DF2F-6093-BD13F89B119D}.Debug_noCURL|Win32.Build.0 = Debug|Win32
		{44A7EF8E-CEAC-DF2F-6093-BD13F89B119D}.Debug_noCURL|x64.ActiveCfg = Debug|Win32
		{44A7EF8E-CEAC-DF2F-6093-BD13F89B119D}.Debug|Win32.ActiveCfg = Debug|Win32
		{44A7EF8E-CEAC-DF2F-6093-BD13F89B119D}.Debug|Win32.Build.0 = Debug|Win32
		{44A7EF8E-CEAC-DF2F-6093-BD13F89B119D}.Debug|x64.ActiveCfg = Debug|Win32
		{44A7EF8E-CEAC-DF2F-6093-BD13F89B119D}.Release_noCURL|Win32.ActiveCfg = Release|Win32
		{44A7EF8E-CEAC-DF2F-6093-BD13F89B119D}.Release_noCURL|Win32.Build.0 = Release|Win32
		{44A7EF8E-CEAC-DF2F-6093-BD13F89B119D}.Release_noCURL|x64.ActiveCfg = Release_v90|Win32
		{44A7EF8E-CEAC-DF2F-6093-BD13F89B119D}.Release_nossl|Win32.ActiveCfg = Release|Win32
		{44A7EF8E-CEAC-DF2F-6093-BD13F89B119D}.Release_nossl|Win32.Build.0 = Release|Win32
		{44A7EF8E-CEAC-DF2F-6093-BD13F89B119D}.Release_nossl|x64.ActiveCfg = Release_v90|Win32
		{44A7EF8E-CEAC-DF2F-6093-BD13F89B119D}.Release_v90|Win32.ActiveCfg = Release_v90|Win32
		{44A7EF8E-CEAC-DF2F-6093-BD13F89B119D}.Release_v90|Win32.Build.0 = Release_v90|Win32
		{44A7EF8E-CEAC-DF2F-6093-BD13F89B119D}.Release_v90|x64.ActiveCfg = Release_v90|Win32
		{44A7EF8E-CEAC-DF2F-6093-BD13F89B119D}.Release|Win32.ActiveCfg = Release|Win32
		{44A7EF8E-CEAC-DF2F-6093-BD13F89B119D}.Release|Win32.Build.0 = Release|Win32
		{44A7EF8E-CEAC-DF2F-6093-BD13F89B119D}.Release|x64.ActiveCfg = Release|Win32
		{44A7EF8E-CEAC-DF2F-6093-BD13F89B119D}.Release-MT|Win32.ActiveCfg = Release|Win32
		{44A7EF8E-CEAC-DF2F-6093-BD13F89B119D}.Release-MT|Win32.Build.0 = Release|Win32
		{44A7EF8E-CEAC-DF2F-6093-BD13F89B119D}.Release-MT|x64.ActiveCfg = Release|Win32
		{44A7EF8E-CEAC-DF2F-6093-BD13F89B119D}.Release-MT-dbg|Win32.ActiveCfg = Release|Win32
		{44A7EF8E-CEAC-DF2F-6093-BD13F89B119D}.Release-MT-dbg|Win32.Build.0 = Release|Win32
		{44A7EF8E-CEAC-DF2F-6093-BD13F89B119D}.Release-MT-dbg|x64.ActiveCfg = Release|Win32
		{44A7EF8E-CEAC-DF2F-6093-BD13F89B119D}.Template|Win32.ActiveCfg = Release|Win32
		{44A7EF8E-CEAC-DF2F-6093-BD13F89B119D}.Template|Win32.Build.0 = Release|Win32
		{44A7EF8E-CEAC-DF2F-6093-BD13F89B119D}.Template|x64.ActiveCfg = Release|Win32
		{A12C4E24-180C-16B0-ED2D-0BA1F4DC7EC7}.Debug_noCURL|Win32.ActiveCfg = Debug|Win32
		{A12C4E24-180C-16B0-ED2D-0BA1F4DC7EC7}.Debug_noCURL|Win32.Build.0 = Debug|Win32
		{A12C4E24-180C-16B0-ED2D-0BA1F4DC7EC7}.Debug_noCURL|x64.ActiveCfg = Debug|Win32
		{A12C4E24-180C-16B0-ED2D-0BA1F4DC7EC7}.Debug|Win32.ActiveCfg = Debug|Win32
		{A12C4E24-180C-16B0-ED2D-0BA1F4DC7EC7}.Debug|Win32.Build.0 = Debug|Win32
		{A12C4E24-180C-16B0-ED2D-0BA1F4DC7EC7}.Debug|x64.ActiveCfg = Debug|Win32
		{A12C4E24-180C-16B0-ED2D-0BA1F4DC7EC7}.Release_noCURL|Win32.ActiveCfg = Release|Win32
		{A12C4E24-180C-16B0-ED2D-0BA1F4DC7EC7}.Release_noCURL|Win32.Build.0 = Release|Win32
		{A12C4E24-180C-16B0-ED2D-0BA1F4DC7EC7}.Release_noCURL|x64.ActiveCfg = Release_v90|Win32
		{A12C4E24-180C-16B0-ED2D-0BA1F4DC7EC7}.Release_nossl|Win32.ActiveCfg = Release|Win32
		{A12C4E24-180C-16B0-ED2D-0BA1F4DC7EC7}.Release_nossl|Win32.Build.0 = Release|Win32
		{A12C4E24-180C-16B0-ED2D-0BA1F4DC7EC7}.Release_nossl|x64.ActiveCfg = Release_v90|Win32
		{A12C4E24-180C-16B0-ED2D-0BA1F4DC7EC7}.Release_v90|Win32.ActiveCfg = Release_v90|Win32
		{A12C4E24-180C-16B0-ED2D-0BA1F4DC7EC7}.Release_v90|Win32.Build.0 = Release_v90|Win32
		{A12C4E24-180C-16B0-ED2D-0BA1F4DC7EC7}.Release_v90|x64.ActiveCfg = Release_v90|Win32
		{A12C4E24-180C-16B0-ED2D-0BA1F4DC7EC7}.Release|Win32.ActiveCfg = Release|Win32
		{A12C4E24-180C-16B0-ED2D-0BA1F4DC7EC7}.Release|Win32.Build.0 = Release|Win32
		{A12C4E24-180C-16B0-ED2D-0BA1F4DC7EC7}.Release|x64.ActiveCfg = Release|Win32
		{A12C4E24-180C-16B0-ED2D-0BA1F4DC7EC7}.Release-MT|Win32.ActiveCfg = Release|Win32
		{A12C4E24-180C-16B0-ED2D-0BA1F4DC7EC7}.Release-MT|Win32.Build.0 = Release|Win32
		{A12C4E24-180C-16B0-ED2D-0BA1F4DC7EC7}.Release-MT|x64.ActiveCfg = Release|Win32
		{A12C4E24-180C-16B0-ED2D-0BA1F4DC7EC7}.Release-MT-dbg|Win32.ActiveCfg = Release|Win32
		{A12C4E24-180C-16B0-ED2D-0BA1F4DC7EC7}.Release-MT-dbg|Win32.Build.0 = Release|Win32
		{A12C4E24-180C-16B0-ED2D-0BA1F4DC7EC7}.Release-MT-dbg|x64.ActiveCfg = Release|Win32
		{A12C4E24-180C-16B0-ED2D-0BA1F4DC7EC7}.Template|Win32.ActiveCfg = Template|Win32
		{A12C4E24-180C-16B0-ED2D-0BA1F4DC7EC7}.Template|Win32.Build.0 = Template|Win32
		{A12C4E24-180C-16B0-ED2D-0BA1F4DC7EC7}.Template|x64.ActiveCfg = Template|Win32
		{4A4B3D9D-3BC7-7A9A-AD9C-D0D453E262EB}.Debug_noCURL|Win32.ActiveCfg = Debug|Win32
		{4A4B3D9D-3BC7-7A9A-AD9C-D0D453E262EB}.Debug_noCURL|Win32.Build.0 = Debug|Win32
		{4A4B3D9D-3BC7-7A9A-AD9C-D0D453E262EB}.Debug_noCURL|x64.ActiveCfg = Debug|Win32
		{4A4B3D9D-3BC7-7A9A-AD9C-D0D453E262EB}.Debug|Win32.ActiveCfg = Debug|Win32
		{4A4B3D9D-3BC7-7A9A-AD9C-D0D453E262EB}.Debug|Win32.Build.0 = Debug|Win32
		{4A4B3D9D-3BC7-7A9A-AD9C-D0D453E262EB}.Debug|x64.ActiveCfg = Debug|Win32
		{4A4B3D9D-3BC7-7A9A-AD9C-D0D453E262EB}.Release_noCURL|Win32.ActiveCfg = Release|Win32
		{4A4B3D9D-3BC7-7A9A-AD9C-D0D453E262EB}.Release_noCURL|Win32.Build.0 = Release|Win32
		{4A4B3D9D-3BC7-7A9A-AD9C-D0D453E262EB}.Release_noCURL|x64.ActiveCfg = Release_v90|Win32
		{4A4B3D9D-3BC7-7A9A-AD9C-D0D453E262EB}.Release_nossl|Win32.ActiveCfg = Release|Win32
		{4A4B3D9D-3BC7-7A9A-AD9C-D0D453E262EB}.Release_nossl|Win32.Build.0 = Release|Win32
		{4A4B3D9D-3BC7-7A9A-AD9C-D0D453E262EB}.Release_nossl|x64.ActiveCfg = Release_v90|Win32
		{4A4B3D9D-3BC7-7A9A-AD9C-D0D453E262EB}.Release_v90|Win32.ActiveCfg = Release_v90|Win32
		{4A4B3D9D-3BC7-7A9A-AD9C-D0D453E262EB}.Release_v90|Win32.Build.0 = Release_v90|Win32
		{4A4B3D9D-3BC7-7A9A-AD9C-D0D453E262EB}.Release_v90|x64.ActiveCfg = Release_v90|Win32
		{4A4B3D9D-3BC7-7A9A-AD9C-D0D453E262EB}.Release|Win32.ActiveCfg = Release|Win32
		{4A4B3D9D-3BC7-7A9A-AD9C-D0D453E262EB}.Release|Win32.Build.0 = Release|Win32
		{4A4B3D9D-3BC7-7A9A-AD9C-D0D453E262EB}.Release|x64.ActiveCfg = Release|Win32
		{4A4B3D9D-3BC7-7A9A-AD9C-D0D453E262EB}.Release-MT|Win32.ActiveCfg = Release|Win32
		{4A4B3D9D-3BC7-7A9A-AD9C-D0D453E262EB}.Release-MT|Win32.Build.0 = Release|Win32
		{4A4B3D9D-3BC7-7A9A-AD9C-D0D453E262EB}.Release-MT|x64.ActiveCfg = Release|Win32
		{4A4B3D9D-3BC7-7A9A-AD9C-D0D453E262EB}.Release-MT-dbg|Win32.ActiveCfg = Release|Win32
		{4A4B3D9D-3BC7-7A9A-AD9C-D0D453E262EB}.Release-MT-dbg|Win32.Build.0 = Release|Win32
		{4A4B3D9D-3BC7-7A9A-AD9C-D0D453E262EB}.Release-MT-dbg|x64.ActiveCfg = Release|Win32
		{4A4B3D9D-3BC7-7A9A-AD9C-D0D453E262EB}.Template|Win32.ActiveCfg = Release|Win32
		{4A4B3D9D-3BC7-7A9A-AD9C-D0D453E262EB}.Template|Win32.Build.0 = Release|Win32
		{4A4B3D9D-3BC7-7A9A-AD9C-D0D453E262EB}.Template|x64.ActiveCfg = Release|Win32
		{C38FAC9C-048B-6AE7-96CB-6FEE7F3B114F}.Debug_noCURL|Win32.ActiveCfg = Debug|Win32
		{C38FAC9C-048B-6AE7-96CB-6FEE7F3B114F}.Debug_noCURL|Win32.Build.0 = Debug|Win32
		{C38FAC9C-048B-6AE7-96CB-6FEE7F3B114F}.Debug_noCURL|x64.ActiveCfg = Debug|Win32
		{C38FAC9C-048B-6AE7-96CB-6FEE7F3B114F}.Debug|Win32.ActiveCfg = Debug|Win32
		{C38FAC9C-048B-6AE7-96CB-6FEE7F3B114F}.Debug|Win32.Build.0 = Debug|Win32
		{C38FAC9C-048B-6AE7-96CB-6FEE7F3B114F}.Debug|x64.ActiveCfg = Debug|Win32
		{C38FAC9C-048B-6AE7-96CB-6FEE7F3B114F}.Release_noCURL|Win32.ActiveCfg = Release|Win32
		{C38FAC9C-048B-6AE7-96CB-6FEE7F3B114F}.Release_noCURL|Win32.Build.0 = Release|Win32
		{C38FAC9C-048B-6AE7-96CB-6FEE7F3B114F}.Release_noCURL|x64.ActiveCfg = Release_v90|Win32
		{C38FAC9C-048B-6AE7-96CB-6FEE7F3B114F}.Release_nossl|Win32.ActiveCfg = Release|Win32
		{C38FAC9C-048B-6AE7-96CB-6FEE7F3B114F}.Release_nossl|Win32.Build.0 = Release|Win32
		{C38FAC9C-048B-6AE7-96CB-6FEE7F3B114F}.Release_nossl|x64.ActiveCfg = Release_v90|Win32
		{C38FAC9C-048B-6AE7-96CB-6FEE7F3B114F}.Release_v90|Win32.ActiveCfg = Release_v90|Win32
		{C38FAC9C-048B-6AE7-96CB-6FEE7F3B114F}.Release_v90|Win32.Build.0 = Release_v90|Win32
		{C38FAC9C-048B-6AE7-96CB-6FEE7F3B114F}.Release_v90|x64.ActiveCfg = Release_v90|Win32
		{C38FAC9C-048B-6AE7-96CB-6FEE7F3B114F}.Release|Win32.ActiveCfg = Release|Win32
		{C38FAC9C-048B-6AE7-96CB-6FEE7F3B114F}.Release|Win32.Build.0 = Release|Win32
		{C38FAC9C-048B-6AE7-96CB-6FEE7F3B114F}.Release|x64.ActiveCfg = Release|Win32
		{C38FAC9C-048B-6AE7-96CB-6FEE7F3B114F}.Release-MT|Win32.ActiveCfg = Release|Win32
		{C38FAC9C-048B-6AE7-96CB-6FEE7F3B114F}.Release-MT|Win32.Build.0 = Release|Win32
		{C38FAC9C-048B-6AE7-96CB-6FEE7F3B114F}.Release-MT|x64.ActiveCfg = Release|Win32
		{C38FAC9C-048B-6AE7-96CB-6FEE7F3B114F}.Release-MT-dbg|Win32.ActiveCfg = Release|Win32
		{C38FAC9C-048B-6AE7-96CB-6FEE7F3B114F}.Release-MT-dbg|Win32.Build.0 = Release|Win32
		{C38FAC9C-048B-6AE7-96CB-6FEE7F3B114F}.Release-MT-dbg|x64.ActiveCfg = Release|Win32
		{C38FAC9C-048B-6AE7-96CB-6FEE7F3B114F}.Template|Win32.ActiveCfg = Template|Win32
		{C38FAC9C-048B-6AE7-96CB-6FEE7F3B114F}.Template|Win32.Build.0 = Template|Win32
		{C38FAC9C-048B-6AE7-96CB-6FEE7F3B114F}.Template|x64.ActiveCfg = Template|Win32
		{BC148262-C91F-0097-E4BD-B16BB6E31A5D}.Debug_noCURL|Win32.ActiveCfg = Debug|Win32
		{BC148262-C91F-0097-E4BD-B16BB6E31A5D}.Debug_noCURL|Win32.Build.0 = Debug|Win32
		{BC148262-C91F-0097-E4BD-B16BB6E31A5D}.Debug_noCURL|x64.ActiveCfg = Debug|Win32
		{BC148262-C91F-0097-E4BD-B16BB6E31A5D}.Debug|Win32.ActiveCfg = Debug|Win32
		{BC148262-C91F-0097-E4BD-B16BB6E31A5D}.Debug|Win32.Build.0 = Debug|Win32
		{BC148262-C91F-0097-E4BD-B16BB6E31A5D}.Debug|x64.ActiveCfg = Debug|Win32
		{BC148262-C91F-0097-E4BD-B16BB6E31A5D}.Release_noCURL|Win32.ActiveCfg = Release|Win32
		{BC148262-C91F-0097-E4BD-B16BB6E31A5D}.Release_noCURL|Win32.Build.0 = Release|Win32
		{BC148262-C91F-0097-E4BD-B16BB6E31A5D}.Release_noCURL|x64.ActiveCfg = Release_v90|Win32
		{BC148262-C91F-0097-E4BD-B16BB6E31A5D}.Release_nossl|Win32.ActiveCfg = Release|Win32
		{BC148262-C91F-0097-E4BD-B16BB6E31A5D}.Release_nossl|Win32.Build.0 = Release|Win32
		{BC148262-C91F-0097-E4BD-B16BB6E31A5D}.Release_nossl|x64.ActiveCfg = Release_v90|Win32
		{BC148262-C91F-0097-E4BD-B16BB6E31A5D}.Release_v90|Win32.ActiveCfg = Release_v90|Win32
		{BC148262-C91F-0097-E4BD-B16BB6E31A5D}.Release_v90|Win32.Build.0 = Release_v90|Win32
		{BC148262-C91F-0097-E4BD-B16BB6E31A5D}.Release_v90|x64.ActiveCfg = Release_v90|Win32
		{BC148262-C91F-0097-E4BD-B16BB6E31A5D}.Release|Win32.ActiveCfg = Release|Win32
		{BC148262-C91F-0097-E4BD-B16BB6E31A5D}.Release|Win32.Build.0 = Release|Win32
		{BC148262-C91F-0097-E4BD-B16BB6E31A5D}.Release|x64.ActiveCfg = Release|Win32
		{BC148262-C91F-0097-E4BD-B16BB6E31A5D}.Release-MT|Win32.ActiveCfg = Release|Win32
		{BC148262-C91F-0097-E4BD-B16BB6E31A5D}.Release-MT|Win32.Build.0 = Release|Win32
		{BC148262-C91F-0097-E4BD-B16BB6E31A5D}.Release-MT|x64.ActiveCfg = Release|Win32
		{BC148262-C91F-0097-E4BD-B16BB6E31A5D}.Release-MT-dbg|Win32.ActiveCfg = Release|Win32
		{BC148262-C91F-0097-E4BD-B16BB6E31A5D}.Release-MT-dbg|Win32.Build.0 = Release|Win32
		{BC148262-C91F-0097-E4BD-B16BB6E31A5D}.Release-MT-dbg|x64.ActiveCfg = Release|Win32
		{BC148262-C91F-0097-E4BD-B16BB6E31A5D}.Template|Win32.ActiveCfg = Template|Win32
		{BC148262-C91F-0097-E4BD-B16BB6E31A5D}.Template|Win32.Build.0 = Template|Win32
		{BC148262-C91F-0097-E4BD-B16BB6E31A5D}.Template|x64.ActiveCfg = Template|Win32
		{870313CC-AF2B-5A00-26FF-D457028BE8EE}.Debug_noCURL|Win32.ActiveCfg = Debug|Win32
		{870313CC-AF2B-5A00-26FF-D457028BE8EE}.Debug_noCURL|Win32.Build.0 = Debug|Win32
		{870313CC-AF2B-5A00-26FF-D457028BE8EE}.Debug_noCURL|x64.ActiveCfg = Debug|Win32
		{870313CC-AF2B-5A00-26FF-D457028BE8EE}.Debug|Win32.ActiveCfg = Debug|Win32
		{870313CC-AF2B-5A00-26FF-D457028BE8EE}.Debug|Win32.Build.0 = Debug|Win32
		{870313CC-AF2B-5A00-26FF-D457028BE8EE}.Debug|x64.ActiveCfg = Debug|Win32
		{870313CC-AF2B-5A00-26FF-D457028BE8EE}.Release_noCURL|Win32.ActiveCfg = Release|Win32
		{870313CC-AF2B-5A00-26FF-D457028BE8EE}.Release_noCURL|Win32.Build.0 = Release|Win32
		{870313CC-AF2B-5A00-26FF-D457028BE8EE}.Release_noCURL|x64.ActiveCfg = Release_v90|Win32
		{870313CC-AF2B-5A00-26FF-D457028BE8EE}.Release_nossl|Win32.ActiveCfg = Release|Win32
		{870313CC-AF2B-5A00-26FF-D457028BE8EE}.Release_nossl|Win32.Build.0 = Release|Win32
		{870313CC-AF2B-5A00-26FF-D457028BE8EE}.Release_nossl|x64.ActiveCfg = Release_v90|Win32
		{870313CC-AF2B-5A00-26FF-D457028BE8EE}.Release_v90|Win32.ActiveCfg = Release_v90|Win32
		{870313CC-AF2B-5A00-26FF-D457028BE8EE}.Release_v90|Win32.Build.0 = Release_v90|Win32
		{870313CC-AF2B-5A00-26FF-D457028BE8EE}.Release_v90|x64.ActiveCfg = Release_v90|Win32
		{870313CC-AF2B-5A00-26FF-D457028BE8EE}.Release|Win32.ActiveCfg = Release|Win32
		{870313CC-AF2B-5A00-26FF-D457028BE8EE}.Release|Win32.Build.0 = Release|Win32
		{870313CC-AF2B-5A00-26FF-D457028BE8EE}.Release|x64.ActiveCfg = Release|Win32
		{870313CC-AF2B-5A00-26FF-D457028BE8EE}.Release-MT|Win32.ActiveCfg = Release|Win32
		{870313CC-AF2B-5A00-26FF-D457028BE8EE}.Release-MT|Win32.Build.0 = Release|Win32
		{870313CC-AF2B-5A00-26FF-D457028BE8EE}.Release-MT|x64.ActiveCfg = Release|Win32
		{870313CC-AF2B-5A00-26FF-D457028BE8EE}.Release-MT-dbg|Win32.ActiveCfg = Release|Win32
		{870313CC-AF2B-5A00-26FF-D457028BE8EE}.Release-MT-dbg|Win32.Build.0 = Release|Win32
		{870313CC-AF2B-5A00-26FF-D457028BE8EE}.Release-MT-dbg|x64.ActiveCfg = Release|Win32
		{870313CC-AF2B-5A00-26FF-D457028BE8EE}.Template|Win32.ActiveCfg = Release|Win32
		{870313CC-AF2B-5A00-26FF-D457028BE8EE}.Template|Win32.Build.0 = Release|Win32
		{870313CC-AF2B-5A00-26FF-D457028BE8EE}.Template|x64.ActiveCfg = Release|Win32
		{F93DD362-658E-2954-4596-643CBEA70186}.Debug_noCURL|Win32.ActiveCfg = Debug|Win32
		{F93DD362-658E-2954-4596-643CBEA70186}.Debug_noCURL|Win32.Build.0 = Debug|Win32
		{F93DD362-658E-2954-4596-643CBEA70186}.Debug_noCURL|x64.ActiveCfg = Debug|Win32
		{F93DD362-658E-2954-4596-643CBEA70186}.Debug|Win32.ActiveCfg = Debug|Win32
		{F93DD362-658E-2954-4596-643CBEA70186}.Debug|Win32.Build.0 = Debug|Win32
		{F93DD362-658E-2954-4596-643CBEA70186}.Debug|x64.ActiveCfg = Debug|Win32
		{F93DD362-658E-2954-4596-643CBEA70186}.Release_noCURL|Win32.ActiveCfg = Release|Win32
		{F93DD362-658E-2954-4596-643CBEA70186}.Release_noCURL|Win32.Build.0 = Release|Win32
		{F93DD362-658E-2954-4596-643CBEA70186}.Release_noCURL|x64.ActiveCfg = Release_v90|Win32
		{F93DD362-658E-2954-4596-643CBEA70186}.Release_nossl|Win32.ActiveCfg = Release|Win32
		{F93DD362-658E-2954-4596-643CBEA70186}.Release_nossl|Win32.Build.0 = Release|Win32
		{F93DD362-658E-2954-4596-643CBEA70186}.Release_nossl|x64.ActiveCfg = Release_v90|Win32
		{F93DD362-658E-2954-4596-643CBEA70186}.Release_v90|Win32.ActiveCfg = Release_v90|Win32
		{F93DD362-658E-2954-4596-643CBEA70186}.Release_v90|Win32.Build.0 = Release_v90|Win32
		{F93DD362-658E-2954-4596-643CBEA70186}.Release_v90|x64.ActiveCfg = Release_v90|Win32
		{F93DD362-658E-2954-4596-643CBEA70186}.Release|Win32.ActiveCfg = Release|Win32
		{F93DD362-658E-2954-4596-643CBEA70186}.Release|Win32.Build.0 = Release|Win32
		{F93DD362-658E-2954-4596-643CBEA70186}.Release|x64.ActiveCfg = Release|Win32
		{F93DD362-658E-2954-4596-643CBEA70186}.Release-MT|Win32.ActiveCfg = Release|Win32
		{F93DD362-658E-2954-4596-643CBEA70186}.Release-MT|Win32.Build.0 = Release|Win32
		{F93DD362-658E-2954-4596-643CBEA70186}.Release-MT|x64.ActiveCfg = Release|Win32
		{F93DD362-658E-2954-4596-643CBEA70186}.Release-MT-dbg|Win32.ActiveCfg = Release|Win32
		{F93DD362-658E-2954-4596-643CBEA70186}.Release-MT-dbg|Win32.Build.0 = Release|Win32
		{F93DD362-658E-2954-4596-643CBEA70186}.Release-MT-dbg|x64.ActiveCfg = Release|Win32
		{F93DD362-658E-2954-4596-643CBEA70186}.Template|Win32.ActiveCfg = Release|Win32
		{F93DD362-658E-2954-4596-643CBEA70186}.Template|Win32.Build.0 = Release|Win32
		{F93DD362-658E-2954-4596-643CBEA70186}.Template|x64.ActiveCfg = Release|Win32
		{24190CA9-490E-4D8F-93D7-55DFC80E2688}.Debug_noCURL|Win32.ActiveCfg = Debug|Win32
		{24190CA9-490E-4D8F-93D7-55DFC80E2688}.Debug_noCURL|Win32.Build.0 = Debug|Win32
		{24190CA9-490E-4D8F-93D7-55DFC80E2688}.Debug_noCURL|x64.ActiveCfg = Debug|Win32
		{24190CA9-490E-4D8F-93D7-55DFC80E2688}.Debug|Win32.ActiveCfg = Debug|Win32
		{24190CA9-490E-4D8F-93D7-55DFC80E2688}.Debug|Win32.Build.0 = Debug|Win32
		{24190CA9-490E-4D8F-93D7-55DFC80E2688}.Debug|x64.ActiveCfg = Debug|Win32
		{24190CA9-490E-4D8F-93D7-55DFC80E2688}.Release_noCURL|Win32.ActiveCfg = Release|Win32
		{24190CA9-490E-4D8F-93D7-55DFC80E2688}.Release_noCURL|Win32.Build.0 = Release|Win32
		{24190CA9-490E-4D8F-93D7-55DFC80E2688}.Release_noCURL|x64.ActiveCfg = Release_v90|Win32
		{24190CA9-490E-4D8F-93D7-55DFC80E2688}.Release_nossl|Win32.ActiveCfg = Release|Win32
		{24190CA9-490E-4D8F-93D7-55DFC80E2688}.Release_nossl|Win32.Build.0 = Release|Win32
		{24190CA9-490E-4D8F-93D7-55DFC80E2688}.Release_nossl|x64.ActiveCfg = Release_v90|Win32
		{24190CA9-490E-4D8F-93D7-55DFC80E2688}.Release_v90|Win32.ActiveCfg = Release_v90|Win32
		{24190CA9-490E-4D8F-93D7-55DFC80E2688}.Release_v90|x64.ActiveCfg = Release_v90|Win32
		{24190CA9-490E-4D8F-93D7-55DFC80E2688}.Release|Win32.ActiveCfg = Release|Win32
		{24190CA9-490E-4D8F-93D7-55DFC80E2688}.Release|Win32.Build.0 = Release|Win32
		{24190CA9-490E-4D8F-93D7-55DFC80E2688}.Release|x64.ActiveCfg = Release|Win32
		{24190CA9-490E-4D8F-93D7-55DFC80E2688}.Release-MT|Win32.ActiveCfg = Release-MT|Win32
		{24190CA9-490E-4D8F-93D7-55DFC80E2688}.Release-MT|Win32.Build.0 = Release-MT|Win32
		{24190CA9-490E-4D8F-93D7-55DFC80E2688}.Release-MT|x64.ActiveCfg = Release-MT|Win32
		{24190CA9-490E-4D8F-93D7-55DFC80E2688}.Release-MT-dbg|Win32.ActiveCfg = Release-MT-dbg|Win32
		{24190CA9-490E-4D8F-93D7-55DFC80E2688}.Release-MT-dbg|Win32.Build.0 = Release-MT-dbg|Win32
		{24190CA9-490E-4D8F-93D7-55DFC80E2688}.Release-MT-dbg|x64.ActiveCfg = Release-MT-dbg|Win32
		{24190CA9-490E-4D8F-93D7-55DFC80E2688}.Template|Win32.ActiveCfg = Release|Win32
		{24190CA9-490E-4D8F-93D7-55DFC80E2688}.Template|Win32.Build.0 = Release|Win32
		{24190CA9-490E-4D8F-93D7-55DFC80E2688}.Template|x64.ActiveCfg = Release|Win32
		{99ECAF97-19FC-45D1-B48D-8F482C3B9E50}.Debug_noCURL|Win32.ActiveCfg = Debug|Win32
		{99ECAF97-19FC-45D1-B48D-8F482C3B9E50}.Debug_noCURL|Win32.Build.0 = Debug|Win32
		{99ECAF97-19FC-45D1-B48D-8F482C3B9E50}.Debug_noCURL|x64.ActiveCfg = Debug|Win32
		{99ECAF97-19FC-45D1-B48D-8F482C3B9E50}.Debug|Win32.ActiveCfg = Debug|Win32
		{99ECAF97-19FC-45D1-B48D-8F482C3B9E50}.Debug|Win32.Build.0 = Debug|Win32
		{99ECAF97-19FC-45D1-B48D-8F482C3B9E50}.Debug|x64.ActiveCfg = Debug|Win32
		{99ECAF97-19FC-45D1-B48D-8F482C3B9E50}.Release_noCURL|Win32.ActiveCfg = Release|Win32
		{99ECAF97-19FC-45D1-B48D-8F482C3B9E50}.Release_noCURL|Win32.Build.0 = Release|Win32
		{99ECAF97-19FC-45D1-B48D-8F482C3B9E50}.Release_noCURL|x64.ActiveCfg = Release_v90|Win32
		{99ECAF97-19FC-45D1-B48D-8F482C3B9E50}.Release_nossl|Win32.ActiveCfg = Release|Win32
		{99ECAF97-19FC-45D1-B48D-8F482C3B9E50}.Release_nossl|Win32.Build.0 = Release|Win32
		{99ECAF97-19FC-45D1-B48D-8F482C3B9E50}.Release_nossl|x64.ActiveCfg = Release_v90|Win32
		{99ECAF97-19FC-45D1-B48D-8F482C3B9E50}.Release_v90|Win32.ActiveCfg = Release_v90|Win32
		{99ECAF97-19FC-45D1-B48D-8F482C3B9E50}.Release_v90|Win32.Build.0 = Release_v90|Win32
		{99ECAF97-19FC-45D1-B48D-8F482C3B9E50}.Release_v90|x64.ActiveCfg = Release_v90|Win32
		{99ECAF97-19FC-45D1-B48D-8F482C3B9E50}.Release|Win32.ActiveCfg = Release|Win32
		{99ECAF97-19FC-45D1-B48D-8F482C3B9E50}.Release|Win32.Build.0 = Release|Win32
		{99ECAF97-19FC-45D1-B48D-8F482C3B9E50}.Release|x64.ActiveCfg = Release|Win32
		{99ECAF97-19FC-45D1-B48D-8F482C3B9E50}.Release-MT|Win32.ActiveCfg = Release|Win32
		{99ECAF97-19FC-45D1-B48D-8F482C3B9E50}.Release-MT|Win32.Build.0 = Release|Win32
		{99ECAF97-19FC-45D1-B48D-8F482C3B9E50}.Release-MT|x64.ActiveCfg = Release|Win32
		{99ECAF97-19FC-45D1-B48D-8F482C3B9E50}.Release-MT-dbg|Win32.ActiveCfg = Release|Win32
		{99ECAF97-19FC-45D1-B48D-8F482C3B9E50}.Release-MT-dbg|Win32.Build.0 = Release|Win32
		{99ECAF97-19FC-45D1-B48D-8F482C3B9E50}.Release-MT-dbg|x64.ActiveCfg = Release|Win32
		{99ECAF97-19FC-45D1-B48D-8F482C3B9E50}.Template|Win32.ActiveCfg = Release|Win32
		{99ECAF97-19FC-45D1-B48D-8F482C3B9E50}.Template|Win32.Build.0 = Release|Win32
		{99ECAF97-19FC-45D1-B48D-8F482C3B9E50}.Template|x64.ActiveCfg = Release|Win32
		{CFB2F226-3635-B287-2E85-1C3702640901}.Debug_noCURL|Win32.ActiveCfg = Debug|Win32
		{CFB2F226-3635-B287-2E85-1C3702640901}.Debug_noCURL|Win32.Build.0 = Debug|Win32
		{CFB2F226-3635-B287-2E85-1C3702640901}.Debug_noCURL|x64.ActiveCfg = Debug|Win32
		{CFB2F226-3635-B287-2E85-1C3702640901}.Debug|Win32.ActiveCfg = Debug|Win32
		{CFB2F226-3635-B287-2E85-1C3702640901}.Debug|Win32.Build.0 = Debug|Win32
		{CFB2F226-3635-B287-2E85-1C3702640901}.Debug|x64.ActiveCfg = Debug|Win32
		{CFB2F226-3635-B287-2E85-1C3702640901}.Release_noCURL|Win32.ActiveCfg = Release|Win32
		{CFB2F226-3635-B287-2E85-1C3702640901}.Release_noCURL|Win32.Build.0 = Release|Win32
		{CFB2F226-3635-B287-2E85-1C3702640901}.Release_noCURL|x64.ActiveCfg = Release_v90|Win32
		{CFB2F226-3635-B287-2E85-1C3702640901}.Release_nossl|Win32.ActiveCfg = Debug|Win32
		{CFB2F226-3635-B287-2E85-1C3702640901}.Release_nossl|Win32.Build.0 = Debug|Win32
		{CFB2F226-3635-B287-2E85-1C3702640901}.Release_nossl|x64.ActiveCfg = Release_v90|Win32
		{CFB2F226-3635-B287-2E85-1C3702640901}.Release_v90|Win32.ActiveCfg = Release_v90|Win32
		{CFB2F226-3635-B287-2E85-1C3702640901}.Release_v90|Win32.Build.0 = Release_v90|Win32
		{CFB2F226-3635-B287-2E85-1C3702640901}.Release_v90|x64.ActiveCfg = Release_v90|Win32
		{CFB2F226-3635-B287-2E85-1C3702640901}.Release|Win32.ActiveCfg = ReleaseXUL22|Win32
		{CFB2F226-3635-B287-2E85-1C3702640901}.Release|Win32.Build.0 = ReleaseXUL22|Win32
		{CFB2F226-3635-B287-2E85-1C3702640901}.Release|x64.ActiveCfg = Release|Win32
		{CFB2F226-3635-B287-2E85-1C3702640901}.Release-MT|Win32.ActiveCfg = Release|Win32
		{CFB2F226-3635-B287-2E85-1C3702640901}.Release-MT|Win32.Build.0 = Release|Win32
		{CFB2F226-3635-B287-2E85-1C3702640901}.Release-MT|x64.ActiveCfg = Release|Win32
		{CFB2F226-3635-B287-2E85-1C3702640901}.Release-MT-dbg|Win32.ActiveCfg = Release|Win32
		{CFB2F226-3635-B287-2E85-1C3702640901}.Release-MT-dbg|Win32.Build.0 = Release|Win32
		{CFB2F226-3635-B287-2E85-1C3702640901}.Release-MT-dbg|x64.ActiveCfg = Release|Win32
		{CFB2F226-3635-B287-2E85-1C3702640901}.Template|Win32.ActiveCfg = Release|Win32
		{CFB2F226-3635-B287-2E85-1C3702640901}.Template|Win32.Build.0 = Release|Win32
		{CFB2F226-3635-B287-2E85-1C3702640901}.Template|x64.ActiveCfg = Release|Win32
		{614F7955-8609-FB66-9A74-3BE8E3F1CF66}.Debug_noCURL|Win32.ActiveCfg = Debug|Win32
		{614F7955-8609-FB66-9A74-3BE8E3F1CF66}.Debug_noCURL|Win32.Build.0 = Debug|Win32
		{614F7955-8609-FB66-9A74-3BE8E3F1CF66}.Debug_noCURL|x64.ActiveCfg = Debug|Win32
		{614F7955-8609-FB66-9A74-3BE8E3F1CF66}.Debug|Win32.ActiveCfg = Debug|Win32
		{614F7955-8609-FB66-9A74-3BE8E3F1CF66}.Debug|Win32.Build.0 = Debug|Win32
		{614F7955-8609-FB66-9A74-3BE8E3F1CF66}.Debug|x64.ActiveCfg = Debug|Win32
		{614F7955-8609-FB66-9A74-3BE8E3F1CF66}.Release_noCURL|Win32.ActiveCfg = Release|Win32
		{614F7955-8609-FB66-9A74-3BE8E3F1CF66}.Release_noCURL|Win32.Build.0 = Release|Win32
		{614F7955-8609-FB66-9A74-3BE8E3F1CF66}.Release_noCURL|x64.ActiveCfg = Release_v90|Win32
		{614F7955-8609-FB66-9A74-3BE8E3F1CF66}.Release_nossl|Win32.ActiveCfg = Release|Win32
		{614F7955-8609-FB66-9A74-3BE8E3F1CF66}.Release_nossl|Win32.Build.0 = Release|Win32
		{614F7955-8609-FB66-9A74-3BE8E3F1CF66}.Release_nossl|x64.ActiveCfg = Release_v90|Win32
		{614F7955-8609-FB66-9A74-3BE8E3F1CF66}.Release_v90|Win32.ActiveCfg = Release_v90|Win32
		{614F7955-8609-FB66-9A74-3BE8E3F1CF66}.Release_v90|Win32.Build.0 = Release_v90|Win32
		{614F7955-8609-FB66-9A74-3BE8E3F1CF66}.Release_v90|x64.ActiveCfg = Release_v90|Win32
		{614F7955-8609-FB66-9A74-3BE8E3F1CF66}.Release|Win32.ActiveCfg = Release|Win32
		{614F7955-8609-FB66-9A74-3BE8E3F1CF66}.Release|Win32.Build.0 = Release|Win32
		{614F7955-8609-FB66-9A74-3BE8E3F1CF66}.Release|x64.ActiveCfg = Release|Win32
		{614F7955-8609-FB66-9A74-3BE8E3F1CF66}.Release-MT|Win32.ActiveCfg = Release|Win32
		{614F7955-8609-FB66-9A74-3BE8E3F1CF66}.Release-MT|Win32.Build.0 = Release|Win32
		{614F7955-8609-FB66-9A74-3BE8E3F1CF66}.Release-MT|x64.ActiveCfg = Release|Win32
		{614F7955-8609-FB66-9A74-3BE8E3F1CF66}.Release-MT-dbg|Win32.ActiveCfg = Release|Win32
		{614F7955-8609-FB66-9A74-3BE8E3F1CF66}.Release-MT-dbg|Win32.Build.0 = Release|Win32
		{614F7955-8609-FB66-9A74-3BE8E3F1CF66}.Release-MT-dbg|x64.ActiveCfg = Release|Win32
		{614F7955-8609-FB66-9A74-3BE8E3F1CF66}.Template|Win32.ActiveCfg = Release|Win32
		{614F7955-8609-FB66-9A74-3BE8E3F1CF66}.Template|Win32.Build.0 = Release|Win32
		{614F7955-8609-FB66-9A74-3BE8E3F1CF66}.Template|x64.ActiveCfg = Release|Win32
		{DCC54B62-2206-4D78-9799-65BB2CD41B3B}.Debug_noCURL|Win32.ActiveCfg = Debug|Win32
		{DCC54B62-2206-4D78-9799-65BB2CD41B3B}.Debug_noCURL|Win32.Build.0 = Debug|Win32
		{DCC54B62-2206-4D78-9799-65BB2CD41B3B}.Debug_noCURL|x64.ActiveCfg = Debug|Win32
		{DCC54B62-2206-4D78-9799-65BB2CD41B3B}.Debug|Win32.ActiveCfg = Debug|Win32
		{DCC54B62-2206-4D78-9799-65BB2CD41B3B}.Debug|Win32.Build.0 = Debug|Win32
		{DCC54B62-2206-4D78-9799-65BB2CD41B3B}.Debug|x64.ActiveCfg = Debug|Win32
		{DCC54B62-2206-4D78-9799-65BB2CD41B3B}.Release_noCURL|Win32.ActiveCfg = Release|Win32
		{DCC54B62-2206-4D78-9799-65BB2CD41B3B}.Release_noCURL|Win32.Build.0 = Release|Win32
		{DCC54B62-2206-4D78-9799-65BB2CD41B3B}.Release_noCURL|x64.ActiveCfg = Release_v90|Win32
		{DCC54B62-2206-4D78-9799-65BB2CD41B3B}.Release_nossl|Win32.ActiveCfg = Release|Win32
		{DCC54B62-2206-4D78-9799-65BB2CD41B3B}.Release_nossl|Win32.Build.0 = Release|Win32
		{DCC54B62-2206-4D78-9799-65BB2CD41B3B}.Release_nossl|x64.ActiveCfg = Release_v90|Win32
		{DCC54B62-2206-4D78-9799-65BB2CD41B3B}.Release_v90|Win32.ActiveCfg = Release_v90|Win32
		{DCC54B62-2206-4D78-9799-65BB2CD41B3B}.Release_v90|Win32.Build.0 = Release_v90|Win32
		{DCC54B62-2206-4D78-9799-65BB2CD41B3B}.Release_v90|x64.ActiveCfg = Release_v90|Win32
		{DCC54B62-2206-4D78-9799-65BB2CD41B3B}.Release|Win32.ActiveCfg = Release|Win32
		{DCC54B62-2206-4D78-9799-65BB2CD41B3B}.Release|Win32.Build.0 = Release|Win32
		{DCC54B62-2206-4D78-9799-65BB2CD41B3B}.Release|x64.ActiveCfg = Release|Win32
		{DCC54B62-2206-4D78-9799-65BB2CD41B3B}.Release-MT|Win32.ActiveCfg = Release|Win32
		{DCC54B62-2206-4D78-9799-65BB2CD41B3B}.Release-MT|Win32.Build.0 = Release|Win32
		{DCC54B62-2206-4D78-9799-65BB2CD41B3B}.Release-MT|x64.ActiveCfg = Release|Win32
		{DCC54B62-2206-4D78-9799-65BB2CD41B3B}.Release-MT-dbg|Win32.ActiveCfg = Release|Win32
		{DCC54B62-2206-4D78-9799-65BB2CD41B3B}.Release-MT-dbg|Win32.Build.0 = Release|Win32
		{DCC54B62-2206-4D78-9799-65BB2CD41B3B}.Release-MT-dbg|x64.ActiveCfg = Release|Win32
		{DCC54B62-2206-4D78-9799-65BB2CD41B3B}.Template|Win32.ActiveCfg = Release|Win32
		{DCC54B62-2206-4D78-9799-65BB2CD41B3B}.Template|Win32.Build.0 = Release|Win32
		{DCC54B62-2206-4D78-9799-65BB2CD41B3B}.Template|x64.ActiveCfg = Release|Win32
		{03DFD2D4-D036-B870-17D5-8653D2AD352F}.Debug_noCURL|Win32.ActiveCfg = Debug_noCURL|Win32
		{03DFD2D4-D036-B870-17D5-8653D2AD352F}.Debug_noCURL|Win32.Build.0 = Debug_noCURL|Win32
		{03DFD2D4-D036-B870-17D5-8653D2AD352F}.Debug_noCURL|x64.ActiveCfg = Debug_noCURL|Win32
		{03DFD2D4-D036-B870-17D5-8653D2AD352F}.Debug|Win32.ActiveCfg = Debug|Win32
		{03DFD2D4-D036-B870-17D5-8653D2AD352F}.Debug|Win32.Build.0 = Debug|Win32
		{03DFD2D4-D036-B870-17D5-8653D2AD352F}.Debug|x64.ActiveCfg = Debug|Win32
		{03DFD2D4-D036-B870-17D5-8653D2AD352F}.Release_noCURL|Win32.ActiveCfg = Release_noCURL|Win32
		{03DFD2D4-D036-B870-17D5-8653D2AD352F}.Release_noCURL|Win32.Build.0 = Release_noCURL|Win32
		{03DFD2D4-D036-B870-17D5-8653D2AD352F}.Release_noCURL|x64.ActiveCfg = Release_noCURL|Win32
		{03DFD2D4-D036-B870-17D5-8653D2AD352F}.Release_nossl|Win32.ActiveCfg = Release_noCURL|Win32
		{03DFD2D4-D036-B870-17D5-8653D2AD352F}.Release_nossl|Win32.Build.0 = Release_noCURL|Win32
		{03DFD2D4-D036-B870-17D5-8653D2AD352F}.Release_nossl|x64.ActiveCfg = Release_noCURL|Win32
		{03DFD2D4-D036-B870-17D5-8653D2AD352F}.Release_v90|Win32.ActiveCfg = Release_v90|Win32
		{03DFD2D4-D036-B870-17D5-8653D2AD352F}.Release_v90|Win32.Build.0 = Release_v90|Win32
		{03DFD2D4-D036-B870-17D5-8653D2AD352F}.Release_v90|x64.ActiveCfg = Release_v90|Win32
		{03DFD2D4-D036-B870-17D5-8653D2AD352F}.Release|Win32.ActiveCfg = Release|Win32
		{03DFD2D4-D036-B870-17D5-8653D2AD352F}.Release|Win32.Build.0 = Release|Win32
		{03DFD2D4-D036-B870-17D5-8653D2AD352F}.Release|x64.ActiveCfg = Release|Win32
		{03DFD2D4-D036-B870-17D5-8653D2AD352F}.Release-MT|Win32.ActiveCfg = Release|Win32
		{03DFD2D4-D036-B870-17D5-8653D2AD352F}.Release-MT|Win32.Build.0 = Release|Win32
		{03DFD2D4-D036-B870-17D5-8653D2AD352F}.Release-MT|x64.ActiveCfg = Release|Win32
		{03DFD2D4-D036-B870-17D5-8653D2AD352F}.Release-MT-dbg|Win32.ActiveCfg = Release|Win32
		{03DFD2D4-D036-B870-17D5-8653D2AD352F}.Release-MT-dbg|Win32.Build.0 = Release|Win32
		{03DFD2D4-D036-B870-17D5-8653D2AD352F}.Release-MT-dbg|x64.ActiveCfg = Release|Win32
		{03DFD2D4-D036-B870-17D5-8653D2AD352F}.Template|Win32.ActiveCfg = Template|Win32
		{03DFD2D4-D036-B870-17D5-8653D2AD352F}.Template|Win32.Build.0 = Template|Win32
		{03DFD2D4-D036-B870-17D5-8653D2AD352F}.Template|x64.ActiveCfg = Template|Win32
		{BC94AD01-65D0-CACB-25A8-8A51DA153B41}.Debug_noCURL|Win32.ActiveCfg = Debug|Win32
		{BC94AD01-65D0-CACB-25A8-8A51DA153B41}.Debug_noCURL|Win32.Build.0 = Debug|Win32
		{BC94AD01-65D0-CACB-25A8-8A51DA153B41}.Debug_noCURL|x64.ActiveCfg = Debug|Win32
		{BC94AD01-65D0-CACB-25A8-8A51DA153B41}.Debug|Win32.ActiveCfg = Debug|Win32
		{BC94AD01-65D0-CACB-25A8-8A51DA153B41}.Debug|Win32.Build.0 = Debug|Win32
		{BC94AD01-65D0-CACB-25A8-8A51DA153B41}.Debug|x64.ActiveCfg = Debug|Win32
		{BC94AD01-65D0-CACB-25A8-8A51DA153B41}.Release_noCURL|Win32.ActiveCfg = Release|Win32
		{BC94AD01-65D0-CACB-25A8-8A51DA153B41}.Release_noCURL|Win32.Build.0 = Release|Win32
		{BC94AD01-65D0-CACB-25A8-8A51DA153B41}.Release_noCURL|x64.ActiveCfg = Release_v90|Win32
		{BC94AD01-65D0-CACB-25A8-8A51DA153B41}.Release_nossl|Win32.ActiveCfg = Release|Win32
		{BC94AD01-65D0-CACB-25A8-8A51DA153B41}.Release_nossl|Win32.Build.0 = Release|Win32
		{BC94AD01-65D0-CACB-25A8-8A51DA153B41}.Release_nossl|x64.ActiveCfg = Release_v90|Win32
		{BC94AD01-65D0-CACB-25A8-8A51DA153B41}.Release_v90|Win32.ActiveCfg = Release_v90|Win32
		{BC94AD01-65D0-CACB-25A8-8A51DA153B41}.Release_v90|Win32.Build.0 = Release_v90|Win32
		{BC94AD01-65D0-CACB-25A8-8A51DA153B41}.Release_v90|x64.ActiveCfg = Release_v90|Win32
		{BC94AD01-65D0-CACB-25A8-8A51DA153B41}.Release|Win32.ActiveCfg = Release|Win32
		{BC94AD01-65D0-CACB-25A8-8A51DA153B41}.Release|Win32.Build.0 = Release|Win32
		{BC94AD01-65D0-CACB-25A8-8A51DA153B41}.Release|x64.ActiveCfg = Release|Win32
		{BC94AD01-65D0-CACB-25A8-8A51DA153B41}.Release-MT|Win32.ActiveCfg = Release|Win32
		{BC94AD01-65D0-CACB-25A8-8A51DA153B41}.Release-MT|Win32.Build.0 = Release|Win32
		{BC94AD01-65D0-CACB-25A8-8A51DA153B41}.Release-MT|x64.ActiveCfg = Release|Win32
		{BC94AD01-65D0-CACB-25A8-8A51DA153B41}.Release-MT-dbg|Win32.ActiveCfg = Release|Win32
		{BC94AD01-65D0-CACB-25A8-8A51DA153B41}.Release-MT-dbg|Win32.Build.0 = Release|Win32
		{BC94AD01-65D0-CACB-25A8-8A51DA153B41}.Release-MT-dbg|x64.ActiveCfg = Release|Win32
		{BC94AD01-65D0-CACB-25A8-8A51DA153B41}.Template|Win32.ActiveCfg = Release|Win32
		{BC94AD01-65D0-CACB-25A8-8A51DA153B41}.Template|Win32.Build.0 = Release|Win32
		{BC94AD01-65D0-CACB-25A8-8A51DA153B41}.Template|x64.ActiveCfg = Release|Win32
		{8097D2C4-7012-4148-BDAE-D117E5FB5301}.Debug_noCURL|Win32.ActiveCfg = Debug|Win32
		{8097D2C4-7012-4148-BDAE-D117E5FB5301}.Debug_noCURL|Win32.Build.0 = Debug|Win32
		{8097D2C4-7012-4148-BDAE-D117E5FB5301}.Debug_noCURL|x64.ActiveCfg = Debug|Win32
		{8097D2C4-7012-4148-BDAE-D117E5FB5301}.Debug|Win32.ActiveCfg = Debug|Win32
		{8097D2C4-7012-4148-BDAE-D117E5FB5301}.Debug|Win32.Build.0 = Debug|Win32
		{8097D2C4-7012-4148-BDAE-D117E5FB5301}.Debug|x64.ActiveCfg = Debug|Win32
		{8097D2C4-7012-4148-BDAE-D117E5FB5301}.Release_noCURL|Win32.ActiveCfg = Release|Win32
		{8097D2C4-7012-4148-BDAE-D117E5FB5301}.Release_noCURL|Win32.Build.0 = Release|Win32
		{8097D2C4-7012-4148-BDAE-D117E5FB5301}.Release_noCURL|x64.ActiveCfg = Release|Win32
		{8097D2C4-7012-4148-BDAE-D117E5FB5301}.Release_nossl|Win32.ActiveCfg = Release|Win32
		{8097D2C4-7012-4148-BDAE-D117E5FB5301}.Release_nossl|Win32.Build.0 = Release|Win32
		{8097D2C4-7012-4148-BDAE-D117E5FB5301}.Release_nossl|x64.ActiveCfg = Release|Win32
		{8097D2C4-7012-4148-BDAE-D117E5FB5301}.Release_v90|Win32.ActiveCfg = Release|Win32
		{8097D2C4-7012-4148-BDAE-D117E5FB5301}.Release_v90|Win32.Build.0 = Release|Win32
		{8097D2C4-7012-4148-BDAE-D117E5FB5301}.Release_v90|x64.ActiveCfg = Release|Win32
		{8097D2C4-7012-4148-BDAE-D117E5FB5301}.Release|Win32.ActiveCfg = Release|Win32
		{8097D2C4-7012-4148-BDAE-D117E5FB5301}.Release|Win32.Build.0 = Release|Win32
		{8097D2C4-7012-4148-BDAE-D117E5FB5301}.Release|x64.ActiveCfg = Release|Win32
		{8097D2C4-7012-4148-BDAE-D117E5FB5301}.Release-MT|Win32.ActiveCfg = Release|Win32
		{8097D2C4-7012-4148-BDAE-D117E5FB5301}.Release-MT|Win32.Build.0 = Release|Win32
		{8097D2C4-7012-4148-BDAE-D117E5FB5301}.Release-MT|x64.ActiveCfg = Release|Win32
		{8097D2C4-7012-4148-BDAE-D117E5FB5301}.Release-MT-dbg|Win32.ActiveCfg = Release|Win32
		{8097D2C4-7012-4148-BDAE-D117E5FB5301}.Release-MT-dbg|Win32.Build.0 = Release|Win32
		{8097D2C4-7012-4148-BDAE-D117E5FB5301}.Release-MT-dbg|x64.ActiveCfg = Release|Win32
		{8097D2C4-7012-4148-BDAE-D117E5FB5301}.Template|Win32.ActiveCfg = Release|Win32
		{8097D2C4-7012-4148-BDAE-D117E5FB5301}.Template|Win32.Build.0 = Release|Win32
		{8097D2C4-7012-4148-BDAE-D117E5FB5301}.Template|x64.ActiveCfg = Release|Win32
		{85E21817-4641-4B32-A3C2-635470006333}.Debug_noCURL|Win32.ActiveCfg = Debug|x64
		{85E21817-4641-4B32-A3C2-635470006333}.Debug_noCURL|x64.ActiveCfg = Debug|x64
		{85E21817-4641-4B32-A3C2-635470006333}.Debug_noCURL|x64.Build.0 = Debug|x64
		{85E21817-4641-4B32-A3C2-635470006333}.Debug|Win32.ActiveCfg = Debug|Win32
		{85E21817-4641-4B32-A3C2-635470006333}.Debug|Win32.Build.0 = Debug|Win32
		{85E21817-4641-4B32-A3C2-635470006333}.Debug|x64.ActiveCfg = Debug|x64
		{85E21817-4641-4B32-A3C2-635470006333}.Debug|x64.Build.0 = Debug|x64
		{85E21817-4641-4B32-A3C2-635470006333}.Release_noCURL|Win32.ActiveCfg = Release|x64
		{85E21817-4641-4B32-A3C2-635470006333}.Release_noCURL|x64.ActiveCfg = Release|x64
		{85E21817-4641-4B32-A3C2-635470006333}.Release_noCURL|x64.Build.0 = Release|x64
		{85E21817-4641-4B32-A3C2-635470006333}.Release_nossl|Win32.ActiveCfg = Release|x64
		{85E21817-4641-4B32-A3C2-635470006333}.Release_nossl|x64.ActiveCfg = Release|x64
		{85E21817-4641-4B32-A3C2-635470006333}.Release_nossl|x64.Build.0 = Release|x64
		{85E21817-4641-4B32-A3C2-635470006333}.Release_v90|Win32.ActiveCfg = Release|x64
		{85E21817-4641-4B32-A3C2-635470006333}.Release_v90|x64.ActiveCfg = Release|x64
		{85E21817-4641-4B32-A3C2-635470006333}.Release_v90|x64.Build.0 = Release|x64
		{85E21817-4641-4B32-A3C2-635470006333}.Release|Win32.ActiveCfg = Release|Win32
		{85E21817-4641-4B32-A3C2-635470006333}.Release|Win32.Build.0 = Release|Win32
		{85E21817-4641-4B32-A3C2-635470006333}.Release|x64.ActiveCfg = Release|x64
		{85E21817-4641-4B32-A3C2-635470006333}.Release|x64.Build.0 = Release|x64
		{85E21817-4641-4B32-A3C2-635470006333}.Release-MT|Win32.ActiveCfg = Release|x64
		{85E21817-4641-4B32-A3C2-635470006333}.Release-MT|x64.ActiveCfg = Release|x64
		{85E21817-4641-4B32-A3C2-635470006333}.Release-MT|x64.Build.0 = Release|x64
		{85E21817-4641-4B32-A3C2-635470006333}.Release-MT-dbg|Win32.ActiveCfg = Release|x64
		{85E21817-4641-4B32-A3C2-635470006333}.Release-MT-dbg|x64.ActiveCfg = Release|x64
		{85E21817-4641-4B32-A3C2-635470006333}.Release-MT-dbg|x64.Build.0 = Release|x64
		{85E21817-4641-4B32-A3C2-635470006333}.Template|Win32.ActiveCfg = Release|x64
		{85E21817-4641-4B32-A3C2-635470006333}.Template|x64.ActiveCfg = Release|x64
		{85E21817-4641-4B32-A3C2-635470006333}.Template|x64.Build.0 = Release|x64
		{45DF9AE7-97B7-4CD4-BC5B-D2EE743F2ED9}.Debug_noCURL|Win32.ActiveCfg = Debug|Win32
		{45DF9AE7-97B7-4CD4-BC5B-D2EE743F2ED9}.Debug_noCURL|Win32.Build.0 = Debug|Win32
		{45DF9AE7-97B7-4CD4-BC5B-D2EE743F2ED9}.Debug_noCURL|x64.ActiveCfg = Debug|Win32
		{45DF9AE7-97B7-4CD4-BC5B-D2EE743F2ED9}.Debug|Win32.ActiveCfg = Debug|Win32
		{45DF9AE7-97B7-4CD4-BC5B-D2EE743F2ED9}.Debug|Win32.Build.0 = Debug|Win32
		{45DF9AE7-97B7-4CD4-BC5B-D2EE743F2ED9}.Debug|x64.ActiveCfg = Debug|Win32
		{45DF9AE7-97B7-4CD4-BC5B-D2EE743F2ED9}.Release_noCURL|Win32.ActiveCfg = Release|Win32
		{45DF9AE7-97B7-4CD4-BC5B-D2EE743F2ED9}.Release_noCURL|Win32.Build.0 = Release|Win32
		{45DF9AE7-97B7-4CD4-BC5B-D2EE743F2ED9}.Release_noCURL|x64.ActiveCfg = Release|Win32
		{45DF9AE7-97B7-4CD4-BC5B-D2EE743F2ED9}.Release_nossl|Win32.ActiveCfg = Release|Win32
		{45DF9AE7-97B7-4CD4-BC5B-D2EE743F2ED9}.Release_nossl|Win32.Build.0 = Release|Win32
		{45DF9AE7-97B7-4CD4-BC5B-D2EE743F2ED9}.Release_nossl|x64.ActiveCfg = Release|Win32
		{45DF9AE7-97B7-4CD4-BC5B-D2EE743F2ED9}.Release_v90|Win32.ActiveCfg = Release|Win32
		{45DF9AE7-97B7-4CD4-BC5B-D2EE743F2ED9}.Release_v90|Win32.Build.0 = Release|Win32
		{45DF9AE7-97B7-4CD4-BC5B-D2EE743F2ED9}.Release_v90|x64.ActiveCfg = Release|Win32
		{45DF9AE7-97B7-4CD4-BC5B-D2EE743F2ED9}.Release|Win32.ActiveCfg = Release|Win32
		{45DF9AE7-97B7-4CD4-BC5B-D2EE743F2ED9}.Release|Win32.Build.0 = Release|Win32
		{45DF9AE7-97B7-4CD4-BC5B-D2EE743F2ED9}.Release|x64.ActiveCfg = Release|Win32
		{45DF9AE7-97B7-4CD4-BC5B-D2EE743F2ED9}.Release-MT|Win32.ActiveCfg = Release|Win32
		{45DF9AE7-97B7-4CD4-BC5B-D2EE743F2ED9}.Release-MT|Win32.Build.0 = Release|Win32
		{45DF9AE7-97B7-4CD4-BC5B-D2EE743F2ED9}.Release-MT|x64.ActiveCfg = Release|Win32
		{45DF9AE7-97B7-4CD4-BC5B-D2EE743F2ED9}.Release-MT-dbg|Win32.ActiveCfg = Release|Win32
		{45DF9AE7-97B7-4CD4-BC5B-D2EE743F2ED9}.Release-MT-dbg|Win32.Build.0 = Release|Win32
		{45DF9AE7-97B7-4CD4-BC5B-D2EE743F2ED9}.Release-MT-dbg|x64.ActiveCfg = Release|Win32
		{45DF9AE7-97B7-4CD4-BC5B-D2EE743F2ED9}.Template|Win32.ActiveCfg = Release|Win32
		{45DF9AE7-97B7-4CD4-BC5B-D2EE743F2ED9}.Template|Win32.Build.0 = Release|Win32
		{45DF9AE7-97B7-4CD4-BC5B-D2EE743F2ED9}.Template|x64.ActiveCfg = Release|Win32
	EndGlobalSection
	GlobalSection(SolutionProperties) = preSolution
		HideSolutionNode = FALSE
	EndGlobalSection
EndGlobal
