<?xml version="1.0" encoding="utf-8"?>
<Project ToolsVersion="4.0" xmlns="http://schemas.microsoft.com/developer/msbuild/2003">
  <ItemGroup>
    <Filter Include="Source Files">
      <UniqueIdentifier>{27eb767a-589d-41be-90d9-0d9a7d012126}</UniqueIdentifier>
      <Extensions>cpp;c;cxx;rc;def;r;odl;idl;hpj;bat</Extensions>
    </Filter>
    <Filter Include="Header Files">
      <UniqueIdentifier>{e6dad243-212c-46ab-93b7-4c871ecb845b}</UniqueIdentifier>
      <Extensions>h;hpp;hxx;hm;inl</Extensions>
    </Filter>
    <Filter Include="Resource Files">
      <UniqueIdentifier>{6728e3f9-05a2-4829-b6cc-beb4077186bb}</UniqueIdentifier>
      <Extensions>ico;cur;bmp;dlg;rc2;rct;bin;rgs;gif;jpg;jpeg;jpe</Extensions>
    </Filter>
  </ItemGroup>
  <ItemGroup>
    <ClCompile Include="CoreDll.cpp">
      <Filter>Source Files</Filter>
    </ClCompile>
    <ClCompile Include="Dlg_AskCaptcha.cpp">
      <Filter>Source Files</Filter>
    </ClCompile>
    <ClCompile Include="DlgCreateUpload.cpp">
      <Filter>Source Files</Filter>
    </ClCompile>
    <ClCompile Include="DlgUploadDone.cpp">
      <Filter>Source Files</Filter>
    </ClCompile>
    <ClCompile Include="DlgUploading.cpp">
      <Filter>Source Files</Filter>
    </ClCompile>
    <ClCompile Include="dll.cpp">
      <Filter>Source Files</Filter>
    </ClCompile>
    <ClCompile Include="fsDialogsMgr.cpp">
      <Filter>Source Files</Filter>
    </ClCompile>
    <ClCompile Include="fsEventsMgr.cpp">
      <Filter>Source Files</Filter>
    </ClCompile>
    <ClCompile Include="fsInternetUploader.cpp">
      <Filter>Source Files</Filter>
    </ClCompile>
    <ClCompile Include="fsMutex.cpp">
      <Filter>Source Files</Filter>
    </ClCompile>
    <ClCompile Include="fsODMenu.cpp">
      <Filter>Source Files</Filter>
    </ClCompile>
    <ClCompile Include="fsSpeedMeter.cpp">
      <Filter>Source Files</Filter>
    </ClCompile>
    <ClCompile Include="fsTicksMgr.cpp">
      <Filter>Source Files</Filter>
    </ClCompile>
    <ClCompile Include="fsUploadMgr.cpp">
      <Filter>Source Files</Filter>
    </ClCompile>
    <ClCompile Include="fsUploadsMgr.cpp">
      <Filter>Source Files</Filter>
    </ClCompile>
    <ClCompile Include="grutil.cpp">
      <Filter>Source Files</Filter>
    </ClCompile>
    <ClCompile Include="ioapi.c">
      <Filter>Source Files</Filter>
    </ClCompile>
    <ClCompile Include="ListCtrlEx.cpp">
      <Filter>Source Files</Filter>
    </ClCompile>
    <ClCompile Include="misc.cpp">
      <Filter>Source Files</Filter>
    </ClCompile>
    <ClCompile Include="StdAfx.cpp">
      <Filter>Source Files</Filter>
    </ClCompile>
    <ClCompile Include="Upload_GeneralPage.cpp">
      <Filter>Source Files</Filter>
    </ClCompile>
    <ClCompile Include="UploaderProps_Integration.cpp">
      <Filter>Source Files</Filter>
    </ClCompile>
    <ClCompile Include="UploaderPropsSheet.cpp">
      <Filter>Source Files</Filter>
    </ClCompile>
    <ClCompile Include="UploadProperties.cpp">
      <Filter>Source Files</Filter>
    </ClCompile>
    <ClCompile Include="UploadPropertiesSheet.cpp">
      <Filter>Source Files</Filter>
    </ClCompile>
    <ClCompile Include="Uploads_Log.cpp">
      <Filter>Source Files</Filter>
    </ClCompile>
    <ClCompile Include="Uploads_Tasks.cpp">
      <Filter>Source Files</Filter>
    </ClCompile>
    <ClCompile Include="UploadsWnd.cpp">
      <Filter>Source Files</Filter>
    </ClCompile>
    <ClCompile Include="UrlWnd.cpp">
      <Filter>Source Files</Filter>
    </ClCompile>
    <ClCompile Include="vmsAnimatedGIF.cpp">
      <Filter>Source Files</Filter>
    </ClCompile>
    <ClCompile Include="vmsAppSettings.cpp">
      <Filter>Source Files</Filter>
    </ClCompile>
    <ClCompile Include="vmsCRC32.cpp">
      <Filter>Source Files</Filter>
    </ClCompile>
    <ClCompile Include="vmsImage.cpp">
      <Filter>Source Files</Filter>
    </ClCompile>
    <ClCompile Include="vmsImage_CtxFree.cpp">
      <Filter>Source Files</Filter>
    </ClCompile>
    <ClCompile Include="vmsInternetSession.cpp">
      <Filter>Source Files</Filter>
    </ClCompile>
    <ClCompile Include="vmsMfcLngHelper.cpp">
      <Filter>Source Files</Filter>
    </ClCompile>
    <ClCompile Include="vmsObject.cpp">
      <Filter>Source Files</Filter>
    </ClCompile>
    <ClCompile Include="vmsSharedData.cpp">
      <Filter>Source Files</Filter>
    </ClCompile>
    <ClCompile Include="vmsUploadPackageImpl.cpp">
      <Filter>Source Files</Filter>
    </ClCompile>
    <ClCompile Include="WndLog.cpp">
      <Filter>Source Files</Filter>
    </ClCompile>
    <ClCompile Include="WndSplitter.cpp">
      <Filter>Source Files</Filter>
    </ClCompile>
    <ClCompile Include="zip.c">
      <Filter>Source Files</Filter>
    </ClCompile>
  </ItemGroup>
  <ItemGroup>
    <ResourceCompile Include="CoreDll.rc">
      <Filter>Source Files</Filter>
    </ResourceCompile>
  </ItemGroup>
  <ItemGroup>
    <ClInclude Include="CoreDll.h">
      <Filter>Header Files</Filter>
    </ClInclude>
    <ClInclude Include="Dlg_AskCaptcha.h">
      <Filter>Header Files</Filter>
    </ClInclude>
    <ClInclude Include="DlgCreateUpload.h">
      <Filter>Header Files</Filter>
    </ClInclude>
    <ClInclude Include="DlgUploadDone.h">
      <Filter>Header Files</Filter>
    </ClInclude>
    <ClInclude Include="DlgUploading.h">
      <Filter>Header Files</Filter>
    </ClInclude>
    <ClInclude Include="dll.h">
      <Filter>Header Files</Filter>
    </ClInclude>
    <ClInclude Include="fsDialogsMgr.h">
      <Filter>Header Files</Filter>
    </ClInclude>
    <ClInclude Include="fsEventsMgr.h">
      <Filter>Header Files</Filter>
    </ClInclude>
    <ClInclude Include="fsInternetUploader.h">
      <Filter>Header Files</Filter>
    </ClInclude>
    <ClInclude Include="fsMutex.h">
      <Filter>Header Files</Filter>
    </ClInclude>
    <ClInclude Include="fsODMenu.h">
      <Filter>Header Files</Filter>
    </ClInclude>
    <ClInclude Include="fsSpeedMeter.h">
      <Filter>Header Files</Filter>
    </ClInclude>
    <ClInclude Include="fsTicksMgr.h">
      <Filter>Header Files</Filter>
    </ClInclude>
    <ClInclude Include="fsUpload.h">
      <Filter>Header Files</Filter>
    </ClInclude>
    <ClInclude Include="fsUploadMgr.h">
      <Filter>Header Files</Filter>
    </ClInclude>
    <ClInclude Include="fsUploadsMgr.h">
      <Filter>Header Files</Filter>
    </ClInclude>
    <ClInclude Include="list.h">
      <Filter>Header Files</Filter>
    </ClInclude>
    <ClInclude Include="ListCtrlEx.h">
      <Filter>Header Files</Filter>
    </ClInclude>
    <ClInclude Include="misc.h">
      <Filter>Header Files</Filter>
    </ClInclude>
    <ClInclude Include="plugincmds.h">
      <Filter>Header Files</Filter>
    </ClInclude>
    <ClInclude Include="plugins.h">
      <Filter>Header Files</Filter>
    </ClInclude>
    <ClInclude Include="Resource.h">
      <Filter>Header Files</Filter>
    </ClInclude>
    <ClInclude Include="StdAfx.h">
      <Filter>Header Files</Filter>
    </ClInclude>
    <ClInclude Include="Upload_GeneralPage.h">
      <Filter>Header Files</Filter>
    </ClInclude>
    <ClInclude Include="UploaderProps_Integration.h">
      <Filter>Header Files</Filter>
    </ClInclude>
    <ClInclude Include="UploaderPropsSheet.h">
      <Filter>Header Files</Filter>
    </ClInclude>
    <ClInclude Include="UploadProperties.h">
      <Filter>Header Files</Filter>
    </ClInclude>
    <ClInclude Include="UploadPropertiesSheet.h">
      <Filter>Header Files</Filter>
    </ClInclude>
    <ClInclude Include="Uploads_Log.h">
      <Filter>Header Files</Filter>
    </ClInclude>
    <ClInclude Include="Uploads_Tasks.h">
      <Filter>Header Files</Filter>
    </ClInclude>
    <ClInclude Include="UploadsWnd.h">
      <Filter>Header Files</Filter>
    </ClInclude>
    <ClInclude Include="vmsAppSettings.h">
      <Filter>Header Files</Filter>
    </ClInclude>
    <ClInclude Include="vmsDllCaller.h">
      <Filter>Header Files</Filter>
    </ClInclude>
    <ClInclude Include="vmsMfcLngHelper.h">
      <Filter>Header Files</Filter>
    </ClInclude>
    <ClInclude Include="vmsObject.h">
      <Filter>Header Files</Filter>
    </ClInclude>
    <ClInclude Include="vmsObjectSmartPtr.h">
      <Filter>Header Files</Filter>
    </ClInclude>
    <ClInclude Include="vmsSharedData.h">
      <Filter>Header Files</Filter>
    </ClInclude>
    <ClInclude Include="vmsUploadPackageImpl.h">
      <Filter>Header Files</Filter>
    </ClInclude>
    <ClInclude Include="vmsUploadsWnd.h">
      <Filter>Header Files</Filter>
    </ClInclude>
    <ClInclude Include="WndLog.h">
      <Filter>Header Files</Filter>
    </ClInclude>
    <ClInclude Include="WndSplitter.h">
      <Filter>Header Files</Filter>
    </ClInclude>
  </ItemGroup>
  <ItemGroup>
    <CustomBuild Include="CoreDll.def">
      <Filter>Source Files</Filter>
    </CustomBuild>
    <CustomBuild Include="res\CoreDll.rc2">
      <Filter>Resource Files</Filter>
    </CustomBuild>
    <CustomBuild Include="files.bmp">
      <Filter>Resource Files</Filter>
    </CustomBuild>
    <CustomBuild Include="res\files.bmp">
      <Filter>Resource Files</Filter>
    </CustomBuild>
    <CustomBuild Include="res\hand.cur">
      <Filter>Resource Files</Filter>
    </CustomBuild>
    <CustomBuild Include="res\main.ico">
      <Filter>Resource Files</Filter>
    </CustomBuild>
    <CustomBuild Include="ReadMe.txt" />
  </ItemGroup>
</Project>